{
  "version": 4,
  "terraform_version": "1.10.5",
  "serial": 1189,
  "lineage": "332c4ece-4995-490c-0765-b185bf002298",
  "outputs": {},
  "resources": [
    {
      "module": "module.catalyst_center",
      "mode": "data",
      "type": "catalystcenter_area",
      "name": "global",
      "provider": "provider[\"registry.terraform.io/ciscodevnet/catalystcenter\"]",
      "instances": [
        {
          "schema_version": 0,
          "attributes": {
            "id": "3abb944d-550f-4802-b62d-462ae5108cf7",
            "name": "Global",
            "parent_name": null
          },
          "sensitive_attributes": []
        }
      ]
    },
    {
      "module": "module.catalyst_center",
      "mode": "data",
      "type": "catalystcenter_credentials_cli",
      "name": "cli_credentials",
      "provider": "provider[\"registry.terraform.io/ciscodevnet/catalystcenter\"]",
      "instances": []
    },
    {
      "module": "module.catalyst_center",
      "mode": "data",
      "type": "catalystcenter_network_devices",
      "name": "all_devices",
      "provider": "provider[\"registry.terraform.io/ciscodevnet/catalystcenter\"]",
      "instances": [
        {
          "schema_version": 0,
          "attributes": {
            "devices": [
              {
                "hostname": "KRK-DNA-P4-BORD11",
                "id": "a144a086-750c-4af1-ac57-feab33a69851",
                "management_ip_address": "192.168.40.3",
                "management_state": "Managed",
                "platform_id": "C9300-24P",
                "role": "BORDER ROUTER",
                "software_type": "IOS-XE"
              },
              {
                "hostname": "KRK-DNA-P4-BORD12",
                "id": "541c0acc-d5d2-45b8-94b8-e03e824a799c",
                "management_ip_address": "192.168.40.2",
                "management_state": "Managed",
                "platform_id": "ISR4321/K9",
                "role": "BORDER ROUTER",
                "software_type": "IOS-XE"
              },
              {
                "hostname": "KRK-DNA-P4-BORD21",
                "id": "18b88e78-bef6-486f-b901-e4082e09a69a",
                "management_ip_address": "192.168.40.4",
                "management_state": "Managed",
                "platform_id": "C9300-24P",
                "role": "BORDER ROUTER",
                "software_type": "IOS-XE"
              },
              {
                "hostname": "KRK-DNA-P4-BORD22",
                "id": "d77c287d-8349-4958-8f1d-eb74cf0a874d",
                "management_ip_address": "192.168.40.8",
                "management_state": "Managed",
                "platform_id": "ASR1001-X",
                "role": "BORDER ROUTER",
                "software_type": "IOS-XE"
              },
              {
                "hostname": "KRK-DNA-P4-EDGE11",
                "id": "f954b367-bcde-4995-9640-4bcfc863f5d1",
                "management_ip_address": "192.168.40.5",
                "management_state": "Managed",
                "platform_id": "C9300-24P",
                "role": "ACCESS",
                "software_type": "IOS-XE"
              },
              {
                "hostname": "KRK-DNA-P4-EDGE12",
                "id": "52fc8677-3c05-430c-8fe3-55f82491946b",
                "management_ip_address": "192.168.40.6",
                "management_state": "Managed",
                "platform_id": "C9300-24P",
                "role": "ACCESS",
                "software_type": "IOS-XE"
              },
              {
                "hostname": "KRK-DNA-P4-EDGE21",
                "id": "b2edb1e6-678d-493d-9522-1facfeae75bd",
                "management_ip_address": "192.168.40.7",
                "management_state": "Managed",
                "platform_id": "C9300-24P",
                "role": "ACCESS",
                "software_type": "IOS-XE"
              },
              {
                "hostname": "KRK-DNA-P4-FUSION.cisco.com",
                "id": "f1b053cf-5916-4391-b55b-72f745bed6ab",
                "management_ip_address": "192.168.40.1",
                "management_state": "Managed",
                "platform_id": "ISR4321/K9",
                "role": "BORDER ROUTER",
                "software_type": "IOS-XE"
              }
            ]
          },
          "sensitive_attributes": []
        }
      ]
    },
    {
      "module": "module.catalyst_center",
      "mode": "data",
      "type": "catalystcenter_pnp_device",
      "name": "pnp_device",
      "provider": "provider[\"registry.terraform.io/ciscodevnet/catalystcenter\"]",
      "instances": []
    },
    {
      "module": "module.catalyst_center",
      "mode": "data",
      "type": "catalystcenter_project",
      "name": "onboarding",
      "provider": "provider[\"registry.terraform.io/ciscodevnet/catalystcenter\"]",
      "instances": [
        {
          "schema_version": 0,
          "attributes": {
            "description": "Onboarding Configuration",
            "id": "9a71c384-650e-40e3-b213-40775a09ba82",
            "name": "Onboarding Configuration"
          },
          "sensitive_attributes": []
        }
      ]
    },
    {
      "module": "module.catalyst_center",
      "mode": "managed",
      "type": "catalystcenter_aaa_settings",
      "name": "aaa_servers",
      "provider": "provider[\"registry.terraform.io/ciscodevnet/catalystcenter\"]",
      "instances": [
        {
          "index_key": "Global/Poland/Krakow",
          "schema_version": 0,
          "attributes": {
            "client_aaa_pan": "172.17.3.159",
            "client_aaa_primary_server_ip": "172.17.3.159",
            "client_aaa_protocol": "RADIUS",
            "client_aaa_secondary_server_ip": null,
            "client_aaa_server_type": "ISE",
            "client_aaa_shared_secret": "C1sco12345",
            "id": "5749c2de-4663-4cdc-9181-762a4148b12a",
            "network_aaa_pan": "172.17.3.159",
            "network_aaa_primary_server_ip": "172.17.3.159",
            "network_aaa_protocol": "RADIUS",
            "network_aaa_secondary_server_ip": null,
            "network_aaa_server_type": "ISE",
            "network_aaa_shared_secret": "C1sco12345",
            "site_id": "5749c2de-4663-4cdc-9181-762a4148b12a"
          },
          "sensitive_attributes": [],
          "dependencies": [
            "module.catalyst_center.catalystcenter_area.area_0",
            "module.catalyst_center.catalystcenter_area.area_1",
            "module.catalyst_center.catalystcenter_area.area_2",
            "module.catalyst_center.catalystcenter_building.building",
            "module.catalyst_center.catalystcenter_credentials_cli.cli_credentials",
            "module.catalyst_center.catalystcenter_credentials_https_read.https_read_credentials",
            "module.catalyst_center.catalystcenter_credentials_https_write.https_write_credentials",
            "module.catalyst_center.catalystcenter_credentials_snmpv2_read.snmpv2_read_credentials",
            "module.catalyst_center.catalystcenter_credentials_snmpv2_write.snmpv2_write_credentials",
            "module.catalyst_center.catalystcenter_credentials_snmpv3.snmpv3_credentials",
            "module.catalyst_center.catalystcenter_discovery.discovery",
            "module.catalyst_center.catalystcenter_floor.floor",
            "module.catalyst_center.data.catalystcenter_area.global",
            "module.catalyst_center.data.catalystcenter_credentials_cli.cli_credentials"
          ]
        },
        {
          "index_key": "Global/Poland/Warsaw",
          "schema_version": 0,
          "attributes": {
            "client_aaa_pan": "172.17.3.159",
            "client_aaa_primary_server_ip": "172.17.3.159",
            "client_aaa_protocol": "RADIUS",
            "client_aaa_secondary_server_ip": null,
            "client_aaa_server_type": "ISE",
            "client_aaa_shared_secret": "C1sco12345",
            "id": "97e29c3f-390e-4a48-a74f-b38ae2d5801b",
            "network_aaa_pan": "172.17.3.159",
            "network_aaa_primary_server_ip": "172.17.3.159",
            "network_aaa_protocol": "RADIUS",
            "network_aaa_secondary_server_ip": null,
            "network_aaa_server_type": "ISE",
            "network_aaa_shared_secret": "C1sco12345",
            "site_id": "97e29c3f-390e-4a48-a74f-b38ae2d5801b"
          },
          "sensitive_attributes": [],
          "dependencies": [
            "module.catalyst_center.catalystcenter_area.area_0",
            "module.catalyst_center.catalystcenter_area.area_1",
            "module.catalyst_center.catalystcenter_area.area_2",
            "module.catalyst_center.catalystcenter_building.building",
            "module.catalyst_center.catalystcenter_credentials_cli.cli_credentials",
            "module.catalyst_center.catalystcenter_credentials_https_read.https_read_credentials",
            "module.catalyst_center.catalystcenter_credentials_https_write.https_write_credentials",
            "module.catalyst_center.catalystcenter_credentials_snmpv2_read.snmpv2_read_credentials",
            "module.catalyst_center.catalystcenter_credentials_snmpv2_write.snmpv2_write_credentials",
            "module.catalyst_center.catalystcenter_credentials_snmpv3.snmpv3_credentials",
            "module.catalyst_center.catalystcenter_discovery.discovery",
            "module.catalyst_center.catalystcenter_floor.floor",
            "module.catalyst_center.data.catalystcenter_area.global",
            "module.catalyst_center.data.catalystcenter_credentials_cli.cli_credentials"
          ]
        }
      ]
    },
    {
      "module": "module.catalyst_center",
      "mode": "managed",
      "type": "catalystcenter_anycast_gateway",
      "name": "anycast_gateway",
      "provider": "provider[\"registry.terraform.io/ciscodevnet/catalystcenter\"]",
      "instances": [
        {
          "index_key": "BYOD-IPPool",
          "schema_version": 0,
          "attributes": {
            "auto_generate_vlan_name": true,
            "critical_pool": false,
            "fabric_id": "31f64b11-f1ab-48b5-a56e-6ffdfbeb2f4e",
            "group_based_policy_enforcement_enabled": null,
            "id": "14fc63b3-d932-46b4-8474-e9157228082c",
            "intra_subnet_routing_enabled": false,
            "ip_directed_broadcast": false,
            "ip_pool_name": "BYOD-IPPool",
            "l2_flooding_enabled": false,
            "multiple_ip_to_mac_addresses": false,
            "pool_type": null,
            "security_group_name": null,
            "supplicant_based_extended_node_onboarding": null,
            "tcp_mss_adjustment": null,
            "traffic_type": "DATA",
            "virtual_network_name": "BYOD",
            "vlan_id": 1022,
            "vlan_name": null,
            "wireless_pool": false
          },
          "sensitive_attributes": [],
          "dependencies": [
            "module.catalyst_center.catalystcenter_area.area_0",
            "module.catalyst_center.catalystcenter_area.area_1",
            "module.catalyst_center.catalystcenter_area.area_2",
            "module.catalyst_center.catalystcenter_building.building",
            "module.catalyst_center.catalystcenter_credentials_cli.cli_credentials",
            "module.catalyst_center.catalystcenter_credentials_https_read.https_read_credentials",
            "module.catalyst_center.catalystcenter_credentials_https_write.https_write_credentials",
            "module.catalyst_center.catalystcenter_credentials_snmpv2_read.snmpv2_read_credentials",
            "module.catalyst_center.catalystcenter_credentials_snmpv2_write.snmpv2_write_credentials",
            "module.catalyst_center.catalystcenter_credentials_snmpv3.snmpv3_credentials",
            "module.catalyst_center.catalystcenter_discovery.discovery",
            "module.catalyst_center.catalystcenter_fabric_l3_virtual_network.l3_vn",
            "module.catalyst_center.catalystcenter_fabric_site.fabric_site",
            "module.catalyst_center.catalystcenter_floor.floor",
            "module.catalyst_center.catalystcenter_ip_pool.ip_pool_v4",
            "module.catalyst_center.catalystcenter_ip_pool.ip_pool_v6",
            "module.catalyst_center.catalystcenter_ip_pool_reservation.pool_reservation",
            "module.catalyst_center.catalystcenter_telemetry_settings.telemetry_settings",
            "module.catalyst_center.data.catalystcenter_area.global",
            "module.catalyst_center.data.catalystcenter_credentials_cli.cli_credentials"
          ]
        },
        {
          "index_key": "BYOD-WAW-IPPool",
          "schema_version": 0,
          "attributes": {
            "auto_generate_vlan_name": true,
            "critical_pool": false,
            "fabric_id": "417df4f1-1124-42fa-884c-650c65a1abc8",
            "group_based_policy_enforcement_enabled": null,
            "id": "85a871d4-53d0-49d6-8d79-c713a8b604bf",
            "intra_subnet_routing_enabled": false,
            "ip_directed_broadcast": false,
            "ip_pool_name": "BYOD-WAW-IPPool",
            "l2_flooding_enabled": false,
            "multiple_ip_to_mac_addresses": false,
            "pool_type": null,
            "security_group_name": null,
            "supplicant_based_extended_node_onboarding": null,
            "tcp_mss_adjustment": null,
            "traffic_type": "DATA",
            "virtual_network_name": "BYOD",
            "vlan_id": 1021,
            "vlan_name": null,
            "wireless_pool": false
          },
          "sensitive_attributes": [],
          "dependencies": [
            "module.catalyst_center.catalystcenter_area.area_0",
            "module.catalyst_center.catalystcenter_area.area_1",
            "module.catalyst_center.catalystcenter_area.area_2",
            "module.catalyst_center.catalystcenter_building.building",
            "module.catalyst_center.catalystcenter_credentials_cli.cli_credentials",
            "module.catalyst_center.catalystcenter_credentials_https_read.https_read_credentials",
            "module.catalyst_center.catalystcenter_credentials_https_write.https_write_credentials",
            "module.catalyst_center.catalystcenter_credentials_snmpv2_read.snmpv2_read_credentials",
            "module.catalyst_center.catalystcenter_credentials_snmpv2_write.snmpv2_write_credentials",
            "module.catalyst_center.catalystcenter_credentials_snmpv3.snmpv3_credentials",
            "module.catalyst_center.catalystcenter_discovery.discovery",
            "module.catalyst_center.catalystcenter_fabric_l3_virtual_network.l3_vn",
            "module.catalyst_center.catalystcenter_fabric_site.fabric_site",
            "module.catalyst_center.catalystcenter_floor.floor",
            "module.catalyst_center.catalystcenter_ip_pool.ip_pool_v4",
            "module.catalyst_center.catalystcenter_ip_pool.ip_pool_v6",
            "module.catalyst_center.catalystcenter_ip_pool_reservation.pool_reservation",
            "module.catalyst_center.catalystcenter_telemetry_settings.telemetry_settings",
            "module.catalyst_center.data.catalystcenter_area.global",
            "module.catalyst_center.data.catalystcenter_credentials_cli.cli_credentials"
          ]
        },
        {
          "index_key": "CampusVN-IPPool",
          "schema_version": 0,
          "attributes": {
            "auto_generate_vlan_name": true,
            "critical_pool": false,
            "fabric_id": "31f64b11-f1ab-48b5-a56e-6ffdfbeb2f4e",
            "group_based_policy_enforcement_enabled": null,
            "id": "252f90b2-5e1c-4d9b-8b51-d8405b0689e1",
            "intra_subnet_routing_enabled": false,
            "ip_directed_broadcast": false,
            "ip_pool_name": "CampusVN-IPPool",
            "l2_flooding_enabled": false,
            "multiple_ip_to_mac_addresses": false,
            "pool_type": null,
            "security_group_name": null,
            "supplicant_based_extended_node_onboarding": null,
            "tcp_mss_adjustment": null,
            "traffic_type": "DATA",
            "virtual_network_name": "Campus",
            "vlan_id": 1021,
            "vlan_name": null,
            "wireless_pool": false
          },
          "sensitive_attributes": [],
          "dependencies": [
            "module.catalyst_center.catalystcenter_area.area_0",
            "module.catalyst_center.catalystcenter_area.area_1",
            "module.catalyst_center.catalystcenter_area.area_2",
            "module.catalyst_center.catalystcenter_building.building",
            "module.catalyst_center.catalystcenter_credentials_cli.cli_credentials",
            "module.catalyst_center.catalystcenter_credentials_https_read.https_read_credentials",
            "module.catalyst_center.catalystcenter_credentials_https_write.https_write_credentials",
            "module.catalyst_center.catalystcenter_credentials_snmpv2_read.snmpv2_read_credentials",
            "module.catalyst_center.catalystcenter_credentials_snmpv2_write.snmpv2_write_credentials",
            "module.catalyst_center.catalystcenter_credentials_snmpv3.snmpv3_credentials",
            "module.catalyst_center.catalystcenter_discovery.discovery",
            "module.catalyst_center.catalystcenter_fabric_l3_virtual_network.l3_vn",
            "module.catalyst_center.catalystcenter_fabric_site.fabric_site",
            "module.catalyst_center.catalystcenter_floor.floor",
            "module.catalyst_center.catalystcenter_ip_pool.ip_pool_v4",
            "module.catalyst_center.catalystcenter_ip_pool.ip_pool_v6",
            "module.catalyst_center.catalystcenter_ip_pool_reservation.pool_reservation",
            "module.catalyst_center.catalystcenter_telemetry_settings.telemetry_settings",
            "module.catalyst_center.data.catalystcenter_area.global",
            "module.catalyst_center.data.catalystcenter_credentials_cli.cli_credentials"
          ]
        },
        {
          "index_key": "CampusVN-WAW-IPPool",
          "schema_version": 0,
          "attributes": {
            "auto_generate_vlan_name": true,
            "critical_pool": false,
            "fabric_id": "417df4f1-1124-42fa-884c-650c65a1abc8",
            "group_based_policy_enforcement_enabled": null,
            "id": "c91e9b75-32d0-4557-a75d-28244cbc1d9a",
            "intra_subnet_routing_enabled": false,
            "ip_directed_broadcast": false,
            "ip_pool_name": "CampusVN-WAW-IPPool",
            "l2_flooding_enabled": false,
            "multiple_ip_to_mac_addresses": false,
            "pool_type": null,
            "security_group_name": null,
            "supplicant_based_extended_node_onboarding": null,
            "tcp_mss_adjustment": null,
            "traffic_type": "DATA",
            "virtual_network_name": "Campus",
            "vlan_id": 1023,
            "vlan_name": null,
            "wireless_pool": false
          },
          "sensitive_attributes": [],
          "dependencies": [
            "module.catalyst_center.catalystcenter_area.area_0",
            "module.catalyst_center.catalystcenter_area.area_1",
            "module.catalyst_center.catalystcenter_area.area_2",
            "module.catalyst_center.catalystcenter_building.building",
            "module.catalyst_center.catalystcenter_credentials_cli.cli_credentials",
            "module.catalyst_center.catalystcenter_credentials_https_read.https_read_credentials",
            "module.catalyst_center.catalystcenter_credentials_https_write.https_write_credentials",
            "module.catalyst_center.catalystcenter_credentials_snmpv2_read.snmpv2_read_credentials",
            "module.catalyst_center.catalystcenter_credentials_snmpv2_write.snmpv2_write_credentials",
            "module.catalyst_center.catalystcenter_credentials_snmpv3.snmpv3_credentials",
            "module.catalyst_center.catalystcenter_discovery.discovery",
            "module.catalyst_center.catalystcenter_fabric_l3_virtual_network.l3_vn",
            "module.catalyst_center.catalystcenter_fabric_site.fabric_site",
            "module.catalyst_center.catalystcenter_floor.floor",
            "module.catalyst_center.catalystcenter_ip_pool.ip_pool_v4",
            "module.catalyst_center.catalystcenter_ip_pool.ip_pool_v6",
            "module.catalyst_center.catalystcenter_ip_pool_reservation.pool_reservation",
            "module.catalyst_center.catalystcenter_telemetry_settings.telemetry_settings",
            "module.catalyst_center.data.catalystcenter_area.global",
            "module.catalyst_center.data.catalystcenter_credentials_cli.cli_credentials"
          ]
        },
        {
          "index_key": "GuestVN-IPPool",
          "schema_version": 0,
          "attributes": {
            "auto_generate_vlan_name": true,
            "critical_pool": false,
            "fabric_id": "31f64b11-f1ab-48b5-a56e-6ffdfbeb2f4e",
            "group_based_policy_enforcement_enabled": null,
            "id": "0076c742-f972-4184-bd73-e8913087cff2",
            "intra_subnet_routing_enabled": false,
            "ip_directed_broadcast": false,
            "ip_pool_name": "GuestVN-IPPool",
            "l2_flooding_enabled": false,
            "multiple_ip_to_mac_addresses": false,
            "pool_type": null,
            "security_group_name": null,
            "supplicant_based_extended_node_onboarding": null,
            "tcp_mss_adjustment": null,
            "traffic_type": "DATA",
            "virtual_network_name": "Guest",
            "vlan_id": 1024,
            "vlan_name": null,
            "wireless_pool": false
          },
          "sensitive_attributes": [],
          "dependencies": [
            "module.catalyst_center.catalystcenter_area.area_0",
            "module.catalyst_center.catalystcenter_area.area_1",
            "module.catalyst_center.catalystcenter_area.area_2",
            "module.catalyst_center.catalystcenter_building.building",
            "module.catalyst_center.catalystcenter_credentials_cli.cli_credentials",
            "module.catalyst_center.catalystcenter_credentials_https_read.https_read_credentials",
            "module.catalyst_center.catalystcenter_credentials_https_write.https_write_credentials",
            "module.catalyst_center.catalystcenter_credentials_snmpv2_read.snmpv2_read_credentials",
            "module.catalyst_center.catalystcenter_credentials_snmpv2_write.snmpv2_write_credentials",
            "module.catalyst_center.catalystcenter_credentials_snmpv3.snmpv3_credentials",
            "module.catalyst_center.catalystcenter_discovery.discovery",
            "module.catalyst_center.catalystcenter_fabric_l3_virtual_network.l3_vn",
            "module.catalyst_center.catalystcenter_fabric_site.fabric_site",
            "module.catalyst_center.catalystcenter_floor.floor",
            "module.catalyst_center.catalystcenter_ip_pool.ip_pool_v4",
            "module.catalyst_center.catalystcenter_ip_pool.ip_pool_v6",
            "module.catalyst_center.catalystcenter_ip_pool_reservation.pool_reservation",
            "module.catalyst_center.catalystcenter_telemetry_settings.telemetry_settings",
            "module.catalyst_center.data.catalystcenter_area.global",
            "module.catalyst_center.data.catalystcenter_credentials_cli.cli_credentials"
          ]
        },
        {
          "index_key": "GuestVN-WAW-IPPool",
          "schema_version": 0,
          "attributes": {
            "auto_generate_vlan_name": true,
            "critical_pool": false,
            "fabric_id": "417df4f1-1124-42fa-884c-650c65a1abc8",
            "group_based_policy_enforcement_enabled": null,
            "id": "037c3632-659f-4f4e-b962-68546525c468",
            "intra_subnet_routing_enabled": false,
            "ip_directed_broadcast": false,
            "ip_pool_name": "GuestVN-WAW-IPPool",
            "l2_flooding_enabled": false,
            "multiple_ip_to_mac_addresses": false,
            "pool_type": null,
            "security_group_name": null,
            "supplicant_based_extended_node_onboarding": null,
            "tcp_mss_adjustment": null,
            "traffic_type": "DATA",
            "virtual_network_name": "Guest",
            "vlan_id": 1022,
            "vlan_name": null,
            "wireless_pool": false
          },
          "sensitive_attributes": [],
          "dependencies": [
            "module.catalyst_center.catalystcenter_area.area_0",
            "module.catalyst_center.catalystcenter_area.area_1",
            "module.catalyst_center.catalystcenter_area.area_2",
            "module.catalyst_center.catalystcenter_building.building",
            "module.catalyst_center.catalystcenter_credentials_cli.cli_credentials",
            "module.catalyst_center.catalystcenter_credentials_https_read.https_read_credentials",
            "module.catalyst_center.catalystcenter_credentials_https_write.https_write_credentials",
            "module.catalyst_center.catalystcenter_credentials_snmpv2_read.snmpv2_read_credentials",
            "module.catalyst_center.catalystcenter_credentials_snmpv2_write.snmpv2_write_credentials",
            "module.catalyst_center.catalystcenter_credentials_snmpv3.snmpv3_credentials",
            "module.catalyst_center.catalystcenter_discovery.discovery",
            "module.catalyst_center.catalystcenter_fabric_l3_virtual_network.l3_vn",
            "module.catalyst_center.catalystcenter_fabric_site.fabric_site",
            "module.catalyst_center.catalystcenter_floor.floor",
            "module.catalyst_center.catalystcenter_ip_pool.ip_pool_v4",
            "module.catalyst_center.catalystcenter_ip_pool.ip_pool_v6",
            "module.catalyst_center.catalystcenter_ip_pool_reservation.pool_reservation",
            "module.catalyst_center.catalystcenter_telemetry_settings.telemetry_settings",
            "module.catalyst_center.data.catalystcenter_area.global",
            "module.catalyst_center.data.catalystcenter_credentials_cli.cli_credentials"
          ]
        },
        {
          "index_key": "PrintersVN-IPPool",
          "schema_version": 0,
          "attributes": {
            "auto_generate_vlan_name": true,
            "critical_pool": false,
            "fabric_id": "31f64b11-f1ab-48b5-a56e-6ffdfbeb2f4e",
            "group_based_policy_enforcement_enabled": null,
            "id": "1f6ff9a2-0114-40b6-aadf-9ea8ef842813",
            "intra_subnet_routing_enabled": false,
            "ip_directed_broadcast": false,
            "ip_pool_name": "PrintersVN-IPPool",
            "l2_flooding_enabled": false,
            "multiple_ip_to_mac_addresses": false,
            "pool_type": null,
            "security_group_name": null,
            "supplicant_based_extended_node_onboarding": null,
            "tcp_mss_adjustment": null,
            "traffic_type": "DATA",
            "virtual_network_name": "Printers",
            "vlan_id": 1023,
            "vlan_name": null,
            "wireless_pool": false
          },
          "sensitive_attributes": [],
          "dependencies": [
            "module.catalyst_center.catalystcenter_area.area_0",
            "module.catalyst_center.catalystcenter_area.area_1",
            "module.catalyst_center.catalystcenter_area.area_2",
            "module.catalyst_center.catalystcenter_building.building",
            "module.catalyst_center.catalystcenter_credentials_cli.cli_credentials",
            "module.catalyst_center.catalystcenter_credentials_https_read.https_read_credentials",
            "module.catalyst_center.catalystcenter_credentials_https_write.https_write_credentials",
            "module.catalyst_center.catalystcenter_credentials_snmpv2_read.snmpv2_read_credentials",
            "module.catalyst_center.catalystcenter_credentials_snmpv2_write.snmpv2_write_credentials",
            "module.catalyst_center.catalystcenter_credentials_snmpv3.snmpv3_credentials",
            "module.catalyst_center.catalystcenter_discovery.discovery",
            "module.catalyst_center.catalystcenter_fabric_l3_virtual_network.l3_vn",
            "module.catalyst_center.catalystcenter_fabric_site.fabric_site",
            "module.catalyst_center.catalystcenter_floor.floor",
            "module.catalyst_center.catalystcenter_ip_pool.ip_pool_v4",
            "module.catalyst_center.catalystcenter_ip_pool.ip_pool_v6",
            "module.catalyst_center.catalystcenter_ip_pool_reservation.pool_reservation",
            "module.catalyst_center.catalystcenter_telemetry_settings.telemetry_settings",
            "module.catalyst_center.data.catalystcenter_area.global",
            "module.catalyst_center.data.catalystcenter_credentials_cli.cli_credentials"
          ]
        },
        {
          "index_key": "PrintersVN-WAW-IPPool",
          "schema_version": 0,
          "attributes": {
            "auto_generate_vlan_name": true,
            "critical_pool": false,
            "fabric_id": "417df4f1-1124-42fa-884c-650c65a1abc8",
            "group_based_policy_enforcement_enabled": null,
            "id": "9989eb8e-3daf-4c12-9578-a97956f46e20",
            "intra_subnet_routing_enabled": false,
            "ip_directed_broadcast": false,
            "ip_pool_name": "PrintersVN-WAW-IPPool",
            "l2_flooding_enabled": false,
            "multiple_ip_to_mac_addresses": false,
            "pool_type": null,
            "security_group_name": null,
            "supplicant_based_extended_node_onboarding": null,
            "tcp_mss_adjustment": null,
            "traffic_type": "DATA",
            "virtual_network_name": "Printers",
            "vlan_id": 1024,
            "vlan_name": null,
            "wireless_pool": false
          },
          "sensitive_attributes": [],
          "dependencies": [
            "module.catalyst_center.catalystcenter_area.area_0",
            "module.catalyst_center.catalystcenter_area.area_1",
            "module.catalyst_center.catalystcenter_area.area_2",
            "module.catalyst_center.catalystcenter_building.building",
            "module.catalyst_center.catalystcenter_credentials_cli.cli_credentials",
            "module.catalyst_center.catalystcenter_credentials_https_read.https_read_credentials",
            "module.catalyst_center.catalystcenter_credentials_https_write.https_write_credentials",
            "module.catalyst_center.catalystcenter_credentials_snmpv2_read.snmpv2_read_credentials",
            "module.catalyst_center.catalystcenter_credentials_snmpv2_write.snmpv2_write_credentials",
            "module.catalyst_center.catalystcenter_credentials_snmpv3.snmpv3_credentials",
            "module.catalyst_center.catalystcenter_discovery.discovery",
            "module.catalyst_center.catalystcenter_fabric_l3_virtual_network.l3_vn",
            "module.catalyst_center.catalystcenter_fabric_site.fabric_site",
            "module.catalyst_center.catalystcenter_floor.floor",
            "module.catalyst_center.catalystcenter_ip_pool.ip_pool_v4",
            "module.catalyst_center.catalystcenter_ip_pool.ip_pool_v6",
            "module.catalyst_center.catalystcenter_ip_pool_reservation.pool_reservation",
            "module.catalyst_center.catalystcenter_telemetry_settings.telemetry_settings",
            "module.catalyst_center.data.catalystcenter_area.global",
            "module.catalyst_center.data.catalystcenter_credentials_cli.cli_credentials"
          ]
        }
      ]
    },
    {
      "module": "module.catalyst_center",
      "mode": "managed",
      "type": "catalystcenter_area",
      "name": "area_0",
      "provider": "provider[\"registry.terraform.io/ciscodevnet/catalystcenter\"]",
      "instances": [
        {
          "index_key": "Global/Poland",
          "schema_version": 0,
          "attributes": {
            "id": "afa27e8d-6818-4827-9e73-6bfd997b46bd",
            "name": "Poland",
            "parent_name": "Global"
          },
          "sensitive_attributes": [],
          "dependencies": [
            "module.catalyst_center.catalystcenter_credentials_cli.cli_credentials",
            "module.catalyst_center.catalystcenter_credentials_https_read.https_read_credentials",
            "module.catalyst_center.catalystcenter_credentials_https_write.https_write_credentials",
            "module.catalyst_center.catalystcenter_credentials_snmpv2_read.snmpv2_read_credentials",
            "module.catalyst_center.catalystcenter_credentials_snmpv2_write.snmpv2_write_credentials",
            "module.catalyst_center.catalystcenter_credentials_snmpv3.snmpv3_credentials",
            "module.catalyst_center.catalystcenter_discovery.discovery",
            "module.catalyst_center.data.catalystcenter_credentials_cli.cli_credentials"
          ]
        }
      ]
    },
    {
      "module": "module.catalyst_center",
      "mode": "managed",
      "type": "catalystcenter_area",
      "name": "area_1",
      "provider": "provider[\"registry.terraform.io/ciscodevnet/catalystcenter\"]",
      "instances": [
        {
          "index_key": "Global/Poland/Krakow",
          "schema_version": 0,
          "attributes": {
            "id": "5749c2de-4663-4cdc-9181-762a4148b12a",
            "name": "Krakow",
            "parent_name": "Global/Poland"
          },
          "sensitive_attributes": [],
          "dependencies": [
            "module.catalyst_center.catalystcenter_area.area_0",
            "module.catalyst_center.catalystcenter_credentials_cli.cli_credentials",
            "module.catalyst_center.catalystcenter_credentials_https_read.https_read_credentials",
            "module.catalyst_center.catalystcenter_credentials_https_write.https_write_credentials",
            "module.catalyst_center.catalystcenter_credentials_snmpv2_read.snmpv2_read_credentials",
            "module.catalyst_center.catalystcenter_credentials_snmpv2_write.snmpv2_write_credentials",
            "module.catalyst_center.catalystcenter_credentials_snmpv3.snmpv3_credentials",
            "module.catalyst_center.catalystcenter_discovery.discovery",
            "module.catalyst_center.data.catalystcenter_credentials_cli.cli_credentials"
          ]
        },
        {
          "index_key": "Global/Poland/Warsaw",
          "schema_version": 0,
          "attributes": {
            "id": "97e29c3f-390e-4a48-a74f-b38ae2d5801b",
            "name": "Warsaw",
            "parent_name": "Global/Poland"
          },
          "sensitive_attributes": [],
          "dependencies": [
            "module.catalyst_center.catalystcenter_area.area_0",
            "module.catalyst_center.catalystcenter_credentials_cli.cli_credentials",
            "module.catalyst_center.catalystcenter_credentials_https_read.https_read_credentials",
            "module.catalyst_center.catalystcenter_credentials_https_write.https_write_credentials",
            "module.catalyst_center.catalystcenter_credentials_snmpv2_read.snmpv2_read_credentials",
            "module.catalyst_center.catalystcenter_credentials_snmpv2_write.snmpv2_write_credentials",
            "module.catalyst_center.catalystcenter_credentials_snmpv3.snmpv3_credentials",
            "module.catalyst_center.catalystcenter_discovery.discovery",
            "module.catalyst_center.data.catalystcenter_credentials_cli.cli_credentials"
          ]
        }
      ]
    },
    {
      "module": "module.catalyst_center",
      "mode": "managed",
      "type": "catalystcenter_area",
      "name": "area_2",
      "provider": "provider[\"registry.terraform.io/ciscodevnet/catalystcenter\"]",
      "instances": []
    },
    {
      "module": "module.catalyst_center",
      "mode": "managed",
      "type": "catalystcenter_assign_credentials",
      "name": "assign_credentials",
      "provider": "provider[\"registry.terraform.io/ciscodevnet/catalystcenter\"]",
      "instances": []
    },
    {
      "module": "module.catalyst_center",
      "mode": "managed",
      "type": "catalystcenter_assign_templates_to_tag",
      "name": "template_to_tag",
      "provider": "provider[\"registry.terraform.io/ciscodevnet/catalystcenter\"]",
      "instances": []
    },
    {
      "module": "module.catalyst_center",
      "mode": "managed",
      "type": "catalystcenter_associate_site_to_network_profile",
      "name": "site_to_network_profile",
      "provider": "provider[\"registry.terraform.io/ciscodevnet/catalystcenter\"]",
      "instances": [
        {
          "index_key": "Global/Poland/Krakow#_#VirtualCat9k",
          "schema_version": 0,
          "attributes": {
            "id": "d8ffd523-697b-4744-9544-be3feb0344e8",
            "network_profile_id": "d8ffd523-697b-4744-9544-be3feb0344e8",
            "site_id": "5749c2de-4663-4cdc-9181-762a4148b12a"
          },
          "sensitive_attributes": [],
          "dependencies": [
            "module.catalyst_center.catalystcenter_area.area_0",
            "module.catalyst_center.catalystcenter_area.area_1",
            "module.catalyst_center.catalystcenter_area.area_2",
            "module.catalyst_center.catalystcenter_building.building",
            "module.catalyst_center.catalystcenter_credentials_cli.cli_credentials",
            "module.catalyst_center.catalystcenter_credentials_https_read.https_read_credentials",
            "module.catalyst_center.catalystcenter_credentials_https_write.https_write_credentials",
            "module.catalyst_center.catalystcenter_credentials_snmpv2_read.snmpv2_read_credentials",
            "module.catalyst_center.catalystcenter_credentials_snmpv2_write.snmpv2_write_credentials",
            "module.catalyst_center.catalystcenter_credentials_snmpv3.snmpv3_credentials",
            "module.catalyst_center.catalystcenter_discovery.discovery",
            "module.catalyst_center.catalystcenter_floor.floor",
            "module.catalyst_center.catalystcenter_network_profile.switching_network_profile",
            "module.catalyst_center.catalystcenter_project.project",
            "module.catalyst_center.catalystcenter_template.composite_template",
            "module.catalyst_center.catalystcenter_template.regular_template",
            "module.catalyst_center.data.catalystcenter_credentials_cli.cli_credentials",
            "module.catalyst_center.data.catalystcenter_project.onboarding",
            "module.catalyst_center.time_sleep.template_wait"
          ]
        }
      ]
    },
    {
      "module": "module.catalyst_center",
      "mode": "managed",
      "type": "catalystcenter_associate_site_to_network_profile",
      "name": "site_to_wireless_network_profile",
      "provider": "provider[\"registry.terraform.io/ciscodevnet/catalystcenter\"]",
      "instances": []
    },
    {
      "module": "module.catalyst_center",
      "mode": "managed",
      "type": "catalystcenter_banner_settings",
      "name": "banner",
      "provider": "provider[\"registry.terraform.io/ciscodevnet/catalystcenter\"]",
      "instances": []
    },
    {
      "module": "module.catalyst_center",
      "mode": "managed",
      "type": "catalystcenter_building",
      "name": "building",
      "provider": "provider[\"registry.terraform.io/ciscodevnet/catalystcenter\"]",
      "instances": [
        {
          "index_key": "Global/Poland/Krakow/Bld A",
          "schema_version": 0,
          "attributes": {
            "address": null,
            "country": "Poland",
            "id": "c1c1c8f2-f5e9-4ea4-9b17-db7e044d56fc",
            "latitude": 50.0623225,
            "longitude": 19.937975,
            "name": "Bld A",
            "parent_name": "Global/Poland/Krakow"
          },
          "sensitive_attributes": [],
          "dependencies": [
            "module.catalyst_center.catalystcenter_area.area_0",
            "module.catalyst_center.catalystcenter_area.area_1",
            "module.catalyst_center.catalystcenter_area.area_2",
            "module.catalyst_center.catalystcenter_credentials_cli.cli_credentials",
            "module.catalyst_center.catalystcenter_credentials_https_read.https_read_credentials",
            "module.catalyst_center.catalystcenter_credentials_https_write.https_write_credentials",
            "module.catalyst_center.catalystcenter_credentials_snmpv2_read.snmpv2_read_credentials",
            "module.catalyst_center.catalystcenter_credentials_snmpv2_write.snmpv2_write_credentials",
            "module.catalyst_center.catalystcenter_credentials_snmpv3.snmpv3_credentials",
            "module.catalyst_center.catalystcenter_discovery.discovery",
            "module.catalyst_center.data.catalystcenter_credentials_cli.cli_credentials"
          ]
        },
        {
          "index_key": "Global/Poland/Warsaw/Domaniewska 39B",
          "schema_version": 0,
          "attributes": {
            "address": null,
            "country": "Poland",
            "id": "6e0bb337-0a83-40ec-968e-c23b5aa4abd0",
            "latitude": 52.1820715,
            "longitude": 21.0030143,
            "name": "Domaniewska 39B",
            "parent_name": "Global/Poland/Warsaw"
          },
          "sensitive_attributes": [],
          "dependencies": [
            "module.catalyst_center.catalystcenter_area.area_0",
            "module.catalyst_center.catalystcenter_area.area_1",
            "module.catalyst_center.catalystcenter_area.area_2",
            "module.catalyst_center.catalystcenter_credentials_cli.cli_credentials",
            "module.catalyst_center.catalystcenter_credentials_https_read.https_read_credentials",
            "module.catalyst_center.catalystcenter_credentials_https_write.https_write_credentials",
            "module.catalyst_center.catalystcenter_credentials_snmpv2_read.snmpv2_read_credentials",
            "module.catalyst_center.catalystcenter_credentials_snmpv2_write.snmpv2_write_credentials",
            "module.catalyst_center.catalystcenter_credentials_snmpv3.snmpv3_credentials",
            "module.catalyst_center.catalystcenter_discovery.discovery",
            "module.catalyst_center.data.catalystcenter_credentials_cli.cli_credentials"
          ]
        }
      ]
    },
    {
      "module": "module.catalyst_center",
      "mode": "managed",
      "type": "catalystcenter_credentials_cli",
      "name": "cli_credentials",
      "provider": "provider[\"registry.terraform.io/ciscodevnet/catalystcenter\"]",
      "instances": []
    },
    {
      "module": "module.catalyst_center",
      "mode": "managed",
      "type": "catalystcenter_credentials_https_read",
      "name": "https_read_credentials",
      "provider": "provider[\"registry.terraform.io/ciscodevnet/catalystcenter\"]",
      "instances": []
    },
    {
      "module": "module.catalyst_center",
      "mode": "managed",
      "type": "catalystcenter_credentials_https_write",
      "name": "https_write_credentials",
      "provider": "provider[\"registry.terraform.io/ciscodevnet/catalystcenter\"]",
      "instances": []
    },
    {
      "module": "module.catalyst_center",
      "mode": "managed",
      "type": "catalystcenter_credentials_snmpv2_read",
      "name": "snmpv2_read_credentials",
      "provider": "provider[\"registry.terraform.io/ciscodevnet/catalystcenter\"]",
      "instances": []
    },
    {
      "module": "module.catalyst_center",
      "mode": "managed",
      "type": "catalystcenter_credentials_snmpv2_write",
      "name": "snmpv2_write_credentials",
      "provider": "provider[\"registry.terraform.io/ciscodevnet/catalystcenter\"]",
      "instances": []
    },
    {
      "module": "module.catalyst_center",
      "mode": "managed",
      "type": "catalystcenter_credentials_snmpv3",
      "name": "snmpv3_credentials",
      "provider": "provider[\"registry.terraform.io/ciscodevnet/catalystcenter\"]",
      "instances": []
    },
    {
      "module": "module.catalyst_center",
      "mode": "managed",
      "type": "catalystcenter_deploy_template",
      "name": "composite_template_deploy",
      "provider": "provider[\"registry.terraform.io/ciscodevnet/catalystcenter\"]",
      "instances": []
    },
    {
      "module": "module.catalyst_center",
      "mode": "managed",
      "type": "catalystcenter_deploy_template",
      "name": "regular_template_deploy",
      "provider": "provider[\"registry.terraform.io/ciscodevnet/catalystcenter\"]",
      "instances": [
        {
          "index_key": "KRK-DNA-P4-BORD22.cisco.com#_#0400_acl_standard_1",
          "schema_version": 0,
          "attributes": {
            "force_push_template": true,
            "id": "7e2337bb-a057-460f-ab61-99cd50dadba2",
            "is_composite": false,
            "main_template_id": null,
            "member_template_deployment_info": null,
            "redeploy": true,
            "target_info": [
              {
                "host_name": null,
                "id": "d77c287d-8349-4958-8f1d-eb74cf0a874d",
                "params": {},
                "resource_params": [
                  {
                    "scope": "RUNTIME",
                    "type": "MANAGED_DEVICE_UUID",
                    "value": "d77c287d-8349-4958-8f1d-eb74cf0a874d"
                  }
                ],
                "type": "MANAGED_DEVICE_UUID",
                "versioned_template_id": "303fed4a-6342-494b-8f4a-092eeb70f72e"
              }
            ],
            "template_id": "7e2337bb-a057-460f-ab61-99cd50dadba2"
          },
          "sensitive_attributes": [],
          "dependencies": [
            "module.catalyst_center.catalystcenter_area.area_0",
            "module.catalyst_center.catalystcenter_area.area_1",
            "module.catalyst_center.catalystcenter_area.area_2",
            "module.catalyst_center.catalystcenter_building.building",
            "module.catalyst_center.catalystcenter_credentials_cli.cli_credentials",
            "module.catalyst_center.catalystcenter_credentials_https_read.https_read_credentials",
            "module.catalyst_center.catalystcenter_credentials_https_write.https_write_credentials",
            "module.catalyst_center.catalystcenter_credentials_snmpv2_read.snmpv2_read_credentials",
            "module.catalyst_center.catalystcenter_credentials_snmpv2_write.snmpv2_write_credentials",
            "module.catalyst_center.catalystcenter_credentials_snmpv3.snmpv3_credentials",
            "module.catalyst_center.catalystcenter_device_role.role",
            "module.catalyst_center.catalystcenter_discovery.discovery",
            "module.catalyst_center.catalystcenter_fabric_provision_device.border_device",
            "module.catalyst_center.catalystcenter_fabric_provision_device.edge_device",
            "module.catalyst_center.catalystcenter_fabric_provision_device.non_fabric_device",
            "module.catalyst_center.catalystcenter_floor.floor",
            "module.catalyst_center.catalystcenter_project.project",
            "module.catalyst_center.catalystcenter_template.regular_template",
            "module.catalyst_center.catalystcenter_template_version.regular_commit_version",
            "module.catalyst_center.catalystcenter_wireless_device_provision.wireless_controller",
            "module.catalyst_center.data.catalystcenter_credentials_cli.cli_credentials",
            "module.catalyst_center.data.catalystcenter_network_devices.all_devices",
            "module.catalyst_center.data.catalystcenter_project.onboarding",
            "module.catalyst_center.time_sleep.provision_device_wait"
          ]
        },
        {
          "index_key": "KRK-DNA-P4-BORD22.cisco.com#_#0420_acl_standard_20",
          "schema_version": 0,
          "attributes": {
            "force_push_template": true,
            "id": "133e84a4-4546-4d74-92c9-af081023a825",
            "is_composite": false,
            "main_template_id": null,
            "member_template_deployment_info": null,
            "redeploy": true,
            "target_info": [
              {
                "host_name": null,
                "id": "d77c287d-8349-4958-8f1d-eb74cf0a874d",
                "params": {},
                "resource_params": [
                  {
                    "scope": "RUNTIME",
                    "type": "MANAGED_DEVICE_UUID",
                    "value": "d77c287d-8349-4958-8f1d-eb74cf0a874d"
                  }
                ],
                "type": "MANAGED_DEVICE_UUID",
                "versioned_template_id": "dca0b888-de65-4645-abda-14fbd6e8b702"
              }
            ],
            "template_id": "133e84a4-4546-4d74-92c9-af081023a825"
          },
          "sensitive_attributes": [],
          "dependencies": [
            "module.catalyst_center.catalystcenter_area.area_0",
            "module.catalyst_center.catalystcenter_area.area_1",
            "module.catalyst_center.catalystcenter_area.area_2",
            "module.catalyst_center.catalystcenter_building.building",
            "module.catalyst_center.catalystcenter_credentials_cli.cli_credentials",
            "module.catalyst_center.catalystcenter_credentials_https_read.https_read_credentials",
            "module.catalyst_center.catalystcenter_credentials_https_write.https_write_credentials",
            "module.catalyst_center.catalystcenter_credentials_snmpv2_read.snmpv2_read_credentials",
            "module.catalyst_center.catalystcenter_credentials_snmpv2_write.snmpv2_write_credentials",
            "module.catalyst_center.catalystcenter_credentials_snmpv3.snmpv3_credentials",
            "module.catalyst_center.catalystcenter_device_role.role",
            "module.catalyst_center.catalystcenter_discovery.discovery",
            "module.catalyst_center.catalystcenter_fabric_provision_device.border_device",
            "module.catalyst_center.catalystcenter_fabric_provision_device.edge_device",
            "module.catalyst_center.catalystcenter_fabric_provision_device.non_fabric_device",
            "module.catalyst_center.catalystcenter_floor.floor",
            "module.catalyst_center.catalystcenter_project.project",
            "module.catalyst_center.catalystcenter_template.regular_template",
            "module.catalyst_center.catalystcenter_template_version.regular_commit_version",
            "module.catalyst_center.catalystcenter_wireless_device_provision.wireless_controller",
            "module.catalyst_center.data.catalystcenter_credentials_cli.cli_credentials",
            "module.catalyst_center.data.catalystcenter_network_devices.all_devices",
            "module.catalyst_center.data.catalystcenter_project.onboarding",
            "module.catalyst_center.time_sleep.provision_device_wait"
          ]
        },
        {
          "index_key": "KRK-DNA-P4-BORD22.cisco.com#_#0430_acl_standard_23",
          "schema_version": 0,
          "attributes": {
            "force_push_template": true,
            "id": "75095144-2caa-4bc1-8397-75c4b9df0220",
            "is_composite": false,
            "main_template_id": null,
            "member_template_deployment_info": null,
            "redeploy": true,
            "target_info": [
              {
                "host_name": null,
                "id": "d77c287d-8349-4958-8f1d-eb74cf0a874d",
                "params": {},
                "resource_params": [
                  {
                    "scope": "RUNTIME",
                    "type": "MANAGED_DEVICE_UUID",
                    "value": "d77c287d-8349-4958-8f1d-eb74cf0a874d"
                  }
                ],
                "type": "MANAGED_DEVICE_UUID",
                "versioned_template_id": "ad329eb7-5919-4de3-8457-121b68a7c062"
              }
            ],
            "template_id": "75095144-2caa-4bc1-8397-75c4b9df0220"
          },
          "sensitive_attributes": [],
          "dependencies": [
            "module.catalyst_center.catalystcenter_area.area_0",
            "module.catalyst_center.catalystcenter_area.area_1",
            "module.catalyst_center.catalystcenter_area.area_2",
            "module.catalyst_center.catalystcenter_building.building",
            "module.catalyst_center.catalystcenter_credentials_cli.cli_credentials",
            "module.catalyst_center.catalystcenter_credentials_https_read.https_read_credentials",
            "module.catalyst_center.catalystcenter_credentials_https_write.https_write_credentials",
            "module.catalyst_center.catalystcenter_credentials_snmpv2_read.snmpv2_read_credentials",
            "module.catalyst_center.catalystcenter_credentials_snmpv2_write.snmpv2_write_credentials",
            "module.catalyst_center.catalystcenter_credentials_snmpv3.snmpv3_credentials",
            "module.catalyst_center.catalystcenter_device_role.role",
            "module.catalyst_center.catalystcenter_discovery.discovery",
            "module.catalyst_center.catalystcenter_fabric_provision_device.border_device",
            "module.catalyst_center.catalystcenter_fabric_provision_device.edge_device",
            "module.catalyst_center.catalystcenter_fabric_provision_device.non_fabric_device",
            "module.catalyst_center.catalystcenter_floor.floor",
            "module.catalyst_center.catalystcenter_project.project",
            "module.catalyst_center.catalystcenter_template.regular_template",
            "module.catalyst_center.catalystcenter_template_version.regular_commit_version",
            "module.catalyst_center.catalystcenter_wireless_device_provision.wireless_controller",
            "module.catalyst_center.data.catalystcenter_credentials_cli.cli_credentials",
            "module.catalyst_center.data.catalystcenter_network_devices.all_devices",
            "module.catalyst_center.data.catalystcenter_project.onboarding",
            "module.catalyst_center.time_sleep.provision_device_wait"
          ]
        },
        {
          "index_key": "KRK-DNA-P4-BORD22.cisco.com#_#0440_acl_standard_24",
          "schema_version": 0,
          "attributes": {
            "force_push_template": true,
            "id": "b6abe87c-437c-40bf-8016-76ffbd216719",
            "is_composite": false,
            "main_template_id": null,
            "member_template_deployment_info": null,
            "redeploy": true,
            "target_info": [
              {
                "host_name": null,
                "id": "d77c287d-8349-4958-8f1d-eb74cf0a874d",
                "params": {},
                "resource_params": [
                  {
                    "scope": "RUNTIME",
                    "type": "MANAGED_DEVICE_UUID",
                    "value": "d77c287d-8349-4958-8f1d-eb74cf0a874d"
                  }
                ],
                "type": "MANAGED_DEVICE_UUID",
                "versioned_template_id": "c5d141aa-2fd4-4a64-975f-1535cd45127a"
              }
            ],
            "template_id": "b6abe87c-437c-40bf-8016-76ffbd216719"
          },
          "sensitive_attributes": [],
          "dependencies": [
            "module.catalyst_center.catalystcenter_area.area_0",
            "module.catalyst_center.catalystcenter_area.area_1",
            "module.catalyst_center.catalystcenter_area.area_2",
            "module.catalyst_center.catalystcenter_building.building",
            "module.catalyst_center.catalystcenter_credentials_cli.cli_credentials",
            "module.catalyst_center.catalystcenter_credentials_https_read.https_read_credentials",
            "module.catalyst_center.catalystcenter_credentials_https_write.https_write_credentials",
            "module.catalyst_center.catalystcenter_credentials_snmpv2_read.snmpv2_read_credentials",
            "module.catalyst_center.catalystcenter_credentials_snmpv2_write.snmpv2_write_credentials",
            "module.catalyst_center.catalystcenter_credentials_snmpv3.snmpv3_credentials",
            "module.catalyst_center.catalystcenter_device_role.role",
            "module.catalyst_center.catalystcenter_discovery.discovery",
            "module.catalyst_center.catalystcenter_fabric_provision_device.border_device",
            "module.catalyst_center.catalystcenter_fabric_provision_device.edge_device",
            "module.catalyst_center.catalystcenter_fabric_provision_device.non_fabric_device",
            "module.catalyst_center.catalystcenter_floor.floor",
            "module.catalyst_center.catalystcenter_project.project",
            "module.catalyst_center.catalystcenter_template.regular_template",
            "module.catalyst_center.catalystcenter_template_version.regular_commit_version",
            "module.catalyst_center.catalystcenter_wireless_device_provision.wireless_controller",
            "module.catalyst_center.data.catalystcenter_credentials_cli.cli_credentials",
            "module.catalyst_center.data.catalystcenter_network_devices.all_devices",
            "module.catalyst_center.data.catalystcenter_project.onboarding",
            "module.catalyst_center.time_sleep.provision_device_wait"
          ]
        }
      ]
    },
    {
      "module": "module.catalyst_center",
      "mode": "managed",
      "type": "catalystcenter_device_role",
      "name": "role",
      "provider": "provider[\"registry.terraform.io/ciscodevnet/catalystcenter\"]",
      "instances": [
        {
          "index_key": "KRK-DNA-P4-BORD11.cisco.com",
          "schema_version": 0,
          "attributes": {
            "device_id": "a144a086-750c-4af1-ac57-feab33a69851",
            "id": "a144a086-750c-4af1-ac57-feab33a69851",
            "role": "BORDER ROUTER",
            "role_source": "MANUAL"
          },
          "sensitive_attributes": [],
          "dependencies": [
            "module.catalyst_center.catalystcenter_area.area_0",
            "module.catalyst_center.catalystcenter_area.area_1",
            "module.catalyst_center.catalystcenter_area.area_2",
            "module.catalyst_center.catalystcenter_building.building",
            "module.catalyst_center.catalystcenter_credentials_cli.cli_credentials",
            "module.catalyst_center.catalystcenter_credentials_https_read.https_read_credentials",
            "module.catalyst_center.catalystcenter_credentials_https_write.https_write_credentials",
            "module.catalyst_center.catalystcenter_credentials_snmpv2_read.snmpv2_read_credentials",
            "module.catalyst_center.catalystcenter_credentials_snmpv2_write.snmpv2_write_credentials",
            "module.catalyst_center.catalystcenter_credentials_snmpv3.snmpv3_credentials",
            "module.catalyst_center.catalystcenter_discovery.discovery",
            "module.catalyst_center.catalystcenter_floor.floor",
            "module.catalyst_center.data.catalystcenter_credentials_cli.cli_credentials",
            "module.catalyst_center.data.catalystcenter_network_devices.all_devices"
          ]
        },
        {
          "index_key": "KRK-DNA-P4-BORD12.cisco.com",
          "schema_version": 0,
          "attributes": {
            "device_id": "541c0acc-d5d2-45b8-94b8-e03e824a799c",
            "id": "541c0acc-d5d2-45b8-94b8-e03e824a799c",
            "role": "BORDER ROUTER",
            "role_source": "MANUAL"
          },
          "sensitive_attributes": [],
          "dependencies": [
            "module.catalyst_center.catalystcenter_area.area_0",
            "module.catalyst_center.catalystcenter_area.area_1",
            "module.catalyst_center.catalystcenter_area.area_2",
            "module.catalyst_center.catalystcenter_building.building",
            "module.catalyst_center.catalystcenter_credentials_cli.cli_credentials",
            "module.catalyst_center.catalystcenter_credentials_https_read.https_read_credentials",
            "module.catalyst_center.catalystcenter_credentials_https_write.https_write_credentials",
            "module.catalyst_center.catalystcenter_credentials_snmpv2_read.snmpv2_read_credentials",
            "module.catalyst_center.catalystcenter_credentials_snmpv2_write.snmpv2_write_credentials",
            "module.catalyst_center.catalystcenter_credentials_snmpv3.snmpv3_credentials",
            "module.catalyst_center.catalystcenter_discovery.discovery",
            "module.catalyst_center.catalystcenter_floor.floor",
            "module.catalyst_center.data.catalystcenter_credentials_cli.cli_credentials",
            "module.catalyst_center.data.catalystcenter_network_devices.all_devices"
          ]
        },
        {
          "index_key": "KRK-DNA-P4-BORD21.cisco.com",
          "schema_version": 0,
          "attributes": {
            "device_id": "18b88e78-bef6-486f-b901-e4082e09a69a",
            "id": "18b88e78-bef6-486f-b901-e4082e09a69a",
            "role": "BORDER ROUTER",
            "role_source": "MANUAL"
          },
          "sensitive_attributes": [],
          "dependencies": [
            "module.catalyst_center.catalystcenter_area.area_0",
            "module.catalyst_center.catalystcenter_area.area_1",
            "module.catalyst_center.catalystcenter_area.area_2",
            "module.catalyst_center.catalystcenter_building.building",
            "module.catalyst_center.catalystcenter_credentials_cli.cli_credentials",
            "module.catalyst_center.catalystcenter_credentials_https_read.https_read_credentials",
            "module.catalyst_center.catalystcenter_credentials_https_write.https_write_credentials",
            "module.catalyst_center.catalystcenter_credentials_snmpv2_read.snmpv2_read_credentials",
            "module.catalyst_center.catalystcenter_credentials_snmpv2_write.snmpv2_write_credentials",
            "module.catalyst_center.catalystcenter_credentials_snmpv3.snmpv3_credentials",
            "module.catalyst_center.catalystcenter_discovery.discovery",
            "module.catalyst_center.catalystcenter_floor.floor",
            "module.catalyst_center.data.catalystcenter_credentials_cli.cli_credentials",
            "module.catalyst_center.data.catalystcenter_network_devices.all_devices"
          ]
        },
        {
          "index_key": "KRK-DNA-P4-BORD22.cisco.com",
          "schema_version": 0,
          "attributes": {
            "device_id": "d77c287d-8349-4958-8f1d-eb74cf0a874d",
            "id": "d77c287d-8349-4958-8f1d-eb74cf0a874d",
            "role": "BORDER ROUTER",
            "role_source": "MANUAL"
          },
          "sensitive_attributes": [],
          "dependencies": [
            "module.catalyst_center.catalystcenter_area.area_0",
            "module.catalyst_center.catalystcenter_area.area_1",
            "module.catalyst_center.catalystcenter_area.area_2",
            "module.catalyst_center.catalystcenter_building.building",
            "module.catalyst_center.catalystcenter_credentials_cli.cli_credentials",
            "module.catalyst_center.catalystcenter_credentials_https_read.https_read_credentials",
            "module.catalyst_center.catalystcenter_credentials_https_write.https_write_credentials",
            "module.catalyst_center.catalystcenter_credentials_snmpv2_read.snmpv2_read_credentials",
            "module.catalyst_center.catalystcenter_credentials_snmpv2_write.snmpv2_write_credentials",
            "module.catalyst_center.catalystcenter_credentials_snmpv3.snmpv3_credentials",
            "module.catalyst_center.catalystcenter_discovery.discovery",
            "module.catalyst_center.catalystcenter_floor.floor",
            "module.catalyst_center.data.catalystcenter_credentials_cli.cli_credentials",
            "module.catalyst_center.data.catalystcenter_network_devices.all_devices"
          ]
        },
        {
          "index_key": "KRK-DNA-P4-EDGE11.cisco.com",
          "schema_version": 0,
          "attributes": {
            "device_id": "f954b367-bcde-4995-9640-4bcfc863f5d1",
            "id": "f954b367-bcde-4995-9640-4bcfc863f5d1",
            "role": "ACCESS",
            "role_source": "MANUAL"
          },
          "sensitive_attributes": [],
          "dependencies": [
            "module.catalyst_center.catalystcenter_area.area_0",
            "module.catalyst_center.catalystcenter_area.area_1",
            "module.catalyst_center.catalystcenter_area.area_2",
            "module.catalyst_center.catalystcenter_building.building",
            "module.catalyst_center.catalystcenter_credentials_cli.cli_credentials",
            "module.catalyst_center.catalystcenter_credentials_https_read.https_read_credentials",
            "module.catalyst_center.catalystcenter_credentials_https_write.https_write_credentials",
            "module.catalyst_center.catalystcenter_credentials_snmpv2_read.snmpv2_read_credentials",
            "module.catalyst_center.catalystcenter_credentials_snmpv2_write.snmpv2_write_credentials",
            "module.catalyst_center.catalystcenter_credentials_snmpv3.snmpv3_credentials",
            "module.catalyst_center.catalystcenter_discovery.discovery",
            "module.catalyst_center.catalystcenter_floor.floor",
            "module.catalyst_center.data.catalystcenter_credentials_cli.cli_credentials",
            "module.catalyst_center.data.catalystcenter_network_devices.all_devices"
          ]
        },
        {
          "index_key": "KRK-DNA-P4-EDGE12.cisco.com",
          "schema_version": 0,
          "attributes": {
            "device_id": "52fc8677-3c05-430c-8fe3-55f82491946b",
            "id": "52fc8677-3c05-430c-8fe3-55f82491946b",
            "role": "ACCESS",
            "role_source": "MANUAL"
          },
          "sensitive_attributes": [],
          "dependencies": [
            "module.catalyst_center.catalystcenter_area.area_0",
            "module.catalyst_center.catalystcenter_area.area_1",
            "module.catalyst_center.catalystcenter_area.area_2",
            "module.catalyst_center.catalystcenter_building.building",
            "module.catalyst_center.catalystcenter_credentials_cli.cli_credentials",
            "module.catalyst_center.catalystcenter_credentials_https_read.https_read_credentials",
            "module.catalyst_center.catalystcenter_credentials_https_write.https_write_credentials",
            "module.catalyst_center.catalystcenter_credentials_snmpv2_read.snmpv2_read_credentials",
            "module.catalyst_center.catalystcenter_credentials_snmpv2_write.snmpv2_write_credentials",
            "module.catalyst_center.catalystcenter_credentials_snmpv3.snmpv3_credentials",
            "module.catalyst_center.catalystcenter_discovery.discovery",
            "module.catalyst_center.catalystcenter_floor.floor",
            "module.catalyst_center.data.catalystcenter_credentials_cli.cli_credentials",
            "module.catalyst_center.data.catalystcenter_network_devices.all_devices"
          ]
        },
        {
          "index_key": "KRK-DNA-P4-EDGE21.cisco.com",
          "schema_version": 0,
          "attributes": {
            "device_id": "b2edb1e6-678d-493d-9522-1facfeae75bd",
            "id": "b2edb1e6-678d-493d-9522-1facfeae75bd",
            "role": "ACCESS",
            "role_source": "MANUAL"
          },
          "sensitive_attributes": [],
          "dependencies": [
            "module.catalyst_center.catalystcenter_area.area_0",
            "module.catalyst_center.catalystcenter_area.area_1",
            "module.catalyst_center.catalystcenter_area.area_2",
            "module.catalyst_center.catalystcenter_building.building",
            "module.catalyst_center.catalystcenter_credentials_cli.cli_credentials",
            "module.catalyst_center.catalystcenter_credentials_https_read.https_read_credentials",
            "module.catalyst_center.catalystcenter_credentials_https_write.https_write_credentials",
            "module.catalyst_center.catalystcenter_credentials_snmpv2_read.snmpv2_read_credentials",
            "module.catalyst_center.catalystcenter_credentials_snmpv2_write.snmpv2_write_credentials",
            "module.catalyst_center.catalystcenter_credentials_snmpv3.snmpv3_credentials",
            "module.catalyst_center.catalystcenter_discovery.discovery",
            "module.catalyst_center.catalystcenter_floor.floor",
            "module.catalyst_center.data.catalystcenter_credentials_cli.cli_credentials",
            "module.catalyst_center.data.catalystcenter_network_devices.all_devices"
          ]
        }
      ]
    },
    {
      "module": "module.catalyst_center",
      "mode": "managed",
      "type": "catalystcenter_dhcp_settings",
      "name": "dhcp_servers",
      "provider": "provider[\"registry.terraform.io/ciscodevnet/catalystcenter\"]",
      "instances": []
    },
    {
      "module": "module.catalyst_center",
      "mode": "managed",
      "type": "catalystcenter_discovery",
      "name": "discovery",
      "provider": "provider[\"registry.terraform.io/ciscodevnet/catalystcenter\"]",
      "instances": [
        {
          "index_key": "Campus_TF",
          "schema_version": 0,
          "attributes": {
            "cdp_level": null,
            "discovery_type": "Range",
            "enable_password_list": null,
            "global_credential_id_list": null,
            "http_read_credential": null,
            "http_write_credential": null,
            "id": "349",
            "ip_address_list": "192.168.40.1-192.168.40.9",
            "ip_filter_list": null,
            "lldp_level": null,
            "name": "Campus_TF",
            "netconf_port": null,
            "password_list": null,
            "preferred_ip_method": "None",
            "protocol_order": "SSH,Telnet",
            "retry": null,
            "snmp_auth_passphrase": null,
            "snmp_auth_protocol": null,
            "snmp_mode": null,
            "snmp_priv_passphrase": null,
            "snmp_priv_protocol": null,
            "snmp_ro_community": null,
            "snmp_ro_community_desc": null,
            "snmp_rw_community": null,
            "snmp_rw_community_desc": null,
            "snmp_user_name": null,
            "snmp_version": null,
            "timeout_seconds": null,
            "user_name_list": null
          },
          "sensitive_attributes": [],
          "dependencies": [
            "module.catalyst_center.data.catalystcenter_credentials_cli.cli_credentials"
          ]
        }
      ]
    },
    {
      "module": "module.catalyst_center",
      "mode": "managed",
      "type": "catalystcenter_dns_settings",
      "name": "dns_settings",
      "provider": "provider[\"registry.terraform.io/ciscodevnet/catalystcenter\"]",
      "instances": []
    },
    {
      "module": "module.catalyst_center",
      "mode": "managed",
      "type": "catalystcenter_fabric_device",
      "name": "border_device",
      "provider": "provider[\"registry.terraform.io/ciscodevnet/catalystcenter\"]",
      "instances": [
        {
          "index_key": "KRK-DNA-P4-BORD11.cisco.com",
          "schema_version": 0,
          "attributes": {
            "border_priority": null,
            "border_types": [
              "LAYER_3"
            ],
            "default_exit": true,
            "device_roles": [
              "BORDER_NODE"
            ],
            "fabric_id": "31f64b11-f1ab-48b5-a56e-6ffdfbeb2f4e",
            "id": "5f99b9e9-bbb5-4ad0-aa22-f5cfd0735c6c",
            "import_external_routes": true,
            "local_autonomous_system_number": "65002",
            "network_device_id": "a144a086-750c-4af1-ac57-feab33a69851",
            "prepend_autonomous_system_count": null
          },
          "sensitive_attributes": [],
          "dependencies": [
            "module.catalyst_center.catalystcenter_area.area_0",
            "module.catalyst_center.catalystcenter_area.area_1",
            "module.catalyst_center.catalystcenter_area.area_2",
            "module.catalyst_center.catalystcenter_building.building",
            "module.catalyst_center.catalystcenter_credentials_cli.cli_credentials",
            "module.catalyst_center.catalystcenter_credentials_https_read.https_read_credentials",
            "module.catalyst_center.catalystcenter_credentials_https_write.https_write_credentials",
            "module.catalyst_center.catalystcenter_credentials_snmpv2_read.snmpv2_read_credentials",
            "module.catalyst_center.catalystcenter_credentials_snmpv2_write.snmpv2_write_credentials",
            "module.catalyst_center.catalystcenter_credentials_snmpv3.snmpv3_credentials",
            "module.catalyst_center.catalystcenter_device_role.role",
            "module.catalyst_center.catalystcenter_discovery.discovery",
            "module.catalyst_center.catalystcenter_fabric_provision_device.border_device",
            "module.catalyst_center.catalystcenter_fabric_site.fabric_site",
            "module.catalyst_center.catalystcenter_floor.floor",
            "module.catalyst_center.catalystcenter_telemetry_settings.telemetry_settings",
            "module.catalyst_center.data.catalystcenter_area.global",
            "module.catalyst_center.data.catalystcenter_credentials_cli.cli_credentials",
            "module.catalyst_center.data.catalystcenter_network_devices.all_devices"
          ]
        },
        {
          "index_key": "KRK-DNA-P4-BORD12.cisco.com",
          "schema_version": 0,
          "attributes": {
            "border_priority": null,
            "border_types": [
              "LAYER_3"
            ],
            "default_exit": true,
            "device_roles": [
              "BORDER_NODE",
              "CONTROL_PLANE_NODE"
            ],
            "fabric_id": "31f64b11-f1ab-48b5-a56e-6ffdfbeb2f4e",
            "id": "9995b49d-f74c-4dac-b3ad-de444d23572d",
            "import_external_routes": false,
            "local_autonomous_system_number": "65002",
            "network_device_id": "541c0acc-d5d2-45b8-94b8-e03e824a799c",
            "prepend_autonomous_system_count": null
          },
          "sensitive_attributes": [],
          "dependencies": [
            "module.catalyst_center.catalystcenter_area.area_0",
            "module.catalyst_center.catalystcenter_area.area_1",
            "module.catalyst_center.catalystcenter_area.area_2",
            "module.catalyst_center.catalystcenter_building.building",
            "module.catalyst_center.catalystcenter_credentials_cli.cli_credentials",
            "module.catalyst_center.catalystcenter_credentials_https_read.https_read_credentials",
            "module.catalyst_center.catalystcenter_credentials_https_write.https_write_credentials",
            "module.catalyst_center.catalystcenter_credentials_snmpv2_read.snmpv2_read_credentials",
            "module.catalyst_center.catalystcenter_credentials_snmpv2_write.snmpv2_write_credentials",
            "module.catalyst_center.catalystcenter_credentials_snmpv3.snmpv3_credentials",
            "module.catalyst_center.catalystcenter_device_role.role",
            "module.catalyst_center.catalystcenter_discovery.discovery",
            "module.catalyst_center.catalystcenter_fabric_provision_device.border_device",
            "module.catalyst_center.catalystcenter_fabric_site.fabric_site",
            "module.catalyst_center.catalystcenter_floor.floor",
            "module.catalyst_center.catalystcenter_telemetry_settings.telemetry_settings",
            "module.catalyst_center.data.catalystcenter_area.global",
            "module.catalyst_center.data.catalystcenter_credentials_cli.cli_credentials",
            "module.catalyst_center.data.catalystcenter_network_devices.all_devices"
          ]
        },
        {
          "index_key": "KRK-DNA-P4-BORD21.cisco.com",
          "schema_version": 0,
          "attributes": {
            "border_priority": null,
            "border_types": [
              "LAYER_3"
            ],
            "default_exit": true,
            "device_roles": [
              "BORDER_NODE",
              "CONTROL_PLANE_NODE"
            ],
            "fabric_id": "417df4f1-1124-42fa-884c-650c65a1abc8",
            "id": "175425ed-c787-4950-b995-0bda3606a7d4",
            "import_external_routes": true,
            "local_autonomous_system_number": "65003",
            "network_device_id": "18b88e78-bef6-486f-b901-e4082e09a69a",
            "prepend_autonomous_system_count": null
          },
          "sensitive_attributes": [],
          "dependencies": [
            "module.catalyst_center.catalystcenter_area.area_0",
            "module.catalyst_center.catalystcenter_area.area_1",
            "module.catalyst_center.catalystcenter_area.area_2",
            "module.catalyst_center.catalystcenter_building.building",
            "module.catalyst_center.catalystcenter_credentials_cli.cli_credentials",
            "module.catalyst_center.catalystcenter_credentials_https_read.https_read_credentials",
            "module.catalyst_center.catalystcenter_credentials_https_write.https_write_credentials",
            "module.catalyst_center.catalystcenter_credentials_snmpv2_read.snmpv2_read_credentials",
            "module.catalyst_center.catalystcenter_credentials_snmpv2_write.snmpv2_write_credentials",
            "module.catalyst_center.catalystcenter_credentials_snmpv3.snmpv3_credentials",
            "module.catalyst_center.catalystcenter_device_role.role",
            "module.catalyst_center.catalystcenter_discovery.discovery",
            "module.catalyst_center.catalystcenter_fabric_provision_device.border_device",
            "module.catalyst_center.catalystcenter_fabric_site.fabric_site",
            "module.catalyst_center.catalystcenter_floor.floor",
            "module.catalyst_center.catalystcenter_telemetry_settings.telemetry_settings",
            "module.catalyst_center.data.catalystcenter_area.global",
            "module.catalyst_center.data.catalystcenter_credentials_cli.cli_credentials",
            "module.catalyst_center.data.catalystcenter_network_devices.all_devices"
          ]
        }
      ]
    },
    {
      "module": "module.catalyst_center",
      "mode": "managed",
      "type": "catalystcenter_fabric_device",
      "name": "edge_device",
      "provider": "provider[\"registry.terraform.io/ciscodevnet/catalystcenter\"]",
      "instances": [
        {
          "index_key": "KRK-DNA-P4-EDGE11.cisco.com",
          "schema_version": 0,
          "attributes": {
            "border_priority": null,
            "border_types": null,
            "default_exit": null,
            "device_roles": [
              "EDGE_NODE"
            ],
            "fabric_id": "31f64b11-f1ab-48b5-a56e-6ffdfbeb2f4e",
            "id": "db3aef43-3a02-43e6-b83b-dbce44285012",
            "import_external_routes": null,
            "local_autonomous_system_number": null,
            "network_device_id": "f954b367-bcde-4995-9640-4bcfc863f5d1",
            "prepend_autonomous_system_count": null
          },
          "sensitive_attributes": [],
          "dependencies": [
            "module.catalyst_center.catalystcenter_area.area_0",
            "module.catalyst_center.catalystcenter_area.area_1",
            "module.catalyst_center.catalystcenter_area.area_2",
            "module.catalyst_center.catalystcenter_building.building",
            "module.catalyst_center.catalystcenter_credentials_cli.cli_credentials",
            "module.catalyst_center.catalystcenter_credentials_https_read.https_read_credentials",
            "module.catalyst_center.catalystcenter_credentials_https_write.https_write_credentials",
            "module.catalyst_center.catalystcenter_credentials_snmpv2_read.snmpv2_read_credentials",
            "module.catalyst_center.catalystcenter_credentials_snmpv2_write.snmpv2_write_credentials",
            "module.catalyst_center.catalystcenter_credentials_snmpv3.snmpv3_credentials",
            "module.catalyst_center.catalystcenter_device_role.role",
            "module.catalyst_center.catalystcenter_discovery.discovery",
            "module.catalyst_center.catalystcenter_fabric_device.border_device",
            "module.catalyst_center.catalystcenter_fabric_provision_device.border_device",
            "module.catalyst_center.catalystcenter_fabric_provision_device.edge_device",
            "module.catalyst_center.catalystcenter_fabric_site.fabric_site",
            "module.catalyst_center.catalystcenter_floor.floor",
            "module.catalyst_center.catalystcenter_telemetry_settings.telemetry_settings",
            "module.catalyst_center.data.catalystcenter_area.global",
            "module.catalyst_center.data.catalystcenter_credentials_cli.cli_credentials",
            "module.catalyst_center.data.catalystcenter_network_devices.all_devices"
          ]
        },
        {
          "index_key": "KRK-DNA-P4-EDGE12.cisco.com",
          "schema_version": 0,
          "attributes": {
            "border_priority": null,
            "border_types": null,
            "default_exit": null,
            "device_roles": [
              "EDGE_NODE"
            ],
            "fabric_id": "31f64b11-f1ab-48b5-a56e-6ffdfbeb2f4e",
            "id": "2ee13671-5a6f-4a41-ac66-ded448dedd09",
            "import_external_routes": null,
            "local_autonomous_system_number": null,
            "network_device_id": "52fc8677-3c05-430c-8fe3-55f82491946b",
            "prepend_autonomous_system_count": null
          },
          "sensitive_attributes": [],
          "dependencies": [
            "module.catalyst_center.catalystcenter_area.area_0",
            "module.catalyst_center.catalystcenter_area.area_1",
            "module.catalyst_center.catalystcenter_area.area_2",
            "module.catalyst_center.catalystcenter_building.building",
            "module.catalyst_center.catalystcenter_credentials_cli.cli_credentials",
            "module.catalyst_center.catalystcenter_credentials_https_read.https_read_credentials",
            "module.catalyst_center.catalystcenter_credentials_https_write.https_write_credentials",
            "module.catalyst_center.catalystcenter_credentials_snmpv2_read.snmpv2_read_credentials",
            "module.catalyst_center.catalystcenter_credentials_snmpv2_write.snmpv2_write_credentials",
            "module.catalyst_center.catalystcenter_credentials_snmpv3.snmpv3_credentials",
            "module.catalyst_center.catalystcenter_device_role.role",
            "module.catalyst_center.catalystcenter_discovery.discovery",
            "module.catalyst_center.catalystcenter_fabric_device.border_device",
            "module.catalyst_center.catalystcenter_fabric_provision_device.border_device",
            "module.catalyst_center.catalystcenter_fabric_provision_device.edge_device",
            "module.catalyst_center.catalystcenter_fabric_site.fabric_site",
            "module.catalyst_center.catalystcenter_floor.floor",
            "module.catalyst_center.catalystcenter_telemetry_settings.telemetry_settings",
            "module.catalyst_center.data.catalystcenter_area.global",
            "module.catalyst_center.data.catalystcenter_credentials_cli.cli_credentials",
            "module.catalyst_center.data.catalystcenter_network_devices.all_devices"
          ]
        }
      ]
    },
    {
      "module": "module.catalyst_center",
      "mode": "managed",
      "type": "catalystcenter_fabric_l2_virtual_network",
      "name": "l2_vn",
      "provider": "provider[\"registry.terraform.io/ciscodevnet/catalystcenter\"]",
      "instances": []
    },
    {
      "module": "module.catalyst_center",
      "mode": "managed",
      "type": "catalystcenter_fabric_l3_handoff_ip_transit",
      "name": "l3_handoff_ip_transit",
      "provider": "provider[\"registry.terraform.io/ciscodevnet/catalystcenter\"]",
      "instances": [
        {
          "index_key": "Campus/GigabitEthernet0/1/0/BGP65010/KRK-DNA-P4-BORD12.cisco.com",
          "schema_version": 0,
          "attributes": {
            "external_connectivity_ip_pool_name": null,
            "fabric_id": "31f64b11-f1ab-48b5-a56e-6ffdfbeb2f4e",
            "id": "6510ebec-9bc4-4324-8c41-b7f48166d34e",
            "interface_name": "GigabitEthernet0/1/0",
            "local_ip_address": "172.16.140.1/24",
            "local_ipv6_address": null,
            "network_device_id": "541c0acc-d5d2-45b8-94b8-e03e824a799c",
            "remote_ip_address": "172.16.140.2/24",
            "remote_ipv6_address": null,
            "tcp_mss_adjustment": null,
            "transit_network_id": "038bcde1-e487-4e14-83ad-bbc86f2ed00c",
            "virtual_network_name": "Campus",
            "vlan_id": 312
          },
          "sensitive_attributes": [],
          "dependencies": [
            "module.catalyst_center.catalystcenter_area.area_0",
            "module.catalyst_center.catalystcenter_area.area_1",
            "module.catalyst_center.catalystcenter_area.area_2",
            "module.catalyst_center.catalystcenter_building.building",
            "module.catalyst_center.catalystcenter_credentials_cli.cli_credentials",
            "module.catalyst_center.catalystcenter_credentials_https_read.https_read_credentials",
            "module.catalyst_center.catalystcenter_credentials_https_write.https_write_credentials",
            "module.catalyst_center.catalystcenter_credentials_snmpv2_read.snmpv2_read_credentials",
            "module.catalyst_center.catalystcenter_credentials_snmpv2_write.snmpv2_write_credentials",
            "module.catalyst_center.catalystcenter_credentials_snmpv3.snmpv3_credentials",
            "module.catalyst_center.catalystcenter_device_role.role",
            "module.catalyst_center.catalystcenter_discovery.discovery",
            "module.catalyst_center.catalystcenter_fabric_device.border_device",
            "module.catalyst_center.catalystcenter_fabric_l3_virtual_network.l3_vn",
            "module.catalyst_center.catalystcenter_fabric_provision_device.border_device",
            "module.catalyst_center.catalystcenter_fabric_site.fabric_site",
            "module.catalyst_center.catalystcenter_floor.floor",
            "module.catalyst_center.catalystcenter_ip_pool.ip_pool_v4",
            "module.catalyst_center.catalystcenter_ip_pool.ip_pool_v6",
            "module.catalyst_center.catalystcenter_ip_pool_reservation.pool_reservation",
            "module.catalyst_center.catalystcenter_telemetry_settings.telemetry_settings",
            "module.catalyst_center.catalystcenter_transit_network.transit",
            "module.catalyst_center.data.catalystcenter_area.global",
            "module.catalyst_center.data.catalystcenter_credentials_cli.cli_credentials",
            "module.catalyst_center.data.catalystcenter_network_devices.all_devices"
          ]
        },
        {
          "index_key": "Campus/GigabitEthernet2/0/22/BGP65010/KRK-DNA-P4-BORD11.cisco.com",
          "schema_version": 0,
          "attributes": {
            "external_connectivity_ip_pool_name": null,
            "fabric_id": null,
            "id": "e1a0fd99-e2a9-49ac-a748-bf2c338b5fe3",
            "interface_name": null,
            "local_ip_address": null,
            "local_ipv6_address": null,
            "network_device_id": null,
            "remote_ip_address": null,
            "remote_ipv6_address": null,
            "tcp_mss_adjustment": null,
            "transit_network_id": null,
            "virtual_network_name": null,
            "vlan_id": null
          },
          "sensitive_attributes": [],
          "dependencies": [
            "module.catalyst_center.catalystcenter_area.area_0",
            "module.catalyst_center.catalystcenter_area.area_1",
            "module.catalyst_center.catalystcenter_area.area_2",
            "module.catalyst_center.catalystcenter_building.building",
            "module.catalyst_center.catalystcenter_credentials_cli.cli_credentials",
            "module.catalyst_center.catalystcenter_credentials_https_read.https_read_credentials",
            "module.catalyst_center.catalystcenter_credentials_https_write.https_write_credentials",
            "module.catalyst_center.catalystcenter_credentials_snmpv2_read.snmpv2_read_credentials",
            "module.catalyst_center.catalystcenter_credentials_snmpv2_write.snmpv2_write_credentials",
            "module.catalyst_center.catalystcenter_credentials_snmpv3.snmpv3_credentials",
            "module.catalyst_center.catalystcenter_device_role.role",
            "module.catalyst_center.catalystcenter_discovery.discovery",
            "module.catalyst_center.catalystcenter_fabric_device.border_device",
            "module.catalyst_center.catalystcenter_fabric_l3_virtual_network.l3_vn",
            "module.catalyst_center.catalystcenter_fabric_provision_device.border_device",
            "module.catalyst_center.catalystcenter_fabric_site.fabric_site",
            "module.catalyst_center.catalystcenter_floor.floor",
            "module.catalyst_center.catalystcenter_ip_pool.ip_pool_v4",
            "module.catalyst_center.catalystcenter_ip_pool.ip_pool_v6",
            "module.catalyst_center.catalystcenter_ip_pool_reservation.pool_reservation",
            "module.catalyst_center.catalystcenter_telemetry_settings.telemetry_settings",
            "module.catalyst_center.catalystcenter_transit_network.transit",
            "module.catalyst_center.data.catalystcenter_area.global",
            "module.catalyst_center.data.catalystcenter_credentials_cli.cli_credentials",
            "module.catalyst_center.data.catalystcenter_network_devices.all_devices"
          ]
        }
      ]
    },
    {
      "module": "module.catalyst_center",
      "mode": "managed",
      "type": "catalystcenter_fabric_l3_virtual_network",
      "name": "l3_vn",
      "provider": "provider[\"registry.terraform.io/ciscodevnet/catalystcenter\"]",
      "instances": [
        {
          "index_key": "BYOD",
          "schema_version": 0,
          "attributes": {
            "anchored_site_id": null,
            "fabric_ids": [
              "31f64b11-f1ab-48b5-a56e-6ffdfbeb2f4e",
              "417df4f1-1124-42fa-884c-650c65a1abc8"
            ],
            "id": "a2d8452c-9a4a-49cc-8863-095b58a1b3ac",
            "virtual_network_name": "BYOD"
          },
          "sensitive_attributes": [],
          "dependencies": [
            "module.catalyst_center.catalystcenter_area.area_0",
            "module.catalyst_center.catalystcenter_area.area_1",
            "module.catalyst_center.catalystcenter_area.area_2",
            "module.catalyst_center.catalystcenter_building.building",
            "module.catalyst_center.catalystcenter_credentials_cli.cli_credentials",
            "module.catalyst_center.catalystcenter_credentials_https_read.https_read_credentials",
            "module.catalyst_center.catalystcenter_credentials_https_write.https_write_credentials",
            "module.catalyst_center.catalystcenter_credentials_snmpv2_read.snmpv2_read_credentials",
            "module.catalyst_center.catalystcenter_credentials_snmpv2_write.snmpv2_write_credentials",
            "module.catalyst_center.catalystcenter_credentials_snmpv3.snmpv3_credentials",
            "module.catalyst_center.catalystcenter_discovery.discovery",
            "module.catalyst_center.catalystcenter_fabric_site.fabric_site",
            "module.catalyst_center.catalystcenter_floor.floor",
            "module.catalyst_center.catalystcenter_ip_pool.ip_pool_v4",
            "module.catalyst_center.catalystcenter_ip_pool.ip_pool_v6",
            "module.catalyst_center.catalystcenter_ip_pool_reservation.pool_reservation",
            "module.catalyst_center.catalystcenter_telemetry_settings.telemetry_settings",
            "module.catalyst_center.data.catalystcenter_area.global",
            "module.catalyst_center.data.catalystcenter_credentials_cli.cli_credentials"
          ]
        },
        {
          "index_key": "Campus",
          "schema_version": 0,
          "attributes": {
            "anchored_site_id": null,
            "fabric_ids": [
              "31f64b11-f1ab-48b5-a56e-6ffdfbeb2f4e",
              "417df4f1-1124-42fa-884c-650c65a1abc8"
            ],
            "id": "07ae5455-eb41-447f-bc04-3895626c310c",
            "virtual_network_name": "Campus"
          },
          "sensitive_attributes": [],
          "dependencies": [
            "module.catalyst_center.catalystcenter_area.area_0",
            "module.catalyst_center.catalystcenter_area.area_1",
            "module.catalyst_center.catalystcenter_area.area_2",
            "module.catalyst_center.catalystcenter_building.building",
            "module.catalyst_center.catalystcenter_credentials_cli.cli_credentials",
            "module.catalyst_center.catalystcenter_credentials_https_read.https_read_credentials",
            "module.catalyst_center.catalystcenter_credentials_https_write.https_write_credentials",
            "module.catalyst_center.catalystcenter_credentials_snmpv2_read.snmpv2_read_credentials",
            "module.catalyst_center.catalystcenter_credentials_snmpv2_write.snmpv2_write_credentials",
            "module.catalyst_center.catalystcenter_credentials_snmpv3.snmpv3_credentials",
            "module.catalyst_center.catalystcenter_discovery.discovery",
            "module.catalyst_center.catalystcenter_fabric_site.fabric_site",
            "module.catalyst_center.catalystcenter_floor.floor",
            "module.catalyst_center.catalystcenter_ip_pool.ip_pool_v4",
            "module.catalyst_center.catalystcenter_ip_pool.ip_pool_v6",
            "module.catalyst_center.catalystcenter_ip_pool_reservation.pool_reservation",
            "module.catalyst_center.catalystcenter_telemetry_settings.telemetry_settings",
            "module.catalyst_center.data.catalystcenter_area.global",
            "module.catalyst_center.data.catalystcenter_credentials_cli.cli_credentials"
          ]
        },
        {
          "index_key": "Guest",
          "schema_version": 0,
          "attributes": {
            "anchored_site_id": null,
            "fabric_ids": [
              "31f64b11-f1ab-48b5-a56e-6ffdfbeb2f4e",
              "417df4f1-1124-42fa-884c-650c65a1abc8"
            ],
            "id": "3db4e7a7-1680-43cf-812b-b321599d7dfd",
            "virtual_network_name": "Guest"
          },
          "sensitive_attributes": [],
          "dependencies": [
            "module.catalyst_center.catalystcenter_area.area_0",
            "module.catalyst_center.catalystcenter_area.area_1",
            "module.catalyst_center.catalystcenter_area.area_2",
            "module.catalyst_center.catalystcenter_building.building",
            "module.catalyst_center.catalystcenter_credentials_cli.cli_credentials",
            "module.catalyst_center.catalystcenter_credentials_https_read.https_read_credentials",
            "module.catalyst_center.catalystcenter_credentials_https_write.https_write_credentials",
            "module.catalyst_center.catalystcenter_credentials_snmpv2_read.snmpv2_read_credentials",
            "module.catalyst_center.catalystcenter_credentials_snmpv2_write.snmpv2_write_credentials",
            "module.catalyst_center.catalystcenter_credentials_snmpv3.snmpv3_credentials",
            "module.catalyst_center.catalystcenter_discovery.discovery",
            "module.catalyst_center.catalystcenter_fabric_site.fabric_site",
            "module.catalyst_center.catalystcenter_floor.floor",
            "module.catalyst_center.catalystcenter_ip_pool.ip_pool_v4",
            "module.catalyst_center.catalystcenter_ip_pool.ip_pool_v6",
            "module.catalyst_center.catalystcenter_ip_pool_reservation.pool_reservation",
            "module.catalyst_center.catalystcenter_telemetry_settings.telemetry_settings",
            "module.catalyst_center.data.catalystcenter_area.global",
            "module.catalyst_center.data.catalystcenter_credentials_cli.cli_credentials"
          ]
        },
        {
          "index_key": "Printers",
          "schema_version": 0,
          "attributes": {
            "anchored_site_id": null,
            "fabric_ids": [
              "31f64b11-f1ab-48b5-a56e-6ffdfbeb2f4e",
              "417df4f1-1124-42fa-884c-650c65a1abc8"
            ],
            "id": "41a55588-18cb-4f04-9be2-52e3b69066dd",
            "virtual_network_name": "Printers"
          },
          "sensitive_attributes": [],
          "dependencies": [
            "module.catalyst_center.catalystcenter_area.area_0",
            "module.catalyst_center.catalystcenter_area.area_1",
            "module.catalyst_center.catalystcenter_area.area_2",
            "module.catalyst_center.catalystcenter_building.building",
            "module.catalyst_center.catalystcenter_credentials_cli.cli_credentials",
            "module.catalyst_center.catalystcenter_credentials_https_read.https_read_credentials",
            "module.catalyst_center.catalystcenter_credentials_https_write.https_write_credentials",
            "module.catalyst_center.catalystcenter_credentials_snmpv2_read.snmpv2_read_credentials",
            "module.catalyst_center.catalystcenter_credentials_snmpv2_write.snmpv2_write_credentials",
            "module.catalyst_center.catalystcenter_credentials_snmpv3.snmpv3_credentials",
            "module.catalyst_center.catalystcenter_discovery.discovery",
            "module.catalyst_center.catalystcenter_fabric_site.fabric_site",
            "module.catalyst_center.catalystcenter_floor.floor",
            "module.catalyst_center.catalystcenter_ip_pool.ip_pool_v4",
            "module.catalyst_center.catalystcenter_ip_pool.ip_pool_v6",
            "module.catalyst_center.catalystcenter_ip_pool_reservation.pool_reservation",
            "module.catalyst_center.catalystcenter_telemetry_settings.telemetry_settings",
            "module.catalyst_center.data.catalystcenter_area.global",
            "module.catalyst_center.data.catalystcenter_credentials_cli.cli_credentials"
          ]
        }
      ]
    },
    {
      "module": "module.catalyst_center",
      "mode": "managed",
      "type": "catalystcenter_fabric_port_assignments",
      "name": "port_assignments",
      "provider": "provider[\"registry.terraform.io/ciscodevnet/catalystcenter\"]",
      "instances": [
        {
          "index_key": "KRK-DNA-P4-EDGE11.cisco.com",
          "schema_version": 0,
          "attributes": {
            "fabric_id": "31f64b11-f1ab-48b5-a56e-6ffdfbeb2f4e",
            "id": "f954b367-bcde-4995-9640-4bcfc863f5d1",
            "network_device_id": "f954b367-bcde-4995-9640-4bcfc863f5d1",
            "port_assignments": [
              {
                "authenticate_template_name": "No Authentication",
                "connected_device_type": "USER_DEVICE",
                "data_vlan_name": "192_168_100_0-Campus",
                "fabric_id": "31f64b11-f1ab-48b5-a56e-6ffdfbeb2f4e",
                "id": "42b3e977-018d-4461-b269-fb3b1d8142e8",
                "interface_description": null,
                "interface_name": "GigabitEthernet1/0/1",
                "network_device_id": "f954b367-bcde-4995-9640-4bcfc863f5d1",
                "security_group_name": null,
                "voice_vlan_name": null
              }
            ]
          },
          "sensitive_attributes": [],
          "dependencies": [
            "module.catalyst_center.catalystcenter_anycast_gateway.anycast_gateway",
            "module.catalyst_center.catalystcenter_area.area_0",
            "module.catalyst_center.catalystcenter_area.area_1",
            "module.catalyst_center.catalystcenter_area.area_2",
            "module.catalyst_center.catalystcenter_building.building",
            "module.catalyst_center.catalystcenter_credentials_cli.cli_credentials",
            "module.catalyst_center.catalystcenter_credentials_https_read.https_read_credentials",
            "module.catalyst_center.catalystcenter_credentials_https_write.https_write_credentials",
            "module.catalyst_center.catalystcenter_credentials_snmpv2_read.snmpv2_read_credentials",
            "module.catalyst_center.catalystcenter_credentials_snmpv2_write.snmpv2_write_credentials",
            "module.catalyst_center.catalystcenter_credentials_snmpv3.snmpv3_credentials",
            "module.catalyst_center.catalystcenter_device_role.role",
            "module.catalyst_center.catalystcenter_discovery.discovery",
            "module.catalyst_center.catalystcenter_fabric_device.border_device",
            "module.catalyst_center.catalystcenter_fabric_device.edge_device",
            "module.catalyst_center.catalystcenter_fabric_l3_virtual_network.l3_vn",
            "module.catalyst_center.catalystcenter_fabric_provision_device.border_device",
            "module.catalyst_center.catalystcenter_fabric_provision_device.edge_device",
            "module.catalyst_center.catalystcenter_fabric_site.fabric_site",
            "module.catalyst_center.catalystcenter_floor.floor",
            "module.catalyst_center.catalystcenter_ip_pool.ip_pool_v4",
            "module.catalyst_center.catalystcenter_ip_pool.ip_pool_v6",
            "module.catalyst_center.catalystcenter_ip_pool_reservation.pool_reservation",
            "module.catalyst_center.catalystcenter_telemetry_settings.telemetry_settings",
            "module.catalyst_center.data.catalystcenter_area.global",
            "module.catalyst_center.data.catalystcenter_credentials_cli.cli_credentials",
            "module.catalyst_center.data.catalystcenter_network_devices.all_devices"
          ]
        },
        {
          "index_key": "KRK-DNA-P4-EDGE12.cisco.com",
          "schema_version": 0,
          "attributes": {
            "fabric_id": "31f64b11-f1ab-48b5-a56e-6ffdfbeb2f4e",
            "id": "52fc8677-3c05-430c-8fe3-55f82491946b",
            "network_device_id": "52fc8677-3c05-430c-8fe3-55f82491946b",
            "port_assignments": [
              {
                "authenticate_template_name": "No Authentication",
                "connected_device_type": "USER_DEVICE",
                "data_vlan_name": "192_168_100_0-Campus",
                "fabric_id": "31f64b11-f1ab-48b5-a56e-6ffdfbeb2f4e",
                "id": "ea967abc-ec75-45ab-a0d9-9d15480ea1c0",
                "interface_description": null,
                "interface_name": "GigabitEthernet1/0/1",
                "network_device_id": "52fc8677-3c05-430c-8fe3-55f82491946b",
                "security_group_name": null,
                "voice_vlan_name": null
              }
            ]
          },
          "sensitive_attributes": [],
          "dependencies": [
            "module.catalyst_center.catalystcenter_anycast_gateway.anycast_gateway",
            "module.catalyst_center.catalystcenter_area.area_0",
            "module.catalyst_center.catalystcenter_area.area_1",
            "module.catalyst_center.catalystcenter_area.area_2",
            "module.catalyst_center.catalystcenter_building.building",
            "module.catalyst_center.catalystcenter_credentials_cli.cli_credentials",
            "module.catalyst_center.catalystcenter_credentials_https_read.https_read_credentials",
            "module.catalyst_center.catalystcenter_credentials_https_write.https_write_credentials",
            "module.catalyst_center.catalystcenter_credentials_snmpv2_read.snmpv2_read_credentials",
            "module.catalyst_center.catalystcenter_credentials_snmpv2_write.snmpv2_write_credentials",
            "module.catalyst_center.catalystcenter_credentials_snmpv3.snmpv3_credentials",
            "module.catalyst_center.catalystcenter_device_role.role",
            "module.catalyst_center.catalystcenter_discovery.discovery",
            "module.catalyst_center.catalystcenter_fabric_device.border_device",
            "module.catalyst_center.catalystcenter_fabric_device.edge_device",
            "module.catalyst_center.catalystcenter_fabric_l3_virtual_network.l3_vn",
            "module.catalyst_center.catalystcenter_fabric_provision_device.border_device",
            "module.catalyst_center.catalystcenter_fabric_provision_device.edge_device",
            "module.catalyst_center.catalystcenter_fabric_site.fabric_site",
            "module.catalyst_center.catalystcenter_floor.floor",
            "module.catalyst_center.catalystcenter_ip_pool.ip_pool_v4",
            "module.catalyst_center.catalystcenter_ip_pool.ip_pool_v6",
            "module.catalyst_center.catalystcenter_ip_pool_reservation.pool_reservation",
            "module.catalyst_center.catalystcenter_telemetry_settings.telemetry_settings",
            "module.catalyst_center.data.catalystcenter_area.global",
            "module.catalyst_center.data.catalystcenter_credentials_cli.cli_credentials",
            "module.catalyst_center.data.catalystcenter_network_devices.all_devices"
          ]
        }
      ]
    },
    {
      "module": "module.catalyst_center",
      "mode": "managed",
      "type": "catalystcenter_fabric_provision_device",
      "name": "border_device",
      "provider": "provider[\"registry.terraform.io/ciscodevnet/catalystcenter\"]",
      "instances": [
        {
          "index_key": "KRK-DNA-P4-BORD11.cisco.com",
          "schema_version": 0,
          "attributes": {
            "id": "5f99b9e9-bbb5-4ad0-aa22-f5cfd0735c6c",
            "network_device_id": "a144a086-750c-4af1-ac57-feab33a69851",
            "reprovision": false,
            "site_id": "c1c1c8f2-f5e9-4ea4-9b17-db7e044d56fc"
          },
          "sensitive_attributes": [],
          "dependencies": [
            "module.catalyst_center.catalystcenter_area.area_0",
            "module.catalyst_center.catalystcenter_area.area_1",
            "module.catalyst_center.catalystcenter_area.area_2",
            "module.catalyst_center.catalystcenter_building.building",
            "module.catalyst_center.catalystcenter_credentials_cli.cli_credentials",
            "module.catalyst_center.catalystcenter_credentials_https_read.https_read_credentials",
            "module.catalyst_center.catalystcenter_credentials_https_write.https_write_credentials",
            "module.catalyst_center.catalystcenter_credentials_snmpv2_read.snmpv2_read_credentials",
            "module.catalyst_center.catalystcenter_credentials_snmpv2_write.snmpv2_write_credentials",
            "module.catalyst_center.catalystcenter_credentials_snmpv3.snmpv3_credentials",
            "module.catalyst_center.catalystcenter_device_role.role",
            "module.catalyst_center.catalystcenter_discovery.discovery",
            "module.catalyst_center.catalystcenter_floor.floor",
            "module.catalyst_center.data.catalystcenter_credentials_cli.cli_credentials",
            "module.catalyst_center.data.catalystcenter_network_devices.all_devices"
          ]
        },
        {
          "index_key": "KRK-DNA-P4-BORD12.cisco.com",
          "schema_version": 0,
          "attributes": {
            "id": "9995b49d-f74c-4dac-b3ad-de444d23572d",
            "network_device_id": "541c0acc-d5d2-45b8-94b8-e03e824a799c",
            "reprovision": false,
            "site_id": "c1c1c8f2-f5e9-4ea4-9b17-db7e044d56fc"
          },
          "sensitive_attributes": [],
          "dependencies": [
            "module.catalyst_center.catalystcenter_area.area_0",
            "module.catalyst_center.catalystcenter_area.area_1",
            "module.catalyst_center.catalystcenter_area.area_2",
            "module.catalyst_center.catalystcenter_building.building",
            "module.catalyst_center.catalystcenter_credentials_cli.cli_credentials",
            "module.catalyst_center.catalystcenter_credentials_https_read.https_read_credentials",
            "module.catalyst_center.catalystcenter_credentials_https_write.https_write_credentials",
            "module.catalyst_center.catalystcenter_credentials_snmpv2_read.snmpv2_read_credentials",
            "module.catalyst_center.catalystcenter_credentials_snmpv2_write.snmpv2_write_credentials",
            "module.catalyst_center.catalystcenter_credentials_snmpv3.snmpv3_credentials",
            "module.catalyst_center.catalystcenter_device_role.role",
            "module.catalyst_center.catalystcenter_discovery.discovery",
            "module.catalyst_center.catalystcenter_floor.floor",
            "module.catalyst_center.data.catalystcenter_credentials_cli.cli_credentials",
            "module.catalyst_center.data.catalystcenter_network_devices.all_devices"
          ]
        },
        {
          "index_key": "KRK-DNA-P4-BORD21.cisco.com",
          "schema_version": 0,
          "attributes": {
            "id": "175425ed-c787-4950-b995-0bda3606a7d4",
            "network_device_id": "18b88e78-bef6-486f-b901-e4082e09a69a",
            "reprovision": false,
            "site_id": "6e0bb337-0a83-40ec-968e-c23b5aa4abd0"
          },
          "sensitive_attributes": [],
          "dependencies": [
            "module.catalyst_center.catalystcenter_area.area_0",
            "module.catalyst_center.catalystcenter_area.area_1",
            "module.catalyst_center.catalystcenter_area.area_2",
            "module.catalyst_center.catalystcenter_building.building",
            "module.catalyst_center.catalystcenter_credentials_cli.cli_credentials",
            "module.catalyst_center.catalystcenter_credentials_https_read.https_read_credentials",
            "module.catalyst_center.catalystcenter_credentials_https_write.https_write_credentials",
            "module.catalyst_center.catalystcenter_credentials_snmpv2_read.snmpv2_read_credentials",
            "module.catalyst_center.catalystcenter_credentials_snmpv2_write.snmpv2_write_credentials",
            "module.catalyst_center.catalystcenter_credentials_snmpv3.snmpv3_credentials",
            "module.catalyst_center.catalystcenter_device_role.role",
            "module.catalyst_center.catalystcenter_discovery.discovery",
            "module.catalyst_center.catalystcenter_floor.floor",
            "module.catalyst_center.data.catalystcenter_credentials_cli.cli_credentials",
            "module.catalyst_center.data.catalystcenter_network_devices.all_devices"
          ]
        }
      ]
    },
    {
      "module": "module.catalyst_center",
      "mode": "managed",
      "type": "catalystcenter_fabric_provision_device",
      "name": "edge_device",
      "provider": "provider[\"registry.terraform.io/ciscodevnet/catalystcenter\"]",
      "instances": [
        {
          "index_key": "KRK-DNA-P4-EDGE11.cisco.com",
          "schema_version": 0,
          "attributes": {
            "id": "db3aef43-3a02-43e6-b83b-dbce44285012",
            "network_device_id": "f954b367-bcde-4995-9640-4bcfc863f5d1",
            "reprovision": false,
            "site_id": "c1c1c8f2-f5e9-4ea4-9b17-db7e044d56fc"
          },
          "sensitive_attributes": [],
          "dependencies": [
            "module.catalyst_center.catalystcenter_area.area_0",
            "module.catalyst_center.catalystcenter_area.area_1",
            "module.catalyst_center.catalystcenter_area.area_2",
            "module.catalyst_center.catalystcenter_building.building",
            "module.catalyst_center.catalystcenter_credentials_cli.cli_credentials",
            "module.catalyst_center.catalystcenter_credentials_https_read.https_read_credentials",
            "module.catalyst_center.catalystcenter_credentials_https_write.https_write_credentials",
            "module.catalyst_center.catalystcenter_credentials_snmpv2_read.snmpv2_read_credentials",
            "module.catalyst_center.catalystcenter_credentials_snmpv2_write.snmpv2_write_credentials",
            "module.catalyst_center.catalystcenter_credentials_snmpv3.snmpv3_credentials",
            "module.catalyst_center.catalystcenter_device_role.role",
            "module.catalyst_center.catalystcenter_discovery.discovery",
            "module.catalyst_center.catalystcenter_fabric_provision_device.border_device",
            "module.catalyst_center.catalystcenter_floor.floor",
            "module.catalyst_center.data.catalystcenter_credentials_cli.cli_credentials",
            "module.catalyst_center.data.catalystcenter_network_devices.all_devices"
          ]
        },
        {
          "index_key": "KRK-DNA-P4-EDGE12.cisco.com",
          "schema_version": 0,
          "attributes": {
            "id": "2ee13671-5a6f-4a41-ac66-ded448dedd09",
            "network_device_id": "52fc8677-3c05-430c-8fe3-55f82491946b",
            "reprovision": false,
            "site_id": "c1c1c8f2-f5e9-4ea4-9b17-db7e044d56fc"
          },
          "sensitive_attributes": [],
          "dependencies": [
            "module.catalyst_center.catalystcenter_area.area_0",
            "module.catalyst_center.catalystcenter_area.area_1",
            "module.catalyst_center.catalystcenter_area.area_2",
            "module.catalyst_center.catalystcenter_building.building",
            "module.catalyst_center.catalystcenter_credentials_cli.cli_credentials",
            "module.catalyst_center.catalystcenter_credentials_https_read.https_read_credentials",
            "module.catalyst_center.catalystcenter_credentials_https_write.https_write_credentials",
            "module.catalyst_center.catalystcenter_credentials_snmpv2_read.snmpv2_read_credentials",
            "module.catalyst_center.catalystcenter_credentials_snmpv2_write.snmpv2_write_credentials",
            "module.catalyst_center.catalystcenter_credentials_snmpv3.snmpv3_credentials",
            "module.catalyst_center.catalystcenter_device_role.role",
            "module.catalyst_center.catalystcenter_discovery.discovery",
            "module.catalyst_center.catalystcenter_fabric_provision_device.border_device",
            "module.catalyst_center.catalystcenter_floor.floor",
            "module.catalyst_center.data.catalystcenter_credentials_cli.cli_credentials",
            "module.catalyst_center.data.catalystcenter_network_devices.all_devices"
          ]
        },
        {
          "index_key": "KRK-DNA-P4-EDGE21.cisco.com",
          "schema_version": 0,
          "attributes": {
            "id": "f3a8bb1b-f5df-4d57-a2dc-7993c7a8ae95",
            "network_device_id": "b2edb1e6-678d-493d-9522-1facfeae75bd",
            "reprovision": false,
            "site_id": "6e0bb337-0a83-40ec-968e-c23b5aa4abd0"
          },
          "sensitive_attributes": [],
          "dependencies": [
            "module.catalyst_center.catalystcenter_area.area_0",
            "module.catalyst_center.catalystcenter_area.area_1",
            "module.catalyst_center.catalystcenter_area.area_2",
            "module.catalyst_center.catalystcenter_building.building",
            "module.catalyst_center.catalystcenter_credentials_cli.cli_credentials",
            "module.catalyst_center.catalystcenter_credentials_https_read.https_read_credentials",
            "module.catalyst_center.catalystcenter_credentials_https_write.https_write_credentials",
            "module.catalyst_center.catalystcenter_credentials_snmpv2_read.snmpv2_read_credentials",
            "module.catalyst_center.catalystcenter_credentials_snmpv2_write.snmpv2_write_credentials",
            "module.catalyst_center.catalystcenter_credentials_snmpv3.snmpv3_credentials",
            "module.catalyst_center.catalystcenter_device_role.role",
            "module.catalyst_center.catalystcenter_discovery.discovery",
            "module.catalyst_center.catalystcenter_fabric_provision_device.border_device",
            "module.catalyst_center.catalystcenter_floor.floor",
            "module.catalyst_center.data.catalystcenter_credentials_cli.cli_credentials",
            "module.catalyst_center.data.catalystcenter_network_devices.all_devices"
          ]
        }
      ]
    },
    {
      "module": "module.catalyst_center",
      "mode": "managed",
      "type": "catalystcenter_fabric_provision_device",
      "name": "non_fabric_device",
      "provider": "provider[\"registry.terraform.io/ciscodevnet/catalystcenter\"]",
      "instances": [
        {
          "index_key": "KRK-DNA-P4-BORD22.cisco.com",
          "schema_version": 0,
          "attributes": {
            "id": "12adcd5a-dc66-4554-b4e0-1c287307f03b",
            "network_device_id": "d77c287d-8349-4958-8f1d-eb74cf0a874d",
            "reprovision": false,
            "site_id": "c1c1c8f2-f5e9-4ea4-9b17-db7e044d56fc"
          },
          "sensitive_attributes": [],
          "dependencies": [
            "module.catalyst_center.catalystcenter_area.area_0",
            "module.catalyst_center.catalystcenter_area.area_1",
            "module.catalyst_center.catalystcenter_area.area_2",
            "module.catalyst_center.catalystcenter_building.building",
            "module.catalyst_center.catalystcenter_credentials_cli.cli_credentials",
            "module.catalyst_center.catalystcenter_credentials_https_read.https_read_credentials",
            "module.catalyst_center.catalystcenter_credentials_https_write.https_write_credentials",
            "module.catalyst_center.catalystcenter_credentials_snmpv2_read.snmpv2_read_credentials",
            "module.catalyst_center.catalystcenter_credentials_snmpv2_write.snmpv2_write_credentials",
            "module.catalyst_center.catalystcenter_credentials_snmpv3.snmpv3_credentials",
            "module.catalyst_center.catalystcenter_device_role.role",
            "module.catalyst_center.catalystcenter_discovery.discovery",
            "module.catalyst_center.catalystcenter_floor.floor",
            "module.catalyst_center.data.catalystcenter_credentials_cli.cli_credentials",
            "module.catalyst_center.data.catalystcenter_network_devices.all_devices"
          ]
        }
      ]
    },
    {
      "module": "module.catalyst_center",
      "mode": "managed",
      "type": "catalystcenter_fabric_site",
      "name": "fabric_site",
      "provider": "provider[\"registry.terraform.io/ciscodevnet/catalystcenter\"]",
      "instances": [
        {
          "index_key": "Global/Poland/Krakow",
          "schema_version": 0,
          "attributes": {
            "authentication_profile_name": "No Authentication",
            "id": "31f64b11-f1ab-48b5-a56e-6ffdfbeb2f4e",
            "pub_sub_enabled": true,
            "site_id": "5749c2de-4663-4cdc-9181-762a4148b12a"
          },
          "sensitive_attributes": [],
          "dependencies": [
            "module.catalyst_center.catalystcenter_area.area_0",
            "module.catalyst_center.catalystcenter_area.area_1",
            "module.catalyst_center.catalystcenter_area.area_2",
            "module.catalyst_center.catalystcenter_building.building",
            "module.catalyst_center.catalystcenter_credentials_cli.cli_credentials",
            "module.catalyst_center.catalystcenter_credentials_https_read.https_read_credentials",
            "module.catalyst_center.catalystcenter_credentials_https_write.https_write_credentials",
            "module.catalyst_center.catalystcenter_credentials_snmpv2_read.snmpv2_read_credentials",
            "module.catalyst_center.catalystcenter_credentials_snmpv2_write.snmpv2_write_credentials",
            "module.catalyst_center.catalystcenter_credentials_snmpv3.snmpv3_credentials",
            "module.catalyst_center.catalystcenter_discovery.discovery",
            "module.catalyst_center.catalystcenter_floor.floor",
            "module.catalyst_center.catalystcenter_telemetry_settings.telemetry_settings",
            "module.catalyst_center.data.catalystcenter_area.global",
            "module.catalyst_center.data.catalystcenter_credentials_cli.cli_credentials"
          ]
        },
        {
          "index_key": "Global/Poland/Warsaw",
          "schema_version": 0,
          "attributes": {
            "authentication_profile_name": "No Authentication",
            "id": "417df4f1-1124-42fa-884c-650c65a1abc8",
            "pub_sub_enabled": true,
            "site_id": "97e29c3f-390e-4a48-a74f-b38ae2d5801b"
          },
          "sensitive_attributes": [],
          "dependencies": [
            "module.catalyst_center.catalystcenter_area.area_0",
            "module.catalyst_center.catalystcenter_area.area_1",
            "module.catalyst_center.catalystcenter_area.area_2",
            "module.catalyst_center.catalystcenter_building.building",
            "module.catalyst_center.catalystcenter_credentials_cli.cli_credentials",
            "module.catalyst_center.catalystcenter_credentials_https_read.https_read_credentials",
            "module.catalyst_center.catalystcenter_credentials_https_write.https_write_credentials",
            "module.catalyst_center.catalystcenter_credentials_snmpv2_read.snmpv2_read_credentials",
            "module.catalyst_center.catalystcenter_credentials_snmpv2_write.snmpv2_write_credentials",
            "module.catalyst_center.catalystcenter_credentials_snmpv3.snmpv3_credentials",
            "module.catalyst_center.catalystcenter_discovery.discovery",
            "module.catalyst_center.catalystcenter_floor.floor",
            "module.catalyst_center.catalystcenter_telemetry_settings.telemetry_settings",
            "module.catalyst_center.data.catalystcenter_area.global",
            "module.catalyst_center.data.catalystcenter_credentials_cli.cli_credentials"
          ]
        }
      ]
    },
    {
      "module": "module.catalyst_center",
      "mode": "managed",
      "type": "catalystcenter_floor",
      "name": "floor",
      "provider": "provider[\"registry.terraform.io/ciscodevnet/catalystcenter\"]",
      "instances": [
        {
          "index_key": "Global/Poland/Krakow/Bld A/FLOOR_1",
          "schema_version": 0,
          "attributes": {
            "floor_number": 1,
            "height": 3,
            "id": "471f9dfd-df20-4d59-bbaa-c10b2f087df7",
            "length": 30,
            "name": "FLOOR_1",
            "parent_name": "Global/Poland/Krakow/Bld A",
            "rf_model": "Cubes And Walled Offices",
            "width": 30
          },
          "sensitive_attributes": [],
          "dependencies": [
            "module.catalyst_center.catalystcenter_area.area_0",
            "module.catalyst_center.catalystcenter_area.area_1",
            "module.catalyst_center.catalystcenter_area.area_2",
            "module.catalyst_center.catalystcenter_building.building",
            "module.catalyst_center.catalystcenter_credentials_cli.cli_credentials",
            "module.catalyst_center.catalystcenter_credentials_https_read.https_read_credentials",
            "module.catalyst_center.catalystcenter_credentials_https_write.https_write_credentials",
            "module.catalyst_center.catalystcenter_credentials_snmpv2_read.snmpv2_read_credentials",
            "module.catalyst_center.catalystcenter_credentials_snmpv2_write.snmpv2_write_credentials",
            "module.catalyst_center.catalystcenter_credentials_snmpv3.snmpv3_credentials",
            "module.catalyst_center.catalystcenter_discovery.discovery",
            "module.catalyst_center.data.catalystcenter_credentials_cli.cli_credentials"
          ]
        },
        {
          "index_key": "Global/Poland/Krakow/Bld A/FLOOR_2",
          "schema_version": 0,
          "attributes": {
            "floor_number": 2,
            "height": 3,
            "id": "3d383bf2-2b65-4090-bbe6-5534f16edcc7",
            "length": 30,
            "name": "FLOOR_2",
            "parent_name": "Global/Poland/Krakow/Bld A",
            "rf_model": "Cubes And Walled Offices",
            "width": 30
          },
          "sensitive_attributes": [],
          "dependencies": [
            "module.catalyst_center.catalystcenter_area.area_0",
            "module.catalyst_center.catalystcenter_area.area_1",
            "module.catalyst_center.catalystcenter_area.area_2",
            "module.catalyst_center.catalystcenter_building.building",
            "module.catalyst_center.catalystcenter_credentials_cli.cli_credentials",
            "module.catalyst_center.catalystcenter_credentials_https_read.https_read_credentials",
            "module.catalyst_center.catalystcenter_credentials_https_write.https_write_credentials",
            "module.catalyst_center.catalystcenter_credentials_snmpv2_read.snmpv2_read_credentials",
            "module.catalyst_center.catalystcenter_credentials_snmpv2_write.snmpv2_write_credentials",
            "module.catalyst_center.catalystcenter_credentials_snmpv3.snmpv3_credentials",
            "module.catalyst_center.catalystcenter_discovery.discovery",
            "module.catalyst_center.data.catalystcenter_credentials_cli.cli_credentials"
          ]
        }
      ]
    },
    {
      "module": "module.catalyst_center",
      "mode": "managed",
      "type": "catalystcenter_ip_pool",
      "name": "ip_pool_v4",
      "provider": "provider[\"registry.terraform.io/ciscodevnet/catalystcenter\"]",
      "instances": [
        {
          "index_key": "Overlay",
          "schema_version": 0,
          "attributes": {
            "dhcp_server_ips": null,
            "dns_server_ips": null,
            "gateway": null,
            "id": "1a2eb431-89a0-4eb2-b277-163e555950b7",
            "ip_address_space": "IPv4",
            "ip_subnet": "192.168.0.0/16",
            "name": "Overlay",
            "type": "generic"
          },
          "sensitive_attributes": [],
          "dependencies": [
            "module.catalyst_center.catalystcenter_area.area_0",
            "module.catalyst_center.catalystcenter_area.area_1",
            "module.catalyst_center.catalystcenter_area.area_2",
            "module.catalyst_center.catalystcenter_building.building",
            "module.catalyst_center.catalystcenter_credentials_cli.cli_credentials",
            "module.catalyst_center.catalystcenter_credentials_https_read.https_read_credentials",
            "module.catalyst_center.catalystcenter_credentials_https_write.https_write_credentials",
            "module.catalyst_center.catalystcenter_credentials_snmpv2_read.snmpv2_read_credentials",
            "module.catalyst_center.catalystcenter_credentials_snmpv2_write.snmpv2_write_credentials",
            "module.catalyst_center.catalystcenter_credentials_snmpv3.snmpv3_credentials",
            "module.catalyst_center.catalystcenter_discovery.discovery",
            "module.catalyst_center.catalystcenter_floor.floor",
            "module.catalyst_center.data.catalystcenter_credentials_cli.cli_credentials"
          ]
        }
      ]
    },
    {
      "module": "module.catalyst_center",
      "mode": "managed",
      "type": "catalystcenter_ip_pool",
      "name": "ip_pool_v6",
      "provider": "provider[\"registry.terraform.io/ciscodevnet/catalystcenter\"]",
      "instances": []
    },
    {
      "module": "module.catalyst_center",
      "mode": "managed",
      "type": "catalystcenter_ip_pool_reservation",
      "name": "pool_reservation",
      "provider": "provider[\"registry.terraform.io/ciscodevnet/catalystcenter\"]",
      "instances": [
        {
          "index_key": "BYOD-IPPool",
          "schema_version": 0,
          "attributes": {
            "id": "28f53c12-79d6-46dd-860f-63cf27ebd375",
            "ipv4_dhcp_servers": [
              "198.18.130.11"
            ],
            "ipv4_dns_servers": [
              "198.18.130.11"
            ],
            "ipv4_gateway": "192.168.103.1",
            "ipv4_global_pool": "192.168.0.0/16",
            "ipv4_prefix": true,
            "ipv4_prefix_length": 24,
            "ipv4_subnet": "192.168.103.0",
            "ipv4_total_host": null,
            "ipv6_address_space": false,
            "ipv6_dhcp_servers": null,
            "ipv6_dns_servers": null,
            "ipv6_gateway": null,
            "ipv6_global_pool": null,
            "ipv6_prefix": false,
            "ipv6_prefix_length": null,
            "ipv6_subnet": null,
            "ipv6_total_host": null,
            "name": "BYOD-IPPool",
            "site_id": "5749c2de-4663-4cdc-9181-762a4148b12a",
            "slaac_support": null,
            "type": "Generic"
          },
          "sensitive_attributes": [],
          "dependencies": [
            "module.catalyst_center.catalystcenter_area.area_0",
            "module.catalyst_center.catalystcenter_area.area_1",
            "module.catalyst_center.catalystcenter_area.area_2",
            "module.catalyst_center.catalystcenter_building.building",
            "module.catalyst_center.catalystcenter_credentials_cli.cli_credentials",
            "module.catalyst_center.catalystcenter_credentials_https_read.https_read_credentials",
            "module.catalyst_center.catalystcenter_credentials_https_write.https_write_credentials",
            "module.catalyst_center.catalystcenter_credentials_snmpv2_read.snmpv2_read_credentials",
            "module.catalyst_center.catalystcenter_credentials_snmpv2_write.snmpv2_write_credentials",
            "module.catalyst_center.catalystcenter_credentials_snmpv3.snmpv3_credentials",
            "module.catalyst_center.catalystcenter_discovery.discovery",
            "module.catalyst_center.catalystcenter_floor.floor",
            "module.catalyst_center.catalystcenter_ip_pool.ip_pool_v4",
            "module.catalyst_center.catalystcenter_ip_pool.ip_pool_v6",
            "module.catalyst_center.data.catalystcenter_credentials_cli.cli_credentials"
          ]
        },
        {
          "index_key": "BYOD-WAW-IPPool",
          "schema_version": 0,
          "attributes": {
            "id": "0aa7bb83-e583-41ad-926c-dc3df51251a8",
            "ipv4_dhcp_servers": [
              "198.18.130.11"
            ],
            "ipv4_dns_servers": [
              "198.18.130.11"
            ],
            "ipv4_gateway": "192.168.203.1",
            "ipv4_global_pool": "192.168.0.0/16",
            "ipv4_prefix": true,
            "ipv4_prefix_length": 24,
            "ipv4_subnet": "192.168.203.0",
            "ipv4_total_host": null,
            "ipv6_address_space": false,
            "ipv6_dhcp_servers": null,
            "ipv6_dns_servers": null,
            "ipv6_gateway": null,
            "ipv6_global_pool": null,
            "ipv6_prefix": false,
            "ipv6_prefix_length": null,
            "ipv6_subnet": null,
            "ipv6_total_host": null,
            "name": "BYOD-WAW-IPPool",
            "site_id": "97e29c3f-390e-4a48-a74f-b38ae2d5801b",
            "slaac_support": null,
            "type": "Generic"
          },
          "sensitive_attributes": [],
          "dependencies": [
            "module.catalyst_center.catalystcenter_area.area_0",
            "module.catalyst_center.catalystcenter_area.area_1",
            "module.catalyst_center.catalystcenter_area.area_2",
            "module.catalyst_center.catalystcenter_building.building",
            "module.catalyst_center.catalystcenter_credentials_cli.cli_credentials",
            "module.catalyst_center.catalystcenter_credentials_https_read.https_read_credentials",
            "module.catalyst_center.catalystcenter_credentials_https_write.https_write_credentials",
            "module.catalyst_center.catalystcenter_credentials_snmpv2_read.snmpv2_read_credentials",
            "module.catalyst_center.catalystcenter_credentials_snmpv2_write.snmpv2_write_credentials",
            "module.catalyst_center.catalystcenter_credentials_snmpv3.snmpv3_credentials",
            "module.catalyst_center.catalystcenter_discovery.discovery",
            "module.catalyst_center.catalystcenter_floor.floor",
            "module.catalyst_center.catalystcenter_ip_pool.ip_pool_v4",
            "module.catalyst_center.catalystcenter_ip_pool.ip_pool_v6",
            "module.catalyst_center.data.catalystcenter_credentials_cli.cli_credentials"
          ]
        },
        {
          "index_key": "CampusVN-IPPool",
          "schema_version": 0,
          "attributes": {
            "id": "4333630a-ae14-4eda-9b2e-63a0986ad50b",
            "ipv4_dhcp_servers": [
              "198.18.130.11"
            ],
            "ipv4_dns_servers": [
              "198.18.130.11"
            ],
            "ipv4_gateway": "192.168.100.1",
            "ipv4_global_pool": "192.168.0.0/16",
            "ipv4_prefix": true,
            "ipv4_prefix_length": 24,
            "ipv4_subnet": "192.168.100.0",
            "ipv4_total_host": null,
            "ipv6_address_space": false,
            "ipv6_dhcp_servers": null,
            "ipv6_dns_servers": null,
            "ipv6_gateway": null,
            "ipv6_global_pool": null,
            "ipv6_prefix": false,
            "ipv6_prefix_length": null,
            "ipv6_subnet": null,
            "ipv6_total_host": null,
            "name": "CampusVN-IPPool",
            "site_id": "5749c2de-4663-4cdc-9181-762a4148b12a",
            "slaac_support": null,
            "type": "Generic"
          },
          "sensitive_attributes": [],
          "dependencies": [
            "module.catalyst_center.catalystcenter_area.area_0",
            "module.catalyst_center.catalystcenter_area.area_1",
            "module.catalyst_center.catalystcenter_area.area_2",
            "module.catalyst_center.catalystcenter_building.building",
            "module.catalyst_center.catalystcenter_credentials_cli.cli_credentials",
            "module.catalyst_center.catalystcenter_credentials_https_read.https_read_credentials",
            "module.catalyst_center.catalystcenter_credentials_https_write.https_write_credentials",
            "module.catalyst_center.catalystcenter_credentials_snmpv2_read.snmpv2_read_credentials",
            "module.catalyst_center.catalystcenter_credentials_snmpv2_write.snmpv2_write_credentials",
            "module.catalyst_center.catalystcenter_credentials_snmpv3.snmpv3_credentials",
            "module.catalyst_center.catalystcenter_discovery.discovery",
            "module.catalyst_center.catalystcenter_floor.floor",
            "module.catalyst_center.catalystcenter_ip_pool.ip_pool_v4",
            "module.catalyst_center.catalystcenter_ip_pool.ip_pool_v6",
            "module.catalyst_center.data.catalystcenter_credentials_cli.cli_credentials"
          ]
        },
        {
          "index_key": "CampusVN-Mcast",
          "schema_version": 0,
          "attributes": {
            "id": "f8635e16-ff03-4eaf-9fce-48553d7405af",
            "ipv4_dhcp_servers": [
              "198.18.130.11"
            ],
            "ipv4_dns_servers": [
              "198.18.130.11"
            ],
            "ipv4_gateway": "192.168.110.1",
            "ipv4_global_pool": "192.168.0.0/16",
            "ipv4_prefix": true,
            "ipv4_prefix_length": 24,
            "ipv4_subnet": "192.168.110.0",
            "ipv4_total_host": null,
            "ipv6_address_space": false,
            "ipv6_dhcp_servers": null,
            "ipv6_dns_servers": null,
            "ipv6_gateway": null,
            "ipv6_global_pool": null,
            "ipv6_prefix": false,
            "ipv6_prefix_length": null,
            "ipv6_subnet": null,
            "ipv6_total_host": null,
            "name": "CampusVN-Mcast",
            "site_id": "5749c2de-4663-4cdc-9181-762a4148b12a",
            "slaac_support": null,
            "type": "Generic"
          },
          "sensitive_attributes": [],
          "dependencies": [
            "module.catalyst_center.catalystcenter_area.area_0",
            "module.catalyst_center.catalystcenter_area.area_1",
            "module.catalyst_center.catalystcenter_area.area_2",
            "module.catalyst_center.catalystcenter_building.building",
            "module.catalyst_center.catalystcenter_credentials_cli.cli_credentials",
            "module.catalyst_center.catalystcenter_credentials_https_read.https_read_credentials",
            "module.catalyst_center.catalystcenter_credentials_https_write.https_write_credentials",
            "module.catalyst_center.catalystcenter_credentials_snmpv2_read.snmpv2_read_credentials",
            "module.catalyst_center.catalystcenter_credentials_snmpv2_write.snmpv2_write_credentials",
            "module.catalyst_center.catalystcenter_credentials_snmpv3.snmpv3_credentials",
            "module.catalyst_center.catalystcenter_discovery.discovery",
            "module.catalyst_center.catalystcenter_floor.floor",
            "module.catalyst_center.catalystcenter_ip_pool.ip_pool_v4",
            "module.catalyst_center.catalystcenter_ip_pool.ip_pool_v6",
            "module.catalyst_center.data.catalystcenter_credentials_cli.cli_credentials"
          ]
        },
        {
          "index_key": "CampusVN-WAW-IPPool",
          "schema_version": 0,
          "attributes": {
            "id": "f7af6ec3-238a-4600-978a-6c94d7c6a218",
            "ipv4_dhcp_servers": [
              "198.18.130.11"
            ],
            "ipv4_dns_servers": [
              "198.18.130.11"
            ],
            "ipv4_gateway": "192.168.200.1",
            "ipv4_global_pool": "192.168.0.0/16",
            "ipv4_prefix": true,
            "ipv4_prefix_length": 24,
            "ipv4_subnet": "192.168.200.0",
            "ipv4_total_host": null,
            "ipv6_address_space": false,
            "ipv6_dhcp_servers": null,
            "ipv6_dns_servers": null,
            "ipv6_gateway": null,
            "ipv6_global_pool": null,
            "ipv6_prefix": false,
            "ipv6_prefix_length": null,
            "ipv6_subnet": null,
            "ipv6_total_host": null,
            "name": "CampusVN-WAW-IPPool",
            "site_id": "97e29c3f-390e-4a48-a74f-b38ae2d5801b",
            "slaac_support": null,
            "type": "Generic"
          },
          "sensitive_attributes": [],
          "dependencies": [
            "module.catalyst_center.catalystcenter_area.area_0",
            "module.catalyst_center.catalystcenter_area.area_1",
            "module.catalyst_center.catalystcenter_area.area_2",
            "module.catalyst_center.catalystcenter_building.building",
            "module.catalyst_center.catalystcenter_credentials_cli.cli_credentials",
            "module.catalyst_center.catalystcenter_credentials_https_read.https_read_credentials",
            "module.catalyst_center.catalystcenter_credentials_https_write.https_write_credentials",
            "module.catalyst_center.catalystcenter_credentials_snmpv2_read.snmpv2_read_credentials",
            "module.catalyst_center.catalystcenter_credentials_snmpv2_write.snmpv2_write_credentials",
            "module.catalyst_center.catalystcenter_credentials_snmpv3.snmpv3_credentials",
            "module.catalyst_center.catalystcenter_discovery.discovery",
            "module.catalyst_center.catalystcenter_floor.floor",
            "module.catalyst_center.catalystcenter_ip_pool.ip_pool_v4",
            "module.catalyst_center.catalystcenter_ip_pool.ip_pool_v6",
            "module.catalyst_center.data.catalystcenter_credentials_cli.cli_credentials"
          ]
        },
        {
          "index_key": "GuestVN-IPPool",
          "schema_version": 0,
          "attributes": {
            "id": "9290c326-eaf5-44e2-b77f-3496836b5d07",
            "ipv4_dhcp_servers": [
              "198.18.130.11"
            ],
            "ipv4_dns_servers": [
              "198.18.130.11"
            ],
            "ipv4_gateway": "192.168.101.1",
            "ipv4_global_pool": "192.168.0.0/16",
            "ipv4_prefix": true,
            "ipv4_prefix_length": 24,
            "ipv4_subnet": "192.168.101.0",
            "ipv4_total_host": null,
            "ipv6_address_space": false,
            "ipv6_dhcp_servers": null,
            "ipv6_dns_servers": null,
            "ipv6_gateway": null,
            "ipv6_global_pool": null,
            "ipv6_prefix": false,
            "ipv6_prefix_length": null,
            "ipv6_subnet": null,
            "ipv6_total_host": null,
            "name": "GuestVN-IPPool",
            "site_id": "5749c2de-4663-4cdc-9181-762a4148b12a",
            "slaac_support": null,
            "type": "Generic"
          },
          "sensitive_attributes": [],
          "dependencies": [
            "module.catalyst_center.catalystcenter_area.area_0",
            "module.catalyst_center.catalystcenter_area.area_1",
            "module.catalyst_center.catalystcenter_area.area_2",
            "module.catalyst_center.catalystcenter_building.building",
            "module.catalyst_center.catalystcenter_credentials_cli.cli_credentials",
            "module.catalyst_center.catalystcenter_credentials_https_read.https_read_credentials",
            "module.catalyst_center.catalystcenter_credentials_https_write.https_write_credentials",
            "module.catalyst_center.catalystcenter_credentials_snmpv2_read.snmpv2_read_credentials",
            "module.catalyst_center.catalystcenter_credentials_snmpv2_write.snmpv2_write_credentials",
            "module.catalyst_center.catalystcenter_credentials_snmpv3.snmpv3_credentials",
            "module.catalyst_center.catalystcenter_discovery.discovery",
            "module.catalyst_center.catalystcenter_floor.floor",
            "module.catalyst_center.catalystcenter_ip_pool.ip_pool_v4",
            "module.catalyst_center.catalystcenter_ip_pool.ip_pool_v6",
            "module.catalyst_center.data.catalystcenter_credentials_cli.cli_credentials"
          ]
        },
        {
          "index_key": "GuestVN-Mcast",
          "schema_version": 0,
          "attributes": {
            "id": "69f0ceed-0b2c-4922-9f12-b279a195ca18",
            "ipv4_dhcp_servers": [
              "198.18.130.11"
            ],
            "ipv4_dns_servers": [
              "198.18.130.11"
            ],
            "ipv4_gateway": "192.168.120.1",
            "ipv4_global_pool": "192.168.0.0/16",
            "ipv4_prefix": true,
            "ipv4_prefix_length": 24,
            "ipv4_subnet": "192.168.120.0",
            "ipv4_total_host": null,
            "ipv6_address_space": false,
            "ipv6_dhcp_servers": null,
            "ipv6_dns_servers": null,
            "ipv6_gateway": null,
            "ipv6_global_pool": null,
            "ipv6_prefix": false,
            "ipv6_prefix_length": null,
            "ipv6_subnet": null,
            "ipv6_total_host": null,
            "name": "GuestVN-Mcast",
            "site_id": "5749c2de-4663-4cdc-9181-762a4148b12a",
            "slaac_support": null,
            "type": "Generic"
          },
          "sensitive_attributes": [],
          "dependencies": [
            "module.catalyst_center.catalystcenter_area.area_0",
            "module.catalyst_center.catalystcenter_area.area_1",
            "module.catalyst_center.catalystcenter_area.area_2",
            "module.catalyst_center.catalystcenter_building.building",
            "module.catalyst_center.catalystcenter_credentials_cli.cli_credentials",
            "module.catalyst_center.catalystcenter_credentials_https_read.https_read_credentials",
            "module.catalyst_center.catalystcenter_credentials_https_write.https_write_credentials",
            "module.catalyst_center.catalystcenter_credentials_snmpv2_read.snmpv2_read_credentials",
            "module.catalyst_center.catalystcenter_credentials_snmpv2_write.snmpv2_write_credentials",
            "module.catalyst_center.catalystcenter_credentials_snmpv3.snmpv3_credentials",
            "module.catalyst_center.catalystcenter_discovery.discovery",
            "module.catalyst_center.catalystcenter_floor.floor",
            "module.catalyst_center.catalystcenter_ip_pool.ip_pool_v4",
            "module.catalyst_center.catalystcenter_ip_pool.ip_pool_v6",
            "module.catalyst_center.data.catalystcenter_credentials_cli.cli_credentials"
          ]
        },
        {
          "index_key": "GuestVN-WAW-IPPool",
          "schema_version": 0,
          "attributes": {
            "id": "10f5222b-c84d-4e30-a88a-1bcfb2570e81",
            "ipv4_dhcp_servers": [
              "198.18.130.11"
            ],
            "ipv4_dns_servers": [
              "198.18.130.11"
            ],
            "ipv4_gateway": "192.168.201.1",
            "ipv4_global_pool": "192.168.0.0/16",
            "ipv4_prefix": true,
            "ipv4_prefix_length": 24,
            "ipv4_subnet": "192.168.201.0",
            "ipv4_total_host": null,
            "ipv6_address_space": false,
            "ipv6_dhcp_servers": null,
            "ipv6_dns_servers": null,
            "ipv6_gateway": null,
            "ipv6_global_pool": null,
            "ipv6_prefix": false,
            "ipv6_prefix_length": null,
            "ipv6_subnet": null,
            "ipv6_total_host": null,
            "name": "GuestVN-WAW-IPPool",
            "site_id": "97e29c3f-390e-4a48-a74f-b38ae2d5801b",
            "slaac_support": null,
            "type": "Generic"
          },
          "sensitive_attributes": [],
          "dependencies": [
            "module.catalyst_center.catalystcenter_area.area_0",
            "module.catalyst_center.catalystcenter_area.area_1",
            "module.catalyst_center.catalystcenter_area.area_2",
            "module.catalyst_center.catalystcenter_building.building",
            "module.catalyst_center.catalystcenter_credentials_cli.cli_credentials",
            "module.catalyst_center.catalystcenter_credentials_https_read.https_read_credentials",
            "module.catalyst_center.catalystcenter_credentials_https_write.https_write_credentials",
            "module.catalyst_center.catalystcenter_credentials_snmpv2_read.snmpv2_read_credentials",
            "module.catalyst_center.catalystcenter_credentials_snmpv2_write.snmpv2_write_credentials",
            "module.catalyst_center.catalystcenter_credentials_snmpv3.snmpv3_credentials",
            "module.catalyst_center.catalystcenter_discovery.discovery",
            "module.catalyst_center.catalystcenter_floor.floor",
            "module.catalyst_center.catalystcenter_ip_pool.ip_pool_v4",
            "module.catalyst_center.catalystcenter_ip_pool.ip_pool_v6",
            "module.catalyst_center.data.catalystcenter_credentials_cli.cli_credentials"
          ]
        },
        {
          "index_key": "PrintersVN-IPPool",
          "schema_version": 0,
          "attributes": {
            "id": "499c8573-ed31-4d3a-95f2-8dc3e82cf236",
            "ipv4_dhcp_servers": [
              "198.18.130.11"
            ],
            "ipv4_dns_servers": [
              "198.18.130.11"
            ],
            "ipv4_gateway": "192.168.102.1",
            "ipv4_global_pool": "192.168.0.0/16",
            "ipv4_prefix": true,
            "ipv4_prefix_length": 24,
            "ipv4_subnet": "192.168.102.0",
            "ipv4_total_host": null,
            "ipv6_address_space": false,
            "ipv6_dhcp_servers": null,
            "ipv6_dns_servers": null,
            "ipv6_gateway": null,
            "ipv6_global_pool": null,
            "ipv6_prefix": false,
            "ipv6_prefix_length": null,
            "ipv6_subnet": null,
            "ipv6_total_host": null,
            "name": "PrintersVN-IPPool",
            "site_id": "5749c2de-4663-4cdc-9181-762a4148b12a",
            "slaac_support": null,
            "type": "Generic"
          },
          "sensitive_attributes": [],
          "dependencies": [
            "module.catalyst_center.catalystcenter_area.area_0",
            "module.catalyst_center.catalystcenter_area.area_1",
            "module.catalyst_center.catalystcenter_area.area_2",
            "module.catalyst_center.catalystcenter_building.building",
            "module.catalyst_center.catalystcenter_credentials_cli.cli_credentials",
            "module.catalyst_center.catalystcenter_credentials_https_read.https_read_credentials",
            "module.catalyst_center.catalystcenter_credentials_https_write.https_write_credentials",
            "module.catalyst_center.catalystcenter_credentials_snmpv2_read.snmpv2_read_credentials",
            "module.catalyst_center.catalystcenter_credentials_snmpv2_write.snmpv2_write_credentials",
            "module.catalyst_center.catalystcenter_credentials_snmpv3.snmpv3_credentials",
            "module.catalyst_center.catalystcenter_discovery.discovery",
            "module.catalyst_center.catalystcenter_floor.floor",
            "module.catalyst_center.catalystcenter_ip_pool.ip_pool_v4",
            "module.catalyst_center.catalystcenter_ip_pool.ip_pool_v6",
            "module.catalyst_center.data.catalystcenter_credentials_cli.cli_credentials"
          ]
        },
        {
          "index_key": "PrintersVN-WAW-IPPool",
          "schema_version": 0,
          "attributes": {
            "id": "fe7107ba-d6d0-4722-97fd-a8f7b3b1c732",
            "ipv4_dhcp_servers": [
              "198.18.130.11"
            ],
            "ipv4_dns_servers": [
              "198.18.130.11"
            ],
            "ipv4_gateway": "192.168.210.1",
            "ipv4_global_pool": "192.168.0.0/16",
            "ipv4_prefix": true,
            "ipv4_prefix_length": 24,
            "ipv4_subnet": "192.168.210.0",
            "ipv4_total_host": null,
            "ipv6_address_space": false,
            "ipv6_dhcp_servers": null,
            "ipv6_dns_servers": null,
            "ipv6_gateway": null,
            "ipv6_global_pool": null,
            "ipv6_prefix": false,
            "ipv6_prefix_length": null,
            "ipv6_subnet": null,
            "ipv6_total_host": null,
            "name": "PrintersVN-WAW-IPPool",
            "site_id": "97e29c3f-390e-4a48-a74f-b38ae2d5801b",
            "slaac_support": null,
            "type": "Generic"
          },
          "sensitive_attributes": [],
          "dependencies": [
            "module.catalyst_center.catalystcenter_area.area_0",
            "module.catalyst_center.catalystcenter_area.area_1",
            "module.catalyst_center.catalystcenter_area.area_2",
            "module.catalyst_center.catalystcenter_building.building",
            "module.catalyst_center.catalystcenter_credentials_cli.cli_credentials",
            "module.catalyst_center.catalystcenter_credentials_https_read.https_read_credentials",
            "module.catalyst_center.catalystcenter_credentials_https_write.https_write_credentials",
            "module.catalyst_center.catalystcenter_credentials_snmpv2_read.snmpv2_read_credentials",
            "module.catalyst_center.catalystcenter_credentials_snmpv2_write.snmpv2_write_credentials",
            "module.catalyst_center.catalystcenter_credentials_snmpv3.snmpv3_credentials",
            "module.catalyst_center.catalystcenter_discovery.discovery",
            "module.catalyst_center.catalystcenter_floor.floor",
            "module.catalyst_center.catalystcenter_ip_pool.ip_pool_v4",
            "module.catalyst_center.catalystcenter_ip_pool.ip_pool_v6",
            "module.catalyst_center.data.catalystcenter_credentials_cli.cli_credentials"
          ]
        }
      ]
    },
    {
      "module": "module.catalyst_center",
      "mode": "managed",
      "type": "catalystcenter_lan_automation",
      "name": "lanauto_edge",
      "provider": "provider[\"registry.terraform.io/ciscodevnet/catalystcenter\"]",
      "instances": []
    },
    {
      "module": "module.catalyst_center",
      "mode": "managed",
      "type": "catalystcenter_lan_automation",
      "name": "lanauto_link",
      "provider": "provider[\"registry.terraform.io/ciscodevnet/catalystcenter\"]",
      "instances": []
    },
    {
      "module": "module.catalyst_center",
      "mode": "managed",
      "type": "catalystcenter_network_profile",
      "name": "switching_network_profile",
      "provider": "provider[\"registry.terraform.io/ciscodevnet/catalystcenter\"]",
      "instances": [
        {
          "index_key": "VirtualCat9k",
          "schema_version": 0,
          "attributes": {
            "id": "d8ffd523-697b-4744-9544-be3feb0344e8",
            "name": "VirtualCat9k",
            "templates": [
              {
                "attributes": [
                  {
                    "template_id": "329ab421-6880-4e1f-b2ed-e98e0d16e791"
                  }
                ],
                "type": "cli.templates"
              },
              {
                "attributes": [],
                "type": "day0.templates"
              }
            ],
            "type": "switching"
          },
          "sensitive_attributes": [],
          "dependencies": [
            "module.catalyst_center.catalystcenter_project.project",
            "module.catalyst_center.catalystcenter_template.composite_template",
            "module.catalyst_center.catalystcenter_template.regular_template",
            "module.catalyst_center.data.catalystcenter_project.onboarding",
            "module.catalyst_center.time_sleep.template_wait"
          ]
        }
      ]
    },
    {
      "module": "module.catalyst_center",
      "mode": "managed",
      "type": "catalystcenter_ntp_settings",
      "name": "ntp_servers",
      "provider": "provider[\"registry.terraform.io/ciscodevnet/catalystcenter\"]",
      "instances": []
    },
    {
      "module": "module.catalyst_center",
      "mode": "managed",
      "type": "catalystcenter_pnp_config_preview",
      "name": "config_preview",
      "provider": "provider[\"registry.terraform.io/ciscodevnet/catalystcenter\"]",
      "instances": []
    },
    {
      "module": "module.catalyst_center",
      "mode": "managed",
      "type": "catalystcenter_pnp_device_claim_site",
      "name": "claim_device",
      "provider": "provider[\"registry.terraform.io/ciscodevnet/catalystcenter\"]",
      "instances": []
    },
    {
      "module": "module.catalyst_center",
      "mode": "managed",
      "type": "catalystcenter_pnp_import_devices",
      "name": "pnp_devices",
      "provider": "provider[\"registry.terraform.io/ciscodevnet/catalystcenter\"]",
      "instances": []
    },
    {
      "module": "module.catalyst_center",
      "mode": "managed",
      "type": "catalystcenter_project",
      "name": "project",
      "provider": "provider[\"registry.terraform.io/ciscodevnet/catalystcenter\"]",
      "instances": [
        {
          "index_key": "ProjectCatasCode",
          "schema_version": 0,
          "attributes": {
            "description": null,
            "id": "da1fe40d-c882-4264-a60e-a0177f33c374",
            "name": "ProjectCatasCode"
          },
          "sensitive_attributes": []
        },
        {
          "index_key": "VirtualCat9k",
          "schema_version": 0,
          "attributes": {
            "description": null,
            "id": "6bbda6df-2ce3-4a61-9878-03a1938918e8",
            "name": "VirtualCat9k"
          },
          "sensitive_attributes": []
        }
      ]
    },
    {
      "module": "module.catalyst_center",
      "mode": "managed",
      "type": "catalystcenter_tag",
      "name": "tag",
      "provider": "provider[\"registry.terraform.io/ciscodevnet/catalystcenter\"]",
      "instances": []
    },
    {
      "module": "module.catalyst_center",
      "mode": "managed",
      "type": "catalystcenter_telemetry_settings",
      "name": "telemetry_settings",
      "provider": "provider[\"registry.terraform.io/ciscodevnet/catalystcenter\"]",
      "instances": []
    },
    {
      "module": "module.catalyst_center",
      "mode": "managed",
      "type": "catalystcenter_template",
      "name": "composite_template",
      "provider": "provider[\"registry.terraform.io/ciscodevnet/catalystcenter\"]",
      "instances": []
    },
    {
      "module": "module.catalyst_center",
      "mode": "managed",
      "type": "catalystcenter_template",
      "name": "regular_template",
      "provider": "provider[\"registry.terraform.io/ciscodevnet/catalystcenter\"]",
      "instances": [
        {
          "index_key": "0090_clock",
          "schema_version": 0,
          "attributes": {
            "composite": false,
            "containing_templates": null,
            "description": "Clock configuration on IOSXE",
            "device_types": [
              {
                "product_family": "Routers",
                "product_series": "Cisco ASR 1000 Series Aggregation Services Routers",
                "product_type": null
              }
            ],
            "id": "f3f189ed-5258-4f1b-a655-942bc39eea13",
            "language": "JINJA",
            "name": "0090_clock",
            "project_id": "da1fe40d-c882-4264-a60e-a0177f33c374",
            "software_type": "IOS-XE",
            "software_variant": null,
            "software_version": null,
            "template_content": "\n!\n clock timezone CET 1 0\n clock summer-time CET+1 recurring last Sun Mar 2:00 last Sun Oct 2:00\n!",
            "template_params": []
          },
          "sensitive_attributes": [],
          "dependencies": [
            "module.catalyst_center.catalystcenter_project.project",
            "module.catalyst_center.data.catalystcenter_project.onboarding"
          ]
        },
        {
          "index_key": "0400_acl_standard_1",
          "schema_version": 0,
          "attributes": {
            "composite": false,
            "containing_templates": null,
            "description": "ACL 1",
            "device_types": [
              {
                "product_family": "Routers",
                "product_series": "Cisco ASR 1000 Series Aggregation Services Routers",
                "product_type": null
              }
            ],
            "id": "7e2337bb-a057-460f-ab61-99cd50dadba2",
            "language": "JINJA",
            "name": "0400_acl_standard_1",
            "project_id": "da1fe40d-c882-4264-a60e-a0177f33c374",
            "software_type": "IOS-XE",
            "software_variant": null,
            "software_version": null,
            "template_content": "!\n ip access-list standard 1\n  10 remark SNMP-RW\n  10 remark CiscoPrime_TA\n  10 permit 172.18.207.102\n  20 remark CiscoPrime_CA\n  20 permit 172.18.207.103\n  30 remark CiscoPrime_VIP\n  30 permit 172.18.207.105\n  40 remark CiscoPrime_PRE\n  40 permit 172.18.207.106\n  50 remark DNA_PRO\n  50 permit 10.72.192.11\n  60 permit 10.72.192.12\n  70 remark DNA_PRE\n  70 permit 172.18.224.6\n  80 deny   any log\n !",
            "template_params": []
          },
          "sensitive_attributes": [],
          "dependencies": [
            "module.catalyst_center.catalystcenter_project.project",
            "module.catalyst_center.data.catalystcenter_project.onboarding"
          ]
        },
        {
          "index_key": "0420_acl_standard_20",
          "schema_version": 0,
          "attributes": {
            "composite": false,
            "containing_templates": null,
            "description": "ACL 20",
            "device_types": [
              {
                "product_family": "Routers",
                "product_series": "Cisco ASR 1000 Series Aggregation Services Routers",
                "product_type": null
              }
            ],
            "id": "133e84a4-4546-4d74-92c9-af081023a825",
            "language": "JINJA",
            "name": "0420_acl_standard_20",
            "project_id": "da1fe40d-c882-4264-a60e-a0177f33c374",
            "software_type": "IOS-XE",
            "software_variant": null,
            "software_version": null,
            "template_content": "!\nip access-list standard 20\n  10 permit any\n!",
            "template_params": []
          },
          "sensitive_attributes": [],
          "dependencies": [
            "module.catalyst_center.catalystcenter_project.project",
            "module.catalyst_center.data.catalystcenter_project.onboarding"
          ]
        },
        {
          "index_key": "0430_acl_standard_23",
          "schema_version": 0,
          "attributes": {
            "composite": false,
            "containing_templates": null,
            "description": "ACL 24",
            "device_types": [
              {
                "product_family": "Routers",
                "product_series": "Cisco ASR 1000 Series Aggregation Services Routers",
                "product_type": null
              }
            ],
            "id": "75095144-2caa-4bc1-8397-75c4b9df0220",
            "language": "JINJA",
            "name": "0430_acl_standard_23",
            "project_id": "da1fe40d-c882-4264-a60e-a0177f33c374",
            "software_type": "IOS-XE",
            "software_variant": null,
            "software_version": null,
            "template_content": " !\n  ip access-list standard 23\n  10 remark VTY_ACCESS\n  10 remark CiscoPrime\n  10 permit 172.18.207.103\n  20 permit 172.18.207.102\n  30 permit 172.18.207.105\n  40 remark DNA_Center_PRO\n  40 permit 10.72.192.11\n  50 permit 10.72.192.12\n  60 remark DNA_Center_PRE\n  60 permit 172.18.224.6\n  70 remark VPN F5\n  70 permit 10.72.224.0 0.0.31.255\n  80 permit 10.209.80.0 0.0.15.255\n  90 permit 10.209.208.0 0.0.15.255\n  100 remark PRO_VDI_AZURE_KUBA_TEST_LIVE\n  100 permit 10.78.224.0 0.0.15.255\n  110 permit 10.77.4.0 0.0.3.255\n  120 permit 10.77.32.0 0.0.7.255\n  130 permit 10.88.112.0 0.0.7.255\n  140 permit 10.88.136.0 0.0.7.255\n  150 permit 10.89.112.0 0.0.7.255\n  160 permit 10.89.136.0 0.0.7.255\n  170 remark CIBERARK\n  170 permit 10.76.37.21\n  180 permit 10.76.6.52\n  190 permit 10.255.33.11\n  200 permit 10.61.2.72\n  210 permit 10.76.37.22\n  220 permit 10.76.6.53\n  230 permit 10.255.33.10\n  240 permit 10.61.2.73\n  250 remark SERVER_SCRIPTS_STS-NW\n  250 permit 10.72.192.15\n  260 remark HUBS-CENTRALES-FLEX-VPN\n  260 permit 192.168.248.1\n  270 permit 192.168.248.2\n  280 permit 195.53.125.92\n  290 permit 195.55.119.92\n  300 deny   any log\n !",
            "template_params": []
          },
          "sensitive_attributes": [],
          "dependencies": [
            "module.catalyst_center.catalystcenter_project.project",
            "module.catalyst_center.data.catalystcenter_project.onboarding"
          ]
        },
        {
          "index_key": "0440_acl_standard_24",
          "schema_version": 0,
          "attributes": {
            "composite": false,
            "containing_templates": null,
            "description": "ACL 24",
            "device_types": [
              {
                "product_family": "Routers",
                "product_series": "Cisco ASR 1000 Series Aggregation Services Routers",
                "product_type": null
              }
            ],
            "id": "b6abe87c-437c-40bf-8016-76ffbd216719",
            "language": "JINJA",
            "name": "0440_acl_standard_24",
            "project_id": "da1fe40d-c882-4264-a60e-a0177f33c374",
            "software_type": "IOS-XE",
            "software_variant": null,
            "software_version": null,
            "template_content": "!\n  ip access-list standard 24\n  10 permit 172.18.155.1\n  20 permit 172.18.155.2\n  30 permit 172.18.255.1\n  40 permit 172.18.255.2\n !",
            "template_params": []
          },
          "sensitive_attributes": [],
          "dependencies": [
            "module.catalyst_center.catalystcenter_project.project",
            "module.catalyst_center.data.catalystcenter_project.onboarding"
          ]
        },
        {
          "index_key": "ACL_Block",
          "schema_version": 0,
          "attributes": {
            "composite": false,
            "containing_templates": null,
            "description": "ACL to block malicious IPs",
            "device_types": [
              {
                "product_family": "Switches and Hubs",
                "product_series": "Cisco Catalyst 9000 Series Virtual Switches",
                "product_type": null
              }
            ],
            "id": "329ab421-6880-4e1f-b2ed-e98e0d16e791",
            "language": "JINJA",
            "name": "ACL_Block",
            "project_id": "6bbda6df-2ce3-4a61-9878-03a1938918e8",
            "software_type": "IOS-XE",
            "software_variant": null,
            "software_version": null,
            "template_content": "ip access-list extended BLOCK_MALICIOUS_IPS\n deny ip any host 123.123.123.123\n deny ip any host 134.134.134.134\n permit ip any any\n!\ninterface {{ interface }}\n ip access-group BLOCK_MALICIOUS_IPS in\n",
            "template_params": []
          },
          "sensitive_attributes": [],
          "dependencies": [
            "module.catalyst_center.catalystcenter_project.project",
            "module.catalyst_center.data.catalystcenter_project.onboarding"
          ]
        }
      ]
    },
    {
      "module": "module.catalyst_center",
      "mode": "managed",
      "type": "catalystcenter_template_version",
      "name": "composite_commit_version",
      "provider": "provider[\"registry.terraform.io/ciscodevnet/catalystcenter\"]",
      "instances": []
    },
    {
      "module": "module.catalyst_center",
      "mode": "managed",
      "type": "catalystcenter_template_version",
      "name": "regular_commit_version",
      "provider": "provider[\"registry.terraform.io/ciscodevnet/catalystcenter\"]",
      "instances": [
        {
          "index_key": "0090_clock",
          "schema_version": 0,
          "attributes": {
            "comments": "52aa41449c32e86b1688575d9512bda9",
            "id": "8c92408c-5925-4eeb-aaee-93b4b480691d",
            "template_id": "f3f189ed-5258-4f1b-a655-942bc39eea13"
          },
          "sensitive_attributes": [],
          "dependencies": [
            "module.catalyst_center.catalystcenter_project.project",
            "module.catalyst_center.catalystcenter_template.regular_template",
            "module.catalyst_center.data.catalystcenter_project.onboarding"
          ]
        },
        {
          "index_key": "0400_acl_standard_1",
          "schema_version": 0,
          "attributes": {
            "comments": "d79fd57ed6ea63228e96ce7c4e58102d",
            "id": "303fed4a-6342-494b-8f4a-092eeb70f72e",
            "template_id": "7e2337bb-a057-460f-ab61-99cd50dadba2"
          },
          "sensitive_attributes": [],
          "dependencies": [
            "module.catalyst_center.catalystcenter_project.project",
            "module.catalyst_center.catalystcenter_template.regular_template",
            "module.catalyst_center.data.catalystcenter_project.onboarding"
          ]
        },
        {
          "index_key": "0420_acl_standard_20",
          "schema_version": 0,
          "attributes": {
            "comments": "f906adb656a9b895d82179c8ce3dafae",
            "id": "dca0b888-de65-4645-abda-14fbd6e8b702",
            "template_id": "133e84a4-4546-4d74-92c9-af081023a825"
          },
          "sensitive_attributes": [],
          "dependencies": [
            "module.catalyst_center.catalystcenter_project.project",
            "module.catalyst_center.catalystcenter_template.regular_template",
            "module.catalyst_center.data.catalystcenter_project.onboarding"
          ]
        },
        {
          "index_key": "0430_acl_standard_23",
          "schema_version": 0,
          "attributes": {
            "comments": "1f271767765fda4fde08ab50eb3d3139",
            "id": "ad329eb7-5919-4de3-8457-121b68a7c062",
            "template_id": "75095144-2caa-4bc1-8397-75c4b9df0220"
          },
          "sensitive_attributes": [],
          "dependencies": [
            "module.catalyst_center.catalystcenter_project.project",
            "module.catalyst_center.catalystcenter_template.regular_template",
            "module.catalyst_center.data.catalystcenter_project.onboarding"
          ]
        },
        {
          "index_key": "0440_acl_standard_24",
          "schema_version": 0,
          "attributes": {
            "comments": "8e92ba77a2efee7a4ba9ef1b5a92c668",
            "id": "c5d141aa-2fd4-4a64-975f-1535cd45127a",
            "template_id": "b6abe87c-437c-40bf-8016-76ffbd216719"
          },
          "sensitive_attributes": [],
          "dependencies": [
            "module.catalyst_center.catalystcenter_project.project",
            "module.catalyst_center.catalystcenter_template.regular_template",
            "module.catalyst_center.data.catalystcenter_project.onboarding"
          ]
        },
        {
          "index_key": "ACL_Block",
          "schema_version": 0,
          "attributes": {
            "comments": "5438fad09e3629ac8a8526fe5f14ff42",
            "id": "132c8c75-22e6-4c12-b546-d0bf9b545c67",
            "template_id": "329ab421-6880-4e1f-b2ed-e98e0d16e791"
          },
          "sensitive_attributes": [],
          "dependencies": [
            "module.catalyst_center.catalystcenter_project.project",
            "module.catalyst_center.catalystcenter_template.regular_template",
            "module.catalyst_center.data.catalystcenter_project.onboarding"
          ]
        }
      ]
    },
    {
      "module": "module.catalyst_center",
      "mode": "managed",
      "type": "catalystcenter_timezone_settings",
      "name": "timezone",
      "provider": "provider[\"registry.terraform.io/ciscodevnet/catalystcenter\"]",
      "instances": []
    },
    {
      "module": "module.catalyst_center",
      "mode": "managed",
      "type": "catalystcenter_transit_network",
      "name": "transit",
      "provider": "provider[\"registry.terraform.io/ciscodevnet/catalystcenter\"]",
      "instances": [
        {
          "index_key": "BGP65010",
          "schema_version": 0,
          "attributes": {
            "autonomous_system_number": "65010",
            "control_plane_network_device_ids": null,
            "id": "038bcde1-e487-4e14-83ad-bbc86f2ed00c",
            "is_multicast_over_transit_enabled": null,
            "name": "BGP65010",
            "routing_protocol_name": "BGP",
            "type": "IP_BASED_TRANSIT"
          },
          "sensitive_attributes": [],
          "dependencies": [
            "module.catalyst_center.data.catalystcenter_network_devices.all_devices"
          ]
        }
      ]
    },
    {
      "module": "module.catalyst_center",
      "mode": "managed",
      "type": "catalystcenter_wireless_device_provision",
      "name": "wireless_controller",
      "provider": "provider[\"registry.terraform.io/ciscodevnet/catalystcenter\"]",
      "instances": []
    },
    {
      "module": "module.catalyst_center",
      "mode": "managed",
      "type": "catalystcenter_wireless_profile",
      "name": "wireless_profile",
      "provider": "provider[\"registry.terraform.io/ciscodevnet/catalystcenter\"]",
      "instances": []
    },
    {
      "module": "module.catalyst_center",
      "mode": "managed",
      "type": "catalystcenter_wireless_rf_profile",
      "name": "rf_profile",
      "provider": "provider[\"registry.terraform.io/ciscodevnet/catalystcenter\"]",
      "instances": []
    },
    {
      "module": "module.catalyst_center",
      "mode": "managed",
      "type": "catalystcenter_wireless_ssid",
      "name": "ssid",
      "provider": "provider[\"registry.terraform.io/ciscodevnet/catalystcenter\"]",
      "instances": []
    },
    {
      "module": "module.catalyst_center",
      "mode": "managed",
      "type": "local_sensitive_file",
      "name": "defaults",
      "provider": "provider[\"registry.terraform.io/hashicorp/local\"]",
      "instances": []
    },
    {
      "module": "module.catalyst_center",
      "mode": "managed",
      "type": "terraform_data",
      "name": "validation",
      "provider": "provider[\"terraform.io/builtin/terraform\"]",
      "instances": [
        {
          "schema_version": 0,
          "attributes": {
            "id": "112da6ef-0dc6-46d0-4882-502e440c6b42",
            "input": null,
            "output": null,
            "triggers_replace": null
          },
          "sensitive_attributes": []
        }
      ]
    },
    {
      "module": "module.catalyst_center",
      "mode": "managed",
      "type": "time_sleep",
      "name": "provision_device_wait",
      "provider": "provider[\"registry.terraform.io/hashicorp/time\"]",
      "instances": [
        {
          "index_key": 0,
          "schema_version": 0,
          "attributes": {
            "create_duration": "10s",
            "destroy_duration": null,
            "id": "2025-04-18T09:54:22Z",
            "triggers": null
          },
          "sensitive_attributes": [],
          "dependencies": [
            "module.catalyst_center.catalystcenter_area.area_0",
            "module.catalyst_center.catalystcenter_area.area_1",
            "module.catalyst_center.catalystcenter_area.area_2",
            "module.catalyst_center.catalystcenter_building.building",
            "module.catalyst_center.catalystcenter_credentials_cli.cli_credentials",
            "module.catalyst_center.catalystcenter_credentials_https_read.https_read_credentials",
            "module.catalyst_center.catalystcenter_credentials_https_write.https_write_credentials",
            "module.catalyst_center.catalystcenter_credentials_snmpv2_read.snmpv2_read_credentials",
            "module.catalyst_center.catalystcenter_credentials_snmpv2_write.snmpv2_write_credentials",
            "module.catalyst_center.catalystcenter_credentials_snmpv3.snmpv3_credentials",
            "module.catalyst_center.catalystcenter_device_role.role",
            "module.catalyst_center.catalystcenter_discovery.discovery",
            "module.catalyst_center.catalystcenter_fabric_provision_device.border_device",
            "module.catalyst_center.catalystcenter_fabric_provision_device.edge_device",
            "module.catalyst_center.catalystcenter_fabric_provision_device.non_fabric_device",
            "module.catalyst_center.catalystcenter_floor.floor",
            "module.catalyst_center.catalystcenter_wireless_device_provision.wireless_controller",
            "module.catalyst_center.data.catalystcenter_credentials_cli.cli_credentials",
            "module.catalyst_center.data.catalystcenter_network_devices.all_devices"
          ]
        }
      ]
    },
    {
      "module": "module.catalyst_center",
      "mode": "managed",
      "type": "time_sleep",
      "name": "template_wait",
      "provider": "provider[\"registry.terraform.io/hashicorp/time\"]",
      "instances": [
        {
          "index_key": 0,
          "schema_version": 0,
          "attributes": {
            "create_duration": "10s",
            "destroy_duration": null,
            "id": "2025-04-18T08:26:44Z",
            "triggers": null
          },
          "sensitive_attributes": [],
          "dependencies": [
            "module.catalyst_center.catalystcenter_project.project",
            "module.catalyst_center.catalystcenter_template.regular_template",
            "module.catalyst_center.data.catalystcenter_project.onboarding"
          ]
        }
      ]
    }
  ],
  "check_results": [
    {
      "object_kind": "resource",
      "config_addr": "module.catalyst_center.terraform_data.validation",
      "status": "pass",
      "objects": [
        {
          "object_addr": "module.catalyst_center.terraform_data.validation",
          "status": "pass"
        }
      ]
    }
  ]
}
