{
  "version": 4,
  "terraform_version": "1.10.5",
  "serial": 33,
  "lineage": "332c4ece-4995-490c-0765-b185bf002298",
  "outputs": {},
  "resources": [
    {
      "module": "module.catalyst_center",
      "mode": "data",
      "type": "catalystcenter_area",
      "name": "global",
      "provider": "provider[\"registry.terraform.io/ciscodevnet/catalystcenter\"]",
      "instances": [
        {
          "schema_version": 0,
          "attributes": {
            "id": "3abb944d-550f-4802-b62d-462ae5108cf7",
            "name": "Global",
            "parent_name": null
          },
          "sensitive_attributes": []
        }
      ]
    },
    {
      "module": "module.catalyst_center",
      "mode": "data",
      "type": "catalystcenter_network_devices",
      "name": "all_devices",
      "provider": "provider[\"registry.terraform.io/ciscodevnet/catalystcenter\"]",
      "instances": [
        {
          "schema_version": 0,
          "attributes": {
            "devices": null
          },
          "sensitive_attributes": []
        }
      ]
    },
    {
      "module": "module.catalyst_center",
      "mode": "data",
      "type": "catalystcenter_pnp_device",
      "name": "pnp_device",
      "provider": "provider[\"registry.terraform.io/ciscodevnet/catalystcenter\"]",
      "instances": []
    },
    {
      "module": "module.catalyst_center",
      "mode": "managed",
      "type": "catalystcenter_area",
      "name": "area_0",
      "provider": "provider[\"registry.terraform.io/ciscodevnet/catalystcenter\"]",
      "instances": [
        {
          "index_key": "Global/Poland",
          "schema_version": 0,
          "attributes": {
            "id": "853f6a58-7b71-461b-8945-c8374d41a6f2",
            "name": "Poland",
            "parent_name": "Global"
          },
          "sensitive_attributes": [],
          "dependencies": [
            "module.catalyst_center.catalystcenter_credentials_cli.cli_credentials",
            "module.catalyst_center.catalystcenter_credentials_https_read.https_read_credentials",
            "module.catalyst_center.catalystcenter_credentials_https_write.https_write_credentials",
            "module.catalyst_center.catalystcenter_credentials_snmpv2_read.snmpv2_read_credentials",
            "module.catalyst_center.catalystcenter_credentials_snmpv2_write.snmpv2_write_credentials",
            "module.catalyst_center.catalystcenter_credentials_snmpv3.snmpv3_credentials"
          ]
        }
      ]
    },
    {
      "module": "module.catalyst_center",
      "mode": "managed",
      "type": "catalystcenter_area",
      "name": "area_1",
      "provider": "provider[\"registry.terraform.io/ciscodevnet/catalystcenter\"]",
      "instances": [
        {
          "index_key": "Global/Poland/Krakow",
          "schema_version": 0,
          "attributes": {
            "id": "8fc83964-e606-45bc-bd95-422464e78566",
            "name": "Krakow",
            "parent_name": "Global/Poland"
          },
          "sensitive_attributes": [],
          "dependencies": [
            "module.catalyst_center.catalystcenter_area.area_0",
            "module.catalyst_center.catalystcenter_credentials_cli.cli_credentials",
            "module.catalyst_center.catalystcenter_credentials_https_read.https_read_credentials",
            "module.catalyst_center.catalystcenter_credentials_https_write.https_write_credentials",
            "module.catalyst_center.catalystcenter_credentials_snmpv2_read.snmpv2_read_credentials",
            "module.catalyst_center.catalystcenter_credentials_snmpv2_write.snmpv2_write_credentials",
            "module.catalyst_center.catalystcenter_credentials_snmpv3.snmpv3_credentials"
          ]
        },
        {
          "index_key": "Global/Poland/Warsaw",
          "schema_version": 0,
          "attributes": {
            "id": "5ee81df7-54e7-45ab-a910-bd10db5b6a1d",
            "name": "Warsaw",
            "parent_name": "Global/Poland"
          },
          "sensitive_attributes": [],
          "dependencies": [
            "module.catalyst_center.catalystcenter_area.area_0",
            "module.catalyst_center.catalystcenter_credentials_cli.cli_credentials",
            "module.catalyst_center.catalystcenter_credentials_https_read.https_read_credentials",
            "module.catalyst_center.catalystcenter_credentials_https_write.https_write_credentials",
            "module.catalyst_center.catalystcenter_credentials_snmpv2_read.snmpv2_read_credentials",
            "module.catalyst_center.catalystcenter_credentials_snmpv2_write.snmpv2_write_credentials",
            "module.catalyst_center.catalystcenter_credentials_snmpv3.snmpv3_credentials"
          ]
        }
      ]
    },
    {
      "module": "module.catalyst_center",
      "mode": "managed",
      "type": "catalystcenter_area",
      "name": "area_2",
      "provider": "provider[\"registry.terraform.io/ciscodevnet/catalystcenter\"]",
      "instances": []
    },
    {
      "module": "module.catalyst_center",
      "mode": "managed",
      "type": "catalystcenter_assign_credentials",
      "name": "assign_credentials",
      "provider": "provider[\"registry.terraform.io/ciscodevnet/catalystcenter\"]",
      "instances": []
    },
    {
      "module": "module.catalyst_center",
      "mode": "managed",
      "type": "catalystcenter_assign_templates_to_tag",
      "name": "template_to_tag",
      "provider": "provider[\"registry.terraform.io/ciscodevnet/catalystcenter\"]",
      "instances": []
    },
    {
      "module": "module.catalyst_center",
      "mode": "managed",
      "type": "catalystcenter_associate_site_to_network_profile",
      "name": "site_to_network_profile",
      "provider": "provider[\"registry.terraform.io/ciscodevnet/catalystcenter\"]",
      "instances": [
        {
          "index_key": "Global/Poland/Krakow#_#VirtualCat9k",
          "schema_version": 0,
          "attributes": {
            "id": "82bfb2c9-9804-473d-b123-ecc08ecc64ed",
            "network_profile_id": "82bfb2c9-9804-473d-b123-ecc08ecc64ed",
            "site_id": "8fc83964-e606-45bc-bd95-422464e78566"
          },
          "sensitive_attributes": [],
          "dependencies": [
            "module.catalyst_center.catalystcenter_area.area_0",
            "module.catalyst_center.catalystcenter_area.area_1",
            "module.catalyst_center.catalystcenter_area.area_2",
            "module.catalyst_center.catalystcenter_building.building",
            "module.catalyst_center.catalystcenter_credentials_cli.cli_credentials",
            "module.catalyst_center.catalystcenter_credentials_https_read.https_read_credentials",
            "module.catalyst_center.catalystcenter_credentials_https_write.https_write_credentials",
            "module.catalyst_center.catalystcenter_credentials_snmpv2_read.snmpv2_read_credentials",
            "module.catalyst_center.catalystcenter_credentials_snmpv2_write.snmpv2_write_credentials",
            "module.catalyst_center.catalystcenter_credentials_snmpv3.snmpv3_credentials",
            "module.catalyst_center.catalystcenter_floor.floor",
            "module.catalyst_center.catalystcenter_network_profile.switching_network_profile",
            "module.catalyst_center.catalystcenter_project.project",
            "module.catalyst_center.catalystcenter_template.composite_template",
            "module.catalyst_center.catalystcenter_template.regular_template",
            "module.catalyst_center.time_sleep.template_wait"
          ]
        }
      ]
    },
    {
      "module": "module.catalyst_center",
      "mode": "managed",
      "type": "catalystcenter_associate_site_to_network_profile",
      "name": "site_to_wireless_network_profile",
      "provider": "provider[\"registry.terraform.io/ciscodevnet/catalystcenter\"]",
      "instances": []
    },
    {
      "module": "module.catalyst_center",
      "mode": "managed",
      "type": "catalystcenter_building",
      "name": "building",
      "provider": "provider[\"registry.terraform.io/ciscodevnet/catalystcenter\"]",
      "instances": [
        {
          "index_key": "Global/Poland/Krakow/Bld A",
          "schema_version": 0,
          "attributes": {
            "address": null,
            "country": "Poland",
            "id": "9b6a43ac-f96f-43b1-bc9f-5fb48f32449f",
            "latitude": 50.0623225,
            "longitude": 19.937975,
            "name": "Bld A",
            "parent_name": "Global/Poland/Krakow"
          },
          "sensitive_attributes": [],
          "dependencies": [
            "module.catalyst_center.catalystcenter_area.area_0",
            "module.catalyst_center.catalystcenter_area.area_1",
            "module.catalyst_center.catalystcenter_area.area_2",
            "module.catalyst_center.catalystcenter_credentials_cli.cli_credentials",
            "module.catalyst_center.catalystcenter_credentials_https_read.https_read_credentials",
            "module.catalyst_center.catalystcenter_credentials_https_write.https_write_credentials",
            "module.catalyst_center.catalystcenter_credentials_snmpv2_read.snmpv2_read_credentials",
            "module.catalyst_center.catalystcenter_credentials_snmpv2_write.snmpv2_write_credentials",
            "module.catalyst_center.catalystcenter_credentials_snmpv3.snmpv3_credentials"
          ]
        }
      ]
    },
    {
      "module": "module.catalyst_center",
      "mode": "managed",
      "type": "catalystcenter_credentials_cli",
      "name": "cli_credentials",
      "provider": "provider[\"registry.terraform.io/ciscodevnet/catalystcenter\"]",
      "instances": []
    },
    {
      "module": "module.catalyst_center",
      "mode": "managed",
      "type": "catalystcenter_credentials_https_read",
      "name": "https_read_credentials",
      "provider": "provider[\"registry.terraform.io/ciscodevnet/catalystcenter\"]",
      "instances": []
    },
    {
      "module": "module.catalyst_center",
      "mode": "managed",
      "type": "catalystcenter_credentials_https_write",
      "name": "https_write_credentials",
      "provider": "provider[\"registry.terraform.io/ciscodevnet/catalystcenter\"]",
      "instances": []
    },
    {
      "module": "module.catalyst_center",
      "mode": "managed",
      "type": "catalystcenter_credentials_snmpv2_read",
      "name": "snmpv2_read_credentials",
      "provider": "provider[\"registry.terraform.io/ciscodevnet/catalystcenter\"]",
      "instances": []
    },
    {
      "module": "module.catalyst_center",
      "mode": "managed",
      "type": "catalystcenter_credentials_snmpv2_write",
      "name": "snmpv2_write_credentials",
      "provider": "provider[\"registry.terraform.io/ciscodevnet/catalystcenter\"]",
      "instances": []
    },
    {
      "module": "module.catalyst_center",
      "mode": "managed",
      "type": "catalystcenter_credentials_snmpv3",
      "name": "snmpv3_credentials",
      "provider": "provider[\"registry.terraform.io/ciscodevnet/catalystcenter\"]",
      "instances": []
    },
    {
      "module": "module.catalyst_center",
      "mode": "managed",
      "type": "catalystcenter_deploy_template",
      "name": "composite_template_deploy",
      "provider": "provider[\"registry.terraform.io/ciscodevnet/catalystcenter\"]",
      "instances": []
    },
    {
      "module": "module.catalyst_center",
      "mode": "managed",
      "type": "catalystcenter_deploy_template",
      "name": "regular_template_deploy",
      "provider": "provider[\"registry.terraform.io/ciscodevnet/catalystcenter\"]",
      "instances": []
    },
    {
      "module": "module.catalyst_center",
      "mode": "managed",
      "type": "catalystcenter_device_role",
      "name": "role",
      "provider": "provider[\"registry.terraform.io/ciscodevnet/catalystcenter\"]",
      "instances": []
    },
    {
      "module": "module.catalyst_center",
      "mode": "managed",
      "type": "catalystcenter_fabric_device",
      "name": "border_device",
      "provider": "provider[\"registry.terraform.io/ciscodevnet/catalystcenter\"]",
      "instances": []
    },
    {
      "module": "module.catalyst_center",
      "mode": "managed",
      "type": "catalystcenter_fabric_device",
      "name": "edge_device",
      "provider": "provider[\"registry.terraform.io/ciscodevnet/catalystcenter\"]",
      "instances": []
    },
    {
      "module": "module.catalyst_center",
      "mode": "managed",
      "type": "catalystcenter_fabric_device",
      "name": "wireless_controller",
      "provider": "provider[\"registry.terraform.io/ciscodevnet/catalystcenter\"]",
      "instances": []
    },
    {
      "module": "module.catalyst_center",
      "mode": "managed",
      "type": "catalystcenter_fabric_port_assignment",
      "name": "port_assignments",
      "provider": "provider[\"registry.terraform.io/ciscodevnet/catalystcenter\"]",
      "instances": []
    },
    {
      "module": "module.catalyst_center",
      "mode": "managed",
      "type": "catalystcenter_fabric_provision_device",
      "name": "border_device",
      "provider": "provider[\"registry.terraform.io/ciscodevnet/catalystcenter\"]",
      "instances": []
    },
    {
      "module": "module.catalyst_center",
      "mode": "managed",
      "type": "catalystcenter_fabric_provision_device",
      "name": "edge_device",
      "provider": "provider[\"registry.terraform.io/ciscodevnet/catalystcenter\"]",
      "instances": []
    },
    {
      "module": "module.catalyst_center",
      "mode": "managed",
      "type": "catalystcenter_fabric_site",
      "name": "fabric_site",
      "provider": "provider[\"registry.terraform.io/ciscodevnet/catalystcenter\"]",
      "instances": [
        {
          "index_key": "Global/Poland/Krakow",
          "schema_version": 0,
          "attributes": {
            "authentication_profile_name": "No Authentication",
            "id": "578d1421-0db5-46cc-80a4-e6f85059c853",
            "pub_sub_enabled": true,
            "site_id": "8fc83964-e606-45bc-bd95-422464e78566"
          },
          "sensitive_attributes": [],
          "dependencies": [
            "module.catalyst_center.catalystcenter_area.area_0",
            "module.catalyst_center.catalystcenter_area.area_1",
            "module.catalyst_center.catalystcenter_area.area_2",
            "module.catalyst_center.catalystcenter_building.building",
            "module.catalyst_center.catalystcenter_credentials_cli.cli_credentials",
            "module.catalyst_center.catalystcenter_credentials_https_read.https_read_credentials",
            "module.catalyst_center.catalystcenter_credentials_https_write.https_write_credentials",
            "module.catalyst_center.catalystcenter_credentials_snmpv2_read.snmpv2_read_credentials",
            "module.catalyst_center.catalystcenter_credentials_snmpv2_write.snmpv2_write_credentials",
            "module.catalyst_center.catalystcenter_credentials_snmpv3.snmpv3_credentials",
            "module.catalyst_center.catalystcenter_floor.floor",
            "module.catalyst_center.catalystcenter_network.network_settings"
          ]
        }
      ]
    },
    {
      "module": "module.catalyst_center",
      "mode": "managed",
      "type": "catalystcenter_fabric_virtual_network",
      "name": "vn",
      "provider": "provider[\"registry.terraform.io/ciscodevnet/catalystcenter\"]",
      "instances": [
        {
          "index_key": "Guest",
          "schema_version": 0,
          "attributes": {
            "id": "Guest",
            "is_guest": false,
            "sg_names": null,
            "virtual_network_name": "Guest",
            "vmanage_vpn_id": null
          },
          "sensitive_attributes": [],
          "dependencies": [
            "module.catalyst_center.catalystcenter_area.area_0",
            "module.catalyst_center.catalystcenter_area.area_1",
            "module.catalyst_center.catalystcenter_area.area_2",
            "module.catalyst_center.catalystcenter_building.building",
            "module.catalyst_center.catalystcenter_credentials_cli.cli_credentials",
            "module.catalyst_center.catalystcenter_credentials_https_read.https_read_credentials",
            "module.catalyst_center.catalystcenter_credentials_https_write.https_write_credentials",
            "module.catalyst_center.catalystcenter_credentials_snmpv2_read.snmpv2_read_credentials",
            "module.catalyst_center.catalystcenter_credentials_snmpv2_write.snmpv2_write_credentials",
            "module.catalyst_center.catalystcenter_credentials_snmpv3.snmpv3_credentials",
            "module.catalyst_center.catalystcenter_floor.floor",
            "module.catalyst_center.catalystcenter_ip_pool.ip_pool_v4",
            "module.catalyst_center.catalystcenter_ip_pool.ip_pool_v6",
            "module.catalyst_center.catalystcenter_ip_pool_reservation.pool_reservation"
          ]
        },
        {
          "index_key": "Printers",
          "schema_version": 0,
          "attributes": {
            "id": "Printers",
            "is_guest": false,
            "sg_names": null,
            "virtual_network_name": "Printers",
            "vmanage_vpn_id": null
          },
          "sensitive_attributes": [],
          "dependencies": [
            "module.catalyst_center.catalystcenter_area.area_0",
            "module.catalyst_center.catalystcenter_area.area_1",
            "module.catalyst_center.catalystcenter_area.area_2",
            "module.catalyst_center.catalystcenter_building.building",
            "module.catalyst_center.catalystcenter_credentials_cli.cli_credentials",
            "module.catalyst_center.catalystcenter_credentials_https_read.https_read_credentials",
            "module.catalyst_center.catalystcenter_credentials_https_write.https_write_credentials",
            "module.catalyst_center.catalystcenter_credentials_snmpv2_read.snmpv2_read_credentials",
            "module.catalyst_center.catalystcenter_credentials_snmpv2_write.snmpv2_write_credentials",
            "module.catalyst_center.catalystcenter_credentials_snmpv3.snmpv3_credentials",
            "module.catalyst_center.catalystcenter_floor.floor",
            "module.catalyst_center.catalystcenter_ip_pool.ip_pool_v4",
            "module.catalyst_center.catalystcenter_ip_pool.ip_pool_v6",
            "module.catalyst_center.catalystcenter_ip_pool_reservation.pool_reservation"
          ]
        }
      ]
    },
    {
      "module": "module.catalyst_center",
      "mode": "managed",
      "type": "catalystcenter_floor",
      "name": "floor",
      "provider": "provider[\"registry.terraform.io/ciscodevnet/catalystcenter\"]",
      "instances": [
        {
          "index_key": "Global/Poland/Krakow/Bld A/FLOOR_1",
          "schema_version": 0,
          "attributes": {
            "floor_number": null,
            "height": 3,
            "id": "019cf137-081c-4326-a257-c9a7a3bf2c51",
            "length": 30,
            "name": "FLOOR_1",
            "parent_name": "Global/Poland/Krakow/Bld A",
            "rf_model": "Cubes And Walled Offices",
            "width": 30
          },
          "sensitive_attributes": [],
          "dependencies": [
            "module.catalyst_center.catalystcenter_area.area_0",
            "module.catalyst_center.catalystcenter_area.area_1",
            "module.catalyst_center.catalystcenter_area.area_2",
            "module.catalyst_center.catalystcenter_building.building",
            "module.catalyst_center.catalystcenter_credentials_cli.cli_credentials",
            "module.catalyst_center.catalystcenter_credentials_https_read.https_read_credentials",
            "module.catalyst_center.catalystcenter_credentials_https_write.https_write_credentials",
            "module.catalyst_center.catalystcenter_credentials_snmpv2_read.snmpv2_read_credentials",
            "module.catalyst_center.catalystcenter_credentials_snmpv2_write.snmpv2_write_credentials",
            "module.catalyst_center.catalystcenter_credentials_snmpv3.snmpv3_credentials"
          ]
        },
        {
          "index_key": "Global/Poland/Krakow/Bld A/FLOOR_2",
          "schema_version": 0,
          "attributes": {
            "floor_number": null,
            "height": 3,
            "id": "ffe74d3f-c529-4e67-80ea-b4f6e4d6c36d",
            "length": 30,
            "name": "FLOOR_2",
            "parent_name": "Global/Poland/Krakow/Bld A",
            "rf_model": "Cubes And Walled Offices",
            "width": 30
          },
          "sensitive_attributes": [],
          "dependencies": [
            "module.catalyst_center.catalystcenter_area.area_0",
            "module.catalyst_center.catalystcenter_area.area_1",
            "module.catalyst_center.catalystcenter_area.area_2",
            "module.catalyst_center.catalystcenter_building.building",
            "module.catalyst_center.catalystcenter_credentials_cli.cli_credentials",
            "module.catalyst_center.catalystcenter_credentials_https_read.https_read_credentials",
            "module.catalyst_center.catalystcenter_credentials_https_write.https_write_credentials",
            "module.catalyst_center.catalystcenter_credentials_snmpv2_read.snmpv2_read_credentials",
            "module.catalyst_center.catalystcenter_credentials_snmpv2_write.snmpv2_write_credentials",
            "module.catalyst_center.catalystcenter_credentials_snmpv3.snmpv3_credentials"
          ]
        }
      ]
    },
    {
      "module": "module.catalyst_center",
      "mode": "managed",
      "type": "catalystcenter_ip_pool",
      "name": "ip_pool_v4",
      "provider": "provider[\"registry.terraform.io/ciscodevnet/catalystcenter\"]",
      "instances": [
        {
          "index_key": "Overlay",
          "schema_version": 0,
          "attributes": {
            "dhcp_server_ips": null,
            "dns_server_ips": null,
            "gateway": null,
            "id": "69976cad-f38c-4717-8367-eea84502b0cb",
            "ip_address_space": "IPv4",
            "ip_subnet": "192.168.0.0/16",
            "name": "Overlay",
            "type": "generic"
          },
          "sensitive_attributes": [],
          "dependencies": [
            "module.catalyst_center.catalystcenter_area.area_0",
            "module.catalyst_center.catalystcenter_area.area_1",
            "module.catalyst_center.catalystcenter_area.area_2",
            "module.catalyst_center.catalystcenter_building.building",
            "module.catalyst_center.catalystcenter_credentials_cli.cli_credentials",
            "module.catalyst_center.catalystcenter_credentials_https_read.https_read_credentials",
            "module.catalyst_center.catalystcenter_credentials_https_write.https_write_credentials",
            "module.catalyst_center.catalystcenter_credentials_snmpv2_read.snmpv2_read_credentials",
            "module.catalyst_center.catalystcenter_credentials_snmpv2_write.snmpv2_write_credentials",
            "module.catalyst_center.catalystcenter_credentials_snmpv3.snmpv3_credentials",
            "module.catalyst_center.catalystcenter_floor.floor"
          ]
        }
      ]
    },
    {
      "module": "module.catalyst_center",
      "mode": "managed",
      "type": "catalystcenter_ip_pool",
      "name": "ip_pool_v6",
      "provider": "provider[\"registry.terraform.io/ciscodevnet/catalystcenter\"]",
      "instances": []
    },
    {
      "module": "module.catalyst_center",
      "mode": "managed",
      "type": "catalystcenter_ip_pool_reservation",
      "name": "pool_reservation",
      "provider": "provider[\"registry.terraform.io/ciscodevnet/catalystcenter\"]",
      "instances": [
        {
          "index_key": "BYOD-IPPool",
          "schema_version": 0,
          "attributes": {
            "id": "dfd2efb9-840c-4890-8449-e14687a980a0",
            "ipv4_dhcp_servers": [
              "198.18.130.11"
            ],
            "ipv4_dns_servers": [
              "198.18.130.11"
            ],
            "ipv4_gateway": "192.168.103.1",
            "ipv4_global_pool": "192.168.0.0/16",
            "ipv4_prefix": true,
            "ipv4_prefix_length": 24,
            "ipv4_subnet": "192.168.103.0",
            "ipv4_total_host": null,
            "ipv6_address_space": false,
            "ipv6_dhcp_servers": null,
            "ipv6_dns_servers": null,
            "ipv6_gateway": null,
            "ipv6_global_pool": null,
            "ipv6_prefix": false,
            "ipv6_prefix_length": null,
            "ipv6_subnet": null,
            "ipv6_total_host": null,
            "name": "BYOD-IPPool",
            "site_id": "8fc83964-e606-45bc-bd95-422464e78566",
            "slaac_support": null,
            "type": "Generic"
          },
          "sensitive_attributes": [],
          "dependencies": [
            "module.catalyst_center.catalystcenter_area.area_0",
            "module.catalyst_center.catalystcenter_area.area_1",
            "module.catalyst_center.catalystcenter_area.area_2",
            "module.catalyst_center.catalystcenter_building.building",
            "module.catalyst_center.catalystcenter_credentials_cli.cli_credentials",
            "module.catalyst_center.catalystcenter_credentials_https_read.https_read_credentials",
            "module.catalyst_center.catalystcenter_credentials_https_write.https_write_credentials",
            "module.catalyst_center.catalystcenter_credentials_snmpv2_read.snmpv2_read_credentials",
            "module.catalyst_center.catalystcenter_credentials_snmpv2_write.snmpv2_write_credentials",
            "module.catalyst_center.catalystcenter_credentials_snmpv3.snmpv3_credentials",
            "module.catalyst_center.catalystcenter_floor.floor",
            "module.catalyst_center.catalystcenter_ip_pool.ip_pool_v4",
            "module.catalyst_center.catalystcenter_ip_pool.ip_pool_v6"
          ]
        },
        {
          "index_key": "CampusVN-IPPool",
          "schema_version": 0,
          "attributes": {
            "id": "3135f34d-602a-42ad-aa0e-bb8a7fa6a17c",
            "ipv4_dhcp_servers": [
              "198.18.130.11"
            ],
            "ipv4_dns_servers": [
              "198.18.130.11"
            ],
            "ipv4_gateway": "192.168.100.1",
            "ipv4_global_pool": "192.168.0.0/16",
            "ipv4_prefix": true,
            "ipv4_prefix_length": 24,
            "ipv4_subnet": "192.168.100.0",
            "ipv4_total_host": null,
            "ipv6_address_space": false,
            "ipv6_dhcp_servers": null,
            "ipv6_dns_servers": null,
            "ipv6_gateway": null,
            "ipv6_global_pool": null,
            "ipv6_prefix": false,
            "ipv6_prefix_length": null,
            "ipv6_subnet": null,
            "ipv6_total_host": null,
            "name": "CampusVN-IPPool",
            "site_id": "8fc83964-e606-45bc-bd95-422464e78566",
            "slaac_support": null,
            "type": "Generic"
          },
          "sensitive_attributes": [],
          "dependencies": [
            "module.catalyst_center.catalystcenter_area.area_0",
            "module.catalyst_center.catalystcenter_area.area_1",
            "module.catalyst_center.catalystcenter_area.area_2",
            "module.catalyst_center.catalystcenter_building.building",
            "module.catalyst_center.catalystcenter_credentials_cli.cli_credentials",
            "module.catalyst_center.catalystcenter_credentials_https_read.https_read_credentials",
            "module.catalyst_center.catalystcenter_credentials_https_write.https_write_credentials",
            "module.catalyst_center.catalystcenter_credentials_snmpv2_read.snmpv2_read_credentials",
            "module.catalyst_center.catalystcenter_credentials_snmpv2_write.snmpv2_write_credentials",
            "module.catalyst_center.catalystcenter_credentials_snmpv3.snmpv3_credentials",
            "module.catalyst_center.catalystcenter_floor.floor",
            "module.catalyst_center.catalystcenter_ip_pool.ip_pool_v4",
            "module.catalyst_center.catalystcenter_ip_pool.ip_pool_v6"
          ]
        },
        {
          "index_key": "GuestVN-IPPool",
          "schema_version": 0,
          "attributes": {
            "id": "eacad6cc-153b-415f-a365-e197e4dc331a",
            "ipv4_dhcp_servers": [
              "198.18.130.11"
            ],
            "ipv4_dns_servers": [
              "198.18.130.11"
            ],
            "ipv4_gateway": "192.168.101.1",
            "ipv4_global_pool": "192.168.0.0/16",
            "ipv4_prefix": true,
            "ipv4_prefix_length": 24,
            "ipv4_subnet": "192.168.101.0",
            "ipv4_total_host": null,
            "ipv6_address_space": false,
            "ipv6_dhcp_servers": null,
            "ipv6_dns_servers": null,
            "ipv6_gateway": null,
            "ipv6_global_pool": null,
            "ipv6_prefix": false,
            "ipv6_prefix_length": null,
            "ipv6_subnet": null,
            "ipv6_total_host": null,
            "name": "GuestVN-IPPool",
            "site_id": "8fc83964-e606-45bc-bd95-422464e78566",
            "slaac_support": null,
            "type": "Generic"
          },
          "sensitive_attributes": [],
          "dependencies": [
            "module.catalyst_center.catalystcenter_area.area_0",
            "module.catalyst_center.catalystcenter_area.area_1",
            "module.catalyst_center.catalystcenter_area.area_2",
            "module.catalyst_center.catalystcenter_building.building",
            "module.catalyst_center.catalystcenter_credentials_cli.cli_credentials",
            "module.catalyst_center.catalystcenter_credentials_https_read.https_read_credentials",
            "module.catalyst_center.catalystcenter_credentials_https_write.https_write_credentials",
            "module.catalyst_center.catalystcenter_credentials_snmpv2_read.snmpv2_read_credentials",
            "module.catalyst_center.catalystcenter_credentials_snmpv2_write.snmpv2_write_credentials",
            "module.catalyst_center.catalystcenter_credentials_snmpv3.snmpv3_credentials",
            "module.catalyst_center.catalystcenter_floor.floor",
            "module.catalyst_center.catalystcenter_ip_pool.ip_pool_v4",
            "module.catalyst_center.catalystcenter_ip_pool.ip_pool_v6"
          ]
        },
        {
          "index_key": "PrintersVN-IPPool",
          "schema_version": 0,
          "attributes": {
            "id": "815b3737-73ad-48aa-b609-a58e412b70bf",
            "ipv4_dhcp_servers": [
              "198.18.130.11"
            ],
            "ipv4_dns_servers": [
              "198.18.130.11"
            ],
            "ipv4_gateway": "192.168.102.1",
            "ipv4_global_pool": "192.168.0.0/16",
            "ipv4_prefix": true,
            "ipv4_prefix_length": 24,
            "ipv4_subnet": "192.168.102.0",
            "ipv4_total_host": null,
            "ipv6_address_space": false,
            "ipv6_dhcp_servers": null,
            "ipv6_dns_servers": null,
            "ipv6_gateway": null,
            "ipv6_global_pool": null,
            "ipv6_prefix": false,
            "ipv6_prefix_length": null,
            "ipv6_subnet": null,
            "ipv6_total_host": null,
            "name": "PrintersVN-IPPool",
            "site_id": "8fc83964-e606-45bc-bd95-422464e78566",
            "slaac_support": null,
            "type": "Generic"
          },
          "sensitive_attributes": [],
          "dependencies": [
            "module.catalyst_center.catalystcenter_area.area_0",
            "module.catalyst_center.catalystcenter_area.area_1",
            "module.catalyst_center.catalystcenter_area.area_2",
            "module.catalyst_center.catalystcenter_building.building",
            "module.catalyst_center.catalystcenter_credentials_cli.cli_credentials",
            "module.catalyst_center.catalystcenter_credentials_https_read.https_read_credentials",
            "module.catalyst_center.catalystcenter_credentials_https_write.https_write_credentials",
            "module.catalyst_center.catalystcenter_credentials_snmpv2_read.snmpv2_read_credentials",
            "module.catalyst_center.catalystcenter_credentials_snmpv2_write.snmpv2_write_credentials",
            "module.catalyst_center.catalystcenter_credentials_snmpv3.snmpv3_credentials",
            "module.catalyst_center.catalystcenter_floor.floor",
            "module.catalyst_center.catalystcenter_ip_pool.ip_pool_v4",
            "module.catalyst_center.catalystcenter_ip_pool.ip_pool_v6"
          ]
        }
      ]
    },
    {
      "module": "module.catalyst_center",
      "mode": "managed",
      "type": "catalystcenter_lan_automation",
      "name": "lanauto_edge",
      "provider": "provider[\"registry.terraform.io/ciscodevnet/catalystcenter\"]",
      "instances": []
    },
    {
      "module": "module.catalyst_center",
      "mode": "managed",
      "type": "catalystcenter_lan_automation",
      "name": "lanauto_link",
      "provider": "provider[\"registry.terraform.io/ciscodevnet/catalystcenter\"]",
      "instances": []
    },
    {
      "module": "module.catalyst_center",
      "mode": "managed",
      "type": "catalystcenter_network",
      "name": "network_settings",
      "provider": "provider[\"registry.terraform.io/ciscodevnet/catalystcenter\"]",
      "instances": []
    },
    {
      "module": "module.catalyst_center",
      "mode": "managed",
      "type": "catalystcenter_network_profile",
      "name": "switching_network_profile",
      "provider": "provider[\"registry.terraform.io/ciscodevnet/catalystcenter\"]",
      "instances": [
        {
          "index_key": "VirtualCat9k",
          "schema_version": 0,
          "attributes": {
            "id": "82bfb2c9-9804-473d-b123-ecc08ecc64ed",
            "name": "VirtualCat9k",
            "templates": [
              {
                "attributes": [
                  {
                    "template_id": "f9041f49-3098-48f3-a063-11c811fc4fca"
                  }
                ],
                "type": "cli.templates"
              },
              {
                "attributes": [],
                "type": "day0.templates"
              }
            ],
            "type": "switching"
          },
          "sensitive_attributes": [],
          "dependencies": [
            "module.catalyst_center.catalystcenter_project.project",
            "module.catalyst_center.catalystcenter_template.composite_template",
            "module.catalyst_center.catalystcenter_template.regular_template",
            "module.catalyst_center.time_sleep.template_wait"
          ]
        }
      ]
    },
    {
      "module": "module.catalyst_center",
      "mode": "managed",
      "type": "catalystcenter_pnp_config_preview",
      "name": "config_preview",
      "provider": "provider[\"registry.terraform.io/ciscodevnet/catalystcenter\"]",
      "instances": []
    },
    {
      "module": "module.catalyst_center",
      "mode": "managed",
      "type": "catalystcenter_pnp_device_claim_site",
      "name": "claim_device",
      "provider": "provider[\"registry.terraform.io/ciscodevnet/catalystcenter\"]",
      "instances": []
    },
    {
      "module": "module.catalyst_center",
      "mode": "managed",
      "type": "catalystcenter_pnp_import_devices",
      "name": "pnp_devices",
      "provider": "provider[\"registry.terraform.io/ciscodevnet/catalystcenter\"]",
      "instances": []
    },
    {
      "module": "module.catalyst_center",
      "mode": "managed",
      "type": "catalystcenter_project",
      "name": "project",
      "provider": "provider[\"registry.terraform.io/ciscodevnet/catalystcenter\"]",
      "instances": [
        {
          "index_key": "VirtualCat9k",
          "schema_version": 0,
          "attributes": {
            "description": null,
            "id": "108bed21-3235-44ea-a8b5-0298dbee88ee",
            "name": "VirtualCat9k"
          },
          "sensitive_attributes": []
        }
      ]
    },
    {
      "module": "module.catalyst_center",
      "mode": "managed",
      "type": "catalystcenter_tag",
      "name": "tag",
      "provider": "provider[\"registry.terraform.io/ciscodevnet/catalystcenter\"]",
      "instances": []
    },
    {
      "module": "module.catalyst_center",
      "mode": "managed",
      "type": "catalystcenter_template",
      "name": "composite_template",
      "provider": "provider[\"registry.terraform.io/ciscodevnet/catalystcenter\"]",
      "instances": []
    },
    {
      "module": "module.catalyst_center",
      "mode": "managed",
      "type": "catalystcenter_template",
      "name": "regular_template",
      "provider": "provider[\"registry.terraform.io/ciscodevnet/catalystcenter\"]",
      "instances": [
        {
          "index_key": "ACL_Block",
          "schema_version": 0,
          "attributes": {
            "composite": false,
            "containing_templates": null,
            "description": "ACL to block malicious IPs",
            "device_types": [
              {
                "product_family": "Switches and Hubs",
                "product_series": "Cisco Catalyst 9000 Series Virtual Switches",
                "product_type": null
              }
            ],
            "id": "f9041f49-3098-48f3-a063-11c811fc4fca",
            "language": "JINJA",
            "name": "ACL_Block",
            "project_id": "108bed21-3235-44ea-a8b5-0298dbee88ee",
            "software_type": "IOS-XE",
            "software_variant": null,
            "software_version": null,
            "template_content": "ip access-list extended BLOCK_MALICIOUS_IPS\n deny ip any host 123.123.123.123\n deny ip any host 134.134.134.134\n permit ip any any\n!\ninterface {{ interface }}\n ip access-group BLOCK_MALICIOUS_IPS in\n",
            "template_params": []
          },
          "sensitive_attributes": [],
          "dependencies": [
            "module.catalyst_center.catalystcenter_project.project"
          ]
        }
      ]
    },
    {
      "module": "module.catalyst_center",
      "mode": "managed",
      "type": "catalystcenter_template_version",
      "name": "composite_commit_version",
      "provider": "provider[\"registry.terraform.io/ciscodevnet/catalystcenter\"]",
      "instances": []
    },
    {
      "module": "module.catalyst_center",
      "mode": "managed",
      "type": "catalystcenter_template_version",
      "name": "regular_commit_version",
      "provider": "provider[\"registry.terraform.io/ciscodevnet/catalystcenter\"]",
      "instances": [
        {
          "index_key": "ACL_Block",
          "schema_version": 0,
          "attributes": {
            "comments": "5438fad09e3629ac8a8526fe5f14ff42",
            "id": "7fcc3862-a5d9-475d-9f44-820b2f0f98e4",
            "template_id": "f9041f49-3098-48f3-a063-11c811fc4fca"
          },
          "sensitive_attributes": [],
          "dependencies": [
            "module.catalyst_center.catalystcenter_project.project",
            "module.catalyst_center.catalystcenter_template.regular_template"
          ]
        }
      ]
    },
    {
      "module": "module.catalyst_center",
      "mode": "managed",
      "type": "catalystcenter_transit_network",
      "name": "transit",
      "provider": "provider[\"registry.terraform.io/ciscodevnet/catalystcenter\"]",
      "instances": [
        {
          "index_key": "BGP65002",
          "schema_version": 0,
          "attributes": {
            "autonomous_system_number": "65002",
            "control_plane_network_device_ids": null,
            "id": "06c25c11-4e39-418f-b016-2835263ed4f9",
            "is_multicast_over_transit_enabled": null,
            "name": "BGP65002",
            "routing_protocol_name": "BGP",
            "type": "IP_BASED_TRANSIT"
          },
          "sensitive_attributes": []
        }
      ]
    },
    {
      "module": "module.catalyst_center",
      "mode": "managed",
      "type": "catalystcenter_wireless_device_provision",
      "name": "wireless_controller",
      "provider": "provider[\"registry.terraform.io/ciscodevnet/catalystcenter\"]",
      "instances": []
    },
    {
      "module": "module.catalyst_center",
      "mode": "managed",
      "type": "catalystcenter_wireless_profile",
      "name": "wireless_profile",
      "provider": "provider[\"registry.terraform.io/ciscodevnet/catalystcenter\"]",
      "instances": []
    },
    {
      "module": "module.catalyst_center",
      "mode": "managed",
      "type": "catalystcenter_wireless_rf_profile",
      "name": "rf_profile",
      "provider": "provider[\"registry.terraform.io/ciscodevnet/catalystcenter\"]",
      "instances": []
    },
    {
      "module": "module.catalyst_center",
      "mode": "managed",
      "type": "catalystcenter_wireless_ssid",
      "name": "ssid",
      "provider": "provider[\"registry.terraform.io/ciscodevnet/catalystcenter\"]",
      "instances": []
    },
    {
      "module": "module.catalyst_center",
      "mode": "managed",
      "type": "local_sensitive_file",
      "name": "defaults",
      "provider": "provider[\"registry.terraform.io/hashicorp/local\"]",
      "instances": []
    },
    {
      "module": "module.catalyst_center",
      "mode": "managed",
      "type": "terraform_data",
      "name": "validation",
      "provider": "provider[\"terraform.io/builtin/terraform\"]",
      "instances": [
        {
          "schema_version": 0,
          "attributes": {
            "id": "0d529e16-c627-d08a-a986-bef45f79719c",
            "input": null,
            "output": null,
            "triggers_replace": null
          },
          "sensitive_attributes": []
        }
      ]
    },
    {
      "module": "module.catalyst_center",
      "mode": "managed",
      "type": "time_sleep",
      "name": "template_wait",
      "provider": "provider[\"registry.terraform.io/hashicorp/time\"]",
      "instances": [
        {
          "index_key": 0,
          "schema_version": 0,
          "attributes": {
            "create_duration": "10s",
            "destroy_duration": null,
            "id": "2025-03-26T20:05:34Z",
            "triggers": null
          },
          "sensitive_attributes": [],
          "dependencies": [
            "module.catalyst_center.catalystcenter_project.project",
            "module.catalyst_center.catalystcenter_template.regular_template"
          ]
        }
      ]
    }
  ],
  "check_results": [
    {
      "object_kind": "resource",
      "config_addr": "module.catalyst_center.terraform_data.validation",
      "status": "pass",
      "objects": [
        {
          "object_addr": "module.catalyst_center.terraform_data.validation",
          "status": "pass"
        }
      ]
    }
  ]
}
