{
  "version": 4,
  "terraform_version": "1.10.5",
  "serial": 605,
  "lineage": "332c4ece-4995-490c-0765-b185bf002298",
  "outputs": {},
  "resources": [
    {
      "module": "module.catalyst_center",
      "mode": "data",
      "type": "catalystcenter_area",
      "name": "global",
      "provider": "provider[\"registry.terraform.io/ciscodevnet/catalystcenter\"]",
      "instances": [
        {
          "schema_version": 0,
          "attributes": {
            "id": "3abb944d-550f-4802-b62d-462ae5108cf7",
            "name": "Global",
            "parent_name": null
          },
          "sensitive_attributes": []
        }
      ]
    },
    {
      "module": "module.catalyst_center",
      "mode": "data",
      "type": "catalystcenter_credentials_cli",
      "name": "cli_credentials",
      "provider": "provider[\"registry.terraform.io/ciscodevnet/catalystcenter\"]",
      "instances": []
    },
    {
      "module": "module.catalyst_center",
      "mode": "data",
      "type": "catalystcenter_network_devices",
      "name": "all_devices",
      "provider": "provider[\"registry.terraform.io/ciscodevnet/catalystcenter\"]",
      "instances": [
        {
          "schema_version": 0,
          "attributes": {
            "devices": [
              {
                "hostname": "KRK-DNA-P4-BORD11",
                "id": "a144a086-750c-4af1-ac57-feab33a69851",
                "management_ip_address": "192.168.40.3",
                "management_state": "Managed",
                "platform_id": "C9300-24P",
                "role": "BORDER ROUTER",
                "software_type": "IOS-XE"
              },
              {
                "hostname": "KRK-DNA-P4-BORD12",
                "id": "541c0acc-d5d2-45b8-94b8-e03e824a799c",
                "management_ip_address": "192.168.40.2",
                "management_state": "Managed",
                "platform_id": "ISR4321/K9",
                "role": "BORDER ROUTER",
                "software_type": "IOS-XE"
              },
              {
                "hostname": "KRK-DNA-P4-BORD21.cisco.com",
                "id": "18b88e78-bef6-486f-b901-e4082e09a69a",
                "management_ip_address": "192.168.40.4",
                "management_state": "Managed",
                "platform_id": "C9300-24P",
                "role": "ACCESS",
                "software_type": "IOS-XE"
              },
              {
                "hostname": "KRK-DNA-P4-BORD22",
                "id": "d77c287d-8349-4958-8f1d-eb74cf0a874d",
                "management_ip_address": "192.168.40.8",
                "management_state": "Managed",
                "platform_id": "ASR1001-X",
                "role": "BORDER ROUTER",
                "software_type": "IOS-XE"
              },
              {
                "hostname": "KRK-DNA-P4-EDGE11",
                "id": "f954b367-bcde-4995-9640-4bcfc863f5d1",
                "management_ip_address": "192.168.40.5",
                "management_state": "Managed",
                "platform_id": "C9300-24P",
                "role": "ACCESS",
                "software_type": "IOS-XE"
              },
              {
                "hostname": "KRK-DNA-P4-EDGE12",
                "id": "52fc8677-3c05-430c-8fe3-55f82491946b",
                "management_ip_address": "192.168.40.6",
                "management_state": "Managed",
                "platform_id": "C9300-24P",
                "role": "ACCESS",
                "software_type": "IOS-XE"
              },
              {
                "hostname": "KRK-DNA-P4-EDGE21.cisco.com",
                "id": "b2edb1e6-678d-493d-9522-1facfeae75bd",
                "management_ip_address": "192.168.40.7",
                "management_state": "Managed",
                "platform_id": "C9300-24P",
                "role": "ACCESS",
                "software_type": "IOS-XE"
              },
              {
                "hostname": "KRK-DNA-P4-FUSION.cisco.com",
                "id": "f1b053cf-5916-4391-b55b-72f745bed6ab",
                "management_ip_address": "192.168.40.1",
                "management_state": "Managed",
                "platform_id": "ISR4321/K9",
                "role": "BORDER ROUTER",
                "software_type": "IOS-XE"
              }
            ]
          },
          "sensitive_attributes": []
        }
      ]
    },
    {
      "module": "module.catalyst_center",
      "mode": "data",
      "type": "catalystcenter_pnp_device",
      "name": "pnp_device",
      "provider": "provider[\"registry.terraform.io/ciscodevnet/catalystcenter\"]",
      "instances": []
    },
    {
      "module": "module.catalyst_center",
      "mode": "data",
      "type": "catalystcenter_project",
      "name": "onboarding",
      "provider": "provider[\"registry.terraform.io/ciscodevnet/catalystcenter\"]",
      "instances": [
        {
          "schema_version": 0,
          "attributes": {
            "description": "Onboarding Configuration",
            "id": "9a71c384-650e-40e3-b213-40775a09ba82",
            "name": "Onboarding Configuration"
          },
          "sensitive_attributes": []
        }
      ]
    },
    {
      "module": "module.catalyst_center",
      "mode": "managed",
      "type": "catalystcenter_aaa_settings",
      "name": "aaa_servers",
      "provider": "provider[\"registry.terraform.io/ciscodevnet/catalystcenter\"]",
      "instances": [
        {
          "index_key": "Global/Poland/Krakow",
          "schema_version": 0,
          "attributes": {
            "client_aaa_pan": "172.17.3.159",
            "client_aaa_primary_server_ip": "172.17.3.159",
            "client_aaa_protocol": "RADIUS",
            "client_aaa_secondary_server_ip": null,
            "client_aaa_server_type": "ISE",
            "client_aaa_shared_secret": "C1sco12345",
            "id": "5e9833e6-5578-41f0-b097-16d5a3dc6779",
            "network_aaa_pan": "172.17.3.159",
            "network_aaa_primary_server_ip": "172.17.3.159",
            "network_aaa_protocol": "RADIUS",
            "network_aaa_secondary_server_ip": null,
            "network_aaa_server_type": "ISE",
            "network_aaa_shared_secret": "C1sco12345",
            "site_id": "5e9833e6-5578-41f0-b097-16d5a3dc6779"
          },
          "sensitive_attributes": [],
          "dependencies": [
            "module.catalyst_center.catalystcenter_area.area_0",
            "module.catalyst_center.catalystcenter_area.area_1",
            "module.catalyst_center.catalystcenter_area.area_2",
            "module.catalyst_center.catalystcenter_building.building",
            "module.catalyst_center.catalystcenter_credentials_cli.cli_credentials",
            "module.catalyst_center.catalystcenter_credentials_https_read.https_read_credentials",
            "module.catalyst_center.catalystcenter_credentials_https_write.https_write_credentials",
            "module.catalyst_center.catalystcenter_credentials_snmpv2_read.snmpv2_read_credentials",
            "module.catalyst_center.catalystcenter_credentials_snmpv2_write.snmpv2_write_credentials",
            "module.catalyst_center.catalystcenter_credentials_snmpv3.snmpv3_credentials",
            "module.catalyst_center.catalystcenter_discovery.discovery",
            "module.catalyst_center.catalystcenter_floor.floor",
            "module.catalyst_center.data.catalystcenter_area.global",
            "module.catalyst_center.data.catalystcenter_credentials_cli.cli_credentials"
          ]
        },
        {
          "index_key": "Global/Poland/Warsaw",
          "schema_version": 0,
          "attributes": {
            "client_aaa_pan": "172.17.3.159",
            "client_aaa_primary_server_ip": "172.17.3.159",
            "client_aaa_protocol": "RADIUS",
            "client_aaa_secondary_server_ip": null,
            "client_aaa_server_type": "ISE",
            "client_aaa_shared_secret": "C1sco12345",
            "id": "7d0673fd-382b-4f74-b4f1-c55f73759261",
            "network_aaa_pan": "172.17.3.159",
            "network_aaa_primary_server_ip": "172.17.3.159",
            "network_aaa_protocol": "RADIUS",
            "network_aaa_secondary_server_ip": null,
            "network_aaa_server_type": "ISE",
            "network_aaa_shared_secret": "C1sco12345",
            "site_id": "7d0673fd-382b-4f74-b4f1-c55f73759261"
          },
          "sensitive_attributes": [],
          "dependencies": [
            "module.catalyst_center.catalystcenter_area.area_0",
            "module.catalyst_center.catalystcenter_area.area_1",
            "module.catalyst_center.catalystcenter_area.area_2",
            "module.catalyst_center.catalystcenter_building.building",
            "module.catalyst_center.catalystcenter_credentials_cli.cli_credentials",
            "module.catalyst_center.catalystcenter_credentials_https_read.https_read_credentials",
            "module.catalyst_center.catalystcenter_credentials_https_write.https_write_credentials",
            "module.catalyst_center.catalystcenter_credentials_snmpv2_read.snmpv2_read_credentials",
            "module.catalyst_center.catalystcenter_credentials_snmpv2_write.snmpv2_write_credentials",
            "module.catalyst_center.catalystcenter_credentials_snmpv3.snmpv3_credentials",
            "module.catalyst_center.catalystcenter_discovery.discovery",
            "module.catalyst_center.catalystcenter_floor.floor",
            "module.catalyst_center.data.catalystcenter_area.global",
            "module.catalyst_center.data.catalystcenter_credentials_cli.cli_credentials"
          ]
        }
      ]
    },
    {
      "module": "module.catalyst_center",
      "mode": "managed",
      "type": "catalystcenter_anycast_gateway",
      "name": "anycast_gateway",
      "provider": "provider[\"registry.terraform.io/ciscodevnet/catalystcenter\"]",
      "instances": [
        {
          "index_key": "BYOD-IPPool",
          "schema_version": 0,
          "attributes": {
            "auto_generate_vlan_name": true,
            "critical_pool": false,
            "fabric_id": "88062621-4cfd-4644-9aa0-ad72cbd04848",
            "group_based_policy_enforcement_enabled": null,
            "id": "09ae1527-0e0f-4b82-9293-eff75c532154",
            "intra_subnet_routing_enabled": false,
            "ip_directed_broadcast": false,
            "ip_pool_name": "BYOD-IPPool",
            "l2_flooding_enabled": false,
            "multiple_ip_to_mac_addresses": false,
            "pool_type": null,
            "security_group_name": null,
            "supplicant_based_extended_node_onboarding": null,
            "tcp_mss_adjustment": null,
            "traffic_type": "DATA",
            "virtual_network_name": "BYOD",
            "vlan_id": 1022,
            "vlan_name": null,
            "wireless_pool": false
          },
          "sensitive_attributes": [],
          "dependencies": [
            "module.catalyst_center.catalystcenter_area.area_0",
            "module.catalyst_center.catalystcenter_area.area_1",
            "module.catalyst_center.catalystcenter_area.area_2",
            "module.catalyst_center.catalystcenter_building.building",
            "module.catalyst_center.catalystcenter_credentials_cli.cli_credentials",
            "module.catalyst_center.catalystcenter_credentials_https_read.https_read_credentials",
            "module.catalyst_center.catalystcenter_credentials_https_write.https_write_credentials",
            "module.catalyst_center.catalystcenter_credentials_snmpv2_read.snmpv2_read_credentials",
            "module.catalyst_center.catalystcenter_credentials_snmpv2_write.snmpv2_write_credentials",
            "module.catalyst_center.catalystcenter_credentials_snmpv3.snmpv3_credentials",
            "module.catalyst_center.catalystcenter_discovery.discovery",
            "module.catalyst_center.catalystcenter_fabric_l3_virtual_network.l3_vn",
            "module.catalyst_center.catalystcenter_fabric_site.fabric_site",
            "module.catalyst_center.catalystcenter_floor.floor",
            "module.catalyst_center.catalystcenter_ip_pool.ip_pool_v4",
            "module.catalyst_center.catalystcenter_ip_pool.ip_pool_v6",
            "module.catalyst_center.catalystcenter_ip_pool_reservation.pool_reservation",
            "module.catalyst_center.catalystcenter_telemetry_settings.telemetry_settings",
            "module.catalyst_center.data.catalystcenter_area.global",
            "module.catalyst_center.data.catalystcenter_credentials_cli.cli_credentials"
          ]
        },
        {
          "index_key": "BYOD-WAW-IPPool",
          "schema_version": 0,
          "attributes": {
            "auto_generate_vlan_name": true,
            "critical_pool": false,
            "fabric_id": "c3a63598-fee0-4f5e-8ccb-005dd7a8f355",
            "group_based_policy_enforcement_enabled": null,
            "id": "d7101b4c-912a-4503-b09f-20c3795a6175",
            "intra_subnet_routing_enabled": false,
            "ip_directed_broadcast": false,
            "ip_pool_name": "BYOD-WAW-IPPool",
            "l2_flooding_enabled": false,
            "multiple_ip_to_mac_addresses": false,
            "pool_type": null,
            "security_group_name": null,
            "supplicant_based_extended_node_onboarding": null,
            "tcp_mss_adjustment": null,
            "traffic_type": "DATA",
            "virtual_network_name": "BYOD",
            "vlan_id": 1023,
            "vlan_name": null,
            "wireless_pool": false
          },
          "sensitive_attributes": [],
          "dependencies": [
            "module.catalyst_center.catalystcenter_area.area_0",
            "module.catalyst_center.catalystcenter_area.area_1",
            "module.catalyst_center.catalystcenter_area.area_2",
            "module.catalyst_center.catalystcenter_building.building",
            "module.catalyst_center.catalystcenter_credentials_cli.cli_credentials",
            "module.catalyst_center.catalystcenter_credentials_https_read.https_read_credentials",
            "module.catalyst_center.catalystcenter_credentials_https_write.https_write_credentials",
            "module.catalyst_center.catalystcenter_credentials_snmpv2_read.snmpv2_read_credentials",
            "module.catalyst_center.catalystcenter_credentials_snmpv2_write.snmpv2_write_credentials",
            "module.catalyst_center.catalystcenter_credentials_snmpv3.snmpv3_credentials",
            "module.catalyst_center.catalystcenter_discovery.discovery",
            "module.catalyst_center.catalystcenter_fabric_l3_virtual_network.l3_vn",
            "module.catalyst_center.catalystcenter_fabric_site.fabric_site",
            "module.catalyst_center.catalystcenter_floor.floor",
            "module.catalyst_center.catalystcenter_ip_pool.ip_pool_v4",
            "module.catalyst_center.catalystcenter_ip_pool.ip_pool_v6",
            "module.catalyst_center.catalystcenter_ip_pool_reservation.pool_reservation",
            "module.catalyst_center.catalystcenter_telemetry_settings.telemetry_settings",
            "module.catalyst_center.data.catalystcenter_area.global",
            "module.catalyst_center.data.catalystcenter_credentials_cli.cli_credentials"
          ]
        },
        {
          "index_key": "CampusVN-IPPool",
          "schema_version": 0,
          "attributes": {
            "auto_generate_vlan_name": true,
            "critical_pool": false,
            "fabric_id": "88062621-4cfd-4644-9aa0-ad72cbd04848",
            "group_based_policy_enforcement_enabled": null,
            "id": "b495248e-f56a-4350-8e4d-75d8b93f1219",
            "intra_subnet_routing_enabled": false,
            "ip_directed_broadcast": false,
            "ip_pool_name": "CampusVN-IPPool",
            "l2_flooding_enabled": false,
            "multiple_ip_to_mac_addresses": false,
            "pool_type": null,
            "security_group_name": null,
            "supplicant_based_extended_node_onboarding": null,
            "tcp_mss_adjustment": null,
            "traffic_type": "DATA",
            "virtual_network_name": "Campus",
            "vlan_id": 1021,
            "vlan_name": null,
            "wireless_pool": false
          },
          "sensitive_attributes": [],
          "dependencies": [
            "module.catalyst_center.catalystcenter_area.area_0",
            "module.catalyst_center.catalystcenter_area.area_1",
            "module.catalyst_center.catalystcenter_area.area_2",
            "module.catalyst_center.catalystcenter_building.building",
            "module.catalyst_center.catalystcenter_credentials_cli.cli_credentials",
            "module.catalyst_center.catalystcenter_credentials_https_read.https_read_credentials",
            "module.catalyst_center.catalystcenter_credentials_https_write.https_write_credentials",
            "module.catalyst_center.catalystcenter_credentials_snmpv2_read.snmpv2_read_credentials",
            "module.catalyst_center.catalystcenter_credentials_snmpv2_write.snmpv2_write_credentials",
            "module.catalyst_center.catalystcenter_credentials_snmpv3.snmpv3_credentials",
            "module.catalyst_center.catalystcenter_discovery.discovery",
            "module.catalyst_center.catalystcenter_fabric_l3_virtual_network.l3_vn",
            "module.catalyst_center.catalystcenter_fabric_site.fabric_site",
            "module.catalyst_center.catalystcenter_floor.floor",
            "module.catalyst_center.catalystcenter_ip_pool.ip_pool_v4",
            "module.catalyst_center.catalystcenter_ip_pool.ip_pool_v6",
            "module.catalyst_center.catalystcenter_ip_pool_reservation.pool_reservation",
            "module.catalyst_center.catalystcenter_telemetry_settings.telemetry_settings",
            "module.catalyst_center.data.catalystcenter_area.global",
            "module.catalyst_center.data.catalystcenter_credentials_cli.cli_credentials"
          ]
        },
        {
          "index_key": "CampusVN-WAW-IPPool",
          "schema_version": 0,
          "attributes": {
            "auto_generate_vlan_name": true,
            "critical_pool": false,
            "fabric_id": "c3a63598-fee0-4f5e-8ccb-005dd7a8f355",
            "group_based_policy_enforcement_enabled": null,
            "id": "5f83449e-ff82-49f8-bfdb-827842579798",
            "intra_subnet_routing_enabled": false,
            "ip_directed_broadcast": false,
            "ip_pool_name": "CampusVN-WAW-IPPool",
            "l2_flooding_enabled": false,
            "multiple_ip_to_mac_addresses": false,
            "pool_type": null,
            "security_group_name": null,
            "supplicant_based_extended_node_onboarding": null,
            "tcp_mss_adjustment": null,
            "traffic_type": "DATA",
            "virtual_network_name": "Campus",
            "vlan_id": 1024,
            "vlan_name": null,
            "wireless_pool": false
          },
          "sensitive_attributes": [],
          "dependencies": [
            "module.catalyst_center.catalystcenter_area.area_0",
            "module.catalyst_center.catalystcenter_area.area_1",
            "module.catalyst_center.catalystcenter_area.area_2",
            "module.catalyst_center.catalystcenter_building.building",
            "module.catalyst_center.catalystcenter_credentials_cli.cli_credentials",
            "module.catalyst_center.catalystcenter_credentials_https_read.https_read_credentials",
            "module.catalyst_center.catalystcenter_credentials_https_write.https_write_credentials",
            "module.catalyst_center.catalystcenter_credentials_snmpv2_read.snmpv2_read_credentials",
            "module.catalyst_center.catalystcenter_credentials_snmpv2_write.snmpv2_write_credentials",
            "module.catalyst_center.catalystcenter_credentials_snmpv3.snmpv3_credentials",
            "module.catalyst_center.catalystcenter_discovery.discovery",
            "module.catalyst_center.catalystcenter_fabric_l3_virtual_network.l3_vn",
            "module.catalyst_center.catalystcenter_fabric_site.fabric_site",
            "module.catalyst_center.catalystcenter_floor.floor",
            "module.catalyst_center.catalystcenter_ip_pool.ip_pool_v4",
            "module.catalyst_center.catalystcenter_ip_pool.ip_pool_v6",
            "module.catalyst_center.catalystcenter_ip_pool_reservation.pool_reservation",
            "module.catalyst_center.catalystcenter_telemetry_settings.telemetry_settings",
            "module.catalyst_center.data.catalystcenter_area.global",
            "module.catalyst_center.data.catalystcenter_credentials_cli.cli_credentials"
          ]
        },
        {
          "index_key": "GuestVN-IPPool",
          "schema_version": 0,
          "attributes": {
            "auto_generate_vlan_name": true,
            "critical_pool": false,
            "fabric_id": "88062621-4cfd-4644-9aa0-ad72cbd04848",
            "group_based_policy_enforcement_enabled": null,
            "id": "8628c639-3682-46cd-ada0-50cf397e2ffb",
            "intra_subnet_routing_enabled": false,
            "ip_directed_broadcast": false,
            "ip_pool_name": "GuestVN-IPPool",
            "l2_flooding_enabled": false,
            "multiple_ip_to_mac_addresses": false,
            "pool_type": null,
            "security_group_name": null,
            "supplicant_based_extended_node_onboarding": null,
            "tcp_mss_adjustment": null,
            "traffic_type": "DATA",
            "virtual_network_name": "Guest",
            "vlan_id": 1024,
            "vlan_name": null,
            "wireless_pool": false
          },
          "sensitive_attributes": [],
          "dependencies": [
            "module.catalyst_center.catalystcenter_area.area_0",
            "module.catalyst_center.catalystcenter_area.area_1",
            "module.catalyst_center.catalystcenter_area.area_2",
            "module.catalyst_center.catalystcenter_building.building",
            "module.catalyst_center.catalystcenter_credentials_cli.cli_credentials",
            "module.catalyst_center.catalystcenter_credentials_https_read.https_read_credentials",
            "module.catalyst_center.catalystcenter_credentials_https_write.https_write_credentials",
            "module.catalyst_center.catalystcenter_credentials_snmpv2_read.snmpv2_read_credentials",
            "module.catalyst_center.catalystcenter_credentials_snmpv2_write.snmpv2_write_credentials",
            "module.catalyst_center.catalystcenter_credentials_snmpv3.snmpv3_credentials",
            "module.catalyst_center.catalystcenter_discovery.discovery",
            "module.catalyst_center.catalystcenter_fabric_l3_virtual_network.l3_vn",
            "module.catalyst_center.catalystcenter_fabric_site.fabric_site",
            "module.catalyst_center.catalystcenter_floor.floor",
            "module.catalyst_center.catalystcenter_ip_pool.ip_pool_v4",
            "module.catalyst_center.catalystcenter_ip_pool.ip_pool_v6",
            "module.catalyst_center.catalystcenter_ip_pool_reservation.pool_reservation",
            "module.catalyst_center.catalystcenter_telemetry_settings.telemetry_settings",
            "module.catalyst_center.data.catalystcenter_area.global",
            "module.catalyst_center.data.catalystcenter_credentials_cli.cli_credentials"
          ]
        },
        {
          "index_key": "GuestVN-WAW-IPPool",
          "schema_version": 0,
          "attributes": {
            "auto_generate_vlan_name": true,
            "critical_pool": false,
            "fabric_id": "c3a63598-fee0-4f5e-8ccb-005dd7a8f355",
            "group_based_policy_enforcement_enabled": null,
            "id": "e53d2297-363e-4a38-a16c-923fd8e044ce",
            "intra_subnet_routing_enabled": false,
            "ip_directed_broadcast": false,
            "ip_pool_name": "GuestVN-WAW-IPPool",
            "l2_flooding_enabled": false,
            "multiple_ip_to_mac_addresses": false,
            "pool_type": null,
            "security_group_name": null,
            "supplicant_based_extended_node_onboarding": null,
            "tcp_mss_adjustment": null,
            "traffic_type": "DATA",
            "virtual_network_name": "Guest",
            "vlan_id": 1021,
            "vlan_name": null,
            "wireless_pool": false
          },
          "sensitive_attributes": [],
          "dependencies": [
            "module.catalyst_center.catalystcenter_area.area_0",
            "module.catalyst_center.catalystcenter_area.area_1",
            "module.catalyst_center.catalystcenter_area.area_2",
            "module.catalyst_center.catalystcenter_building.building",
            "module.catalyst_center.catalystcenter_credentials_cli.cli_credentials",
            "module.catalyst_center.catalystcenter_credentials_https_read.https_read_credentials",
            "module.catalyst_center.catalystcenter_credentials_https_write.https_write_credentials",
            "module.catalyst_center.catalystcenter_credentials_snmpv2_read.snmpv2_read_credentials",
            "module.catalyst_center.catalystcenter_credentials_snmpv2_write.snmpv2_write_credentials",
            "module.catalyst_center.catalystcenter_credentials_snmpv3.snmpv3_credentials",
            "module.catalyst_center.catalystcenter_discovery.discovery",
            "module.catalyst_center.catalystcenter_fabric_l3_virtual_network.l3_vn",
            "module.catalyst_center.catalystcenter_fabric_site.fabric_site",
            "module.catalyst_center.catalystcenter_floor.floor",
            "module.catalyst_center.catalystcenter_ip_pool.ip_pool_v4",
            "module.catalyst_center.catalystcenter_ip_pool.ip_pool_v6",
            "module.catalyst_center.catalystcenter_ip_pool_reservation.pool_reservation",
            "module.catalyst_center.catalystcenter_telemetry_settings.telemetry_settings",
            "module.catalyst_center.data.catalystcenter_area.global",
            "module.catalyst_center.data.catalystcenter_credentials_cli.cli_credentials"
          ]
        },
        {
          "index_key": "PrintersVN-IPPool",
          "schema_version": 0,
          "attributes": {
            "auto_generate_vlan_name": true,
            "critical_pool": false,
            "fabric_id": "88062621-4cfd-4644-9aa0-ad72cbd04848",
            "group_based_policy_enforcement_enabled": null,
            "id": "5d3da74b-6f4a-48ba-aa13-4599b46a44e0",
            "intra_subnet_routing_enabled": false,
            "ip_directed_broadcast": false,
            "ip_pool_name": "PrintersVN-IPPool",
            "l2_flooding_enabled": false,
            "multiple_ip_to_mac_addresses": false,
            "pool_type": null,
            "security_group_name": null,
            "supplicant_based_extended_node_onboarding": null,
            "tcp_mss_adjustment": null,
            "traffic_type": "DATA",
            "virtual_network_name": "Printers",
            "vlan_id": 1023,
            "vlan_name": null,
            "wireless_pool": false
          },
          "sensitive_attributes": [],
          "dependencies": [
            "module.catalyst_center.catalystcenter_area.area_0",
            "module.catalyst_center.catalystcenter_area.area_1",
            "module.catalyst_center.catalystcenter_area.area_2",
            "module.catalyst_center.catalystcenter_building.building",
            "module.catalyst_center.catalystcenter_credentials_cli.cli_credentials",
            "module.catalyst_center.catalystcenter_credentials_https_read.https_read_credentials",
            "module.catalyst_center.catalystcenter_credentials_https_write.https_write_credentials",
            "module.catalyst_center.catalystcenter_credentials_snmpv2_read.snmpv2_read_credentials",
            "module.catalyst_center.catalystcenter_credentials_snmpv2_write.snmpv2_write_credentials",
            "module.catalyst_center.catalystcenter_credentials_snmpv3.snmpv3_credentials",
            "module.catalyst_center.catalystcenter_discovery.discovery",
            "module.catalyst_center.catalystcenter_fabric_l3_virtual_network.l3_vn",
            "module.catalyst_center.catalystcenter_fabric_site.fabric_site",
            "module.catalyst_center.catalystcenter_floor.floor",
            "module.catalyst_center.catalystcenter_ip_pool.ip_pool_v4",
            "module.catalyst_center.catalystcenter_ip_pool.ip_pool_v6",
            "module.catalyst_center.catalystcenter_ip_pool_reservation.pool_reservation",
            "module.catalyst_center.catalystcenter_telemetry_settings.telemetry_settings",
            "module.catalyst_center.data.catalystcenter_area.global",
            "module.catalyst_center.data.catalystcenter_credentials_cli.cli_credentials"
          ]
        },
        {
          "index_key": "PrintersVN-WAW-IPPool",
          "schema_version": 0,
          "attributes": {
            "auto_generate_vlan_name": true,
            "critical_pool": false,
            "fabric_id": "c3a63598-fee0-4f5e-8ccb-005dd7a8f355",
            "group_based_policy_enforcement_enabled": null,
            "id": "bfac2cf9-3c53-497c-a226-fde3ece2240e",
            "intra_subnet_routing_enabled": false,
            "ip_directed_broadcast": false,
            "ip_pool_name": "PrintersVN-WAW-IPPool",
            "l2_flooding_enabled": false,
            "multiple_ip_to_mac_addresses": false,
            "pool_type": null,
            "security_group_name": null,
            "supplicant_based_extended_node_onboarding": null,
            "tcp_mss_adjustment": null,
            "traffic_type": "DATA",
            "virtual_network_name": "Printers",
            "vlan_id": 1022,
            "vlan_name": null,
            "wireless_pool": false
          },
          "sensitive_attributes": [],
          "dependencies": [
            "module.catalyst_center.catalystcenter_area.area_0",
            "module.catalyst_center.catalystcenter_area.area_1",
            "module.catalyst_center.catalystcenter_area.area_2",
            "module.catalyst_center.catalystcenter_building.building",
            "module.catalyst_center.catalystcenter_credentials_cli.cli_credentials",
            "module.catalyst_center.catalystcenter_credentials_https_read.https_read_credentials",
            "module.catalyst_center.catalystcenter_credentials_https_write.https_write_credentials",
            "module.catalyst_center.catalystcenter_credentials_snmpv2_read.snmpv2_read_credentials",
            "module.catalyst_center.catalystcenter_credentials_snmpv2_write.snmpv2_write_credentials",
            "module.catalyst_center.catalystcenter_credentials_snmpv3.snmpv3_credentials",
            "module.catalyst_center.catalystcenter_discovery.discovery",
            "module.catalyst_center.catalystcenter_fabric_l3_virtual_network.l3_vn",
            "module.catalyst_center.catalystcenter_fabric_site.fabric_site",
            "module.catalyst_center.catalystcenter_floor.floor",
            "module.catalyst_center.catalystcenter_ip_pool.ip_pool_v4",
            "module.catalyst_center.catalystcenter_ip_pool.ip_pool_v6",
            "module.catalyst_center.catalystcenter_ip_pool_reservation.pool_reservation",
            "module.catalyst_center.catalystcenter_telemetry_settings.telemetry_settings",
            "module.catalyst_center.data.catalystcenter_area.global",
            "module.catalyst_center.data.catalystcenter_credentials_cli.cli_credentials"
          ]
        }
      ]
    },
    {
      "module": "module.catalyst_center",
      "mode": "managed",
      "type": "catalystcenter_area",
      "name": "area_0",
      "provider": "provider[\"registry.terraform.io/ciscodevnet/catalystcenter\"]",
      "instances": [
        {
          "index_key": "Global/Poland",
          "schema_version": 0,
          "attributes": {
            "id": "8064da79-1954-4c12-9278-29ab5c96fdfd",
            "name": "Poland",
            "parent_name": "Global"
          },
          "sensitive_attributes": [],
          "dependencies": [
            "module.catalyst_center.catalystcenter_credentials_cli.cli_credentials",
            "module.catalyst_center.catalystcenter_credentials_https_read.https_read_credentials",
            "module.catalyst_center.catalystcenter_credentials_https_write.https_write_credentials",
            "module.catalyst_center.catalystcenter_credentials_snmpv2_read.snmpv2_read_credentials",
            "module.catalyst_center.catalystcenter_credentials_snmpv2_write.snmpv2_write_credentials",
            "module.catalyst_center.catalystcenter_credentials_snmpv3.snmpv3_credentials",
            "module.catalyst_center.catalystcenter_discovery.discovery",
            "module.catalyst_center.data.catalystcenter_credentials_cli.cli_credentials"
          ]
        }
      ]
    },
    {
      "module": "module.catalyst_center",
      "mode": "managed",
      "type": "catalystcenter_area",
      "name": "area_1",
      "provider": "provider[\"registry.terraform.io/ciscodevnet/catalystcenter\"]",
      "instances": [
        {
          "index_key": "Global/Poland/Krakow",
          "schema_version": 0,
          "attributes": {
            "id": "5e9833e6-5578-41f0-b097-16d5a3dc6779",
            "name": "Krakow",
            "parent_name": "Global/Poland"
          },
          "sensitive_attributes": [],
          "dependencies": [
            "module.catalyst_center.catalystcenter_area.area_0",
            "module.catalyst_center.catalystcenter_credentials_cli.cli_credentials",
            "module.catalyst_center.catalystcenter_credentials_https_read.https_read_credentials",
            "module.catalyst_center.catalystcenter_credentials_https_write.https_write_credentials",
            "module.catalyst_center.catalystcenter_credentials_snmpv2_read.snmpv2_read_credentials",
            "module.catalyst_center.catalystcenter_credentials_snmpv2_write.snmpv2_write_credentials",
            "module.catalyst_center.catalystcenter_credentials_snmpv3.snmpv3_credentials",
            "module.catalyst_center.catalystcenter_discovery.discovery",
            "module.catalyst_center.data.catalystcenter_credentials_cli.cli_credentials"
          ]
        },
        {
          "index_key": "Global/Poland/Warsaw",
          "schema_version": 0,
          "attributes": {
            "id": "7d0673fd-382b-4f74-b4f1-c55f73759261",
            "name": "Warsaw",
            "parent_name": "Global/Poland"
          },
          "sensitive_attributes": [],
          "dependencies": [
            "module.catalyst_center.catalystcenter_area.area_0",
            "module.catalyst_center.catalystcenter_credentials_cli.cli_credentials",
            "module.catalyst_center.catalystcenter_credentials_https_read.https_read_credentials",
            "module.catalyst_center.catalystcenter_credentials_https_write.https_write_credentials",
            "module.catalyst_center.catalystcenter_credentials_snmpv2_read.snmpv2_read_credentials",
            "module.catalyst_center.catalystcenter_credentials_snmpv2_write.snmpv2_write_credentials",
            "module.catalyst_center.catalystcenter_credentials_snmpv3.snmpv3_credentials",
            "module.catalyst_center.catalystcenter_discovery.discovery",
            "module.catalyst_center.data.catalystcenter_credentials_cli.cli_credentials"
          ]
        }
      ]
    },
    {
      "module": "module.catalyst_center",
      "mode": "managed",
      "type": "catalystcenter_area",
      "name": "area_2",
      "provider": "provider[\"registry.terraform.io/ciscodevnet/catalystcenter\"]",
      "instances": []
    },
    {
      "module": "module.catalyst_center",
      "mode": "managed",
      "type": "catalystcenter_assign_credentials",
      "name": "assign_credentials",
      "provider": "provider[\"registry.terraform.io/ciscodevnet/catalystcenter\"]",
      "instances": []
    },
    {
      "module": "module.catalyst_center",
      "mode": "managed",
      "type": "catalystcenter_assign_templates_to_tag",
      "name": "template_to_tag",
      "provider": "provider[\"registry.terraform.io/ciscodevnet/catalystcenter\"]",
      "instances": []
    },
    {
      "module": "module.catalyst_center",
      "mode": "managed",
      "type": "catalystcenter_associate_site_to_network_profile",
      "name": "site_to_network_profile",
      "provider": "provider[\"registry.terraform.io/ciscodevnet/catalystcenter\"]",
      "instances": [
        {
          "index_key": "Global/Poland/Krakow#_#VirtualCat9k",
          "schema_version": 0,
          "attributes": {
            "id": "bd9c392e-307b-4325-a220-be360d075d63",
            "network_profile_id": "bd9c392e-307b-4325-a220-be360d075d63",
            "site_id": "5e9833e6-5578-41f0-b097-16d5a3dc6779"
          },
          "sensitive_attributes": [],
          "dependencies": [
            "module.catalyst_center.catalystcenter_area.area_0",
            "module.catalyst_center.catalystcenter_area.area_1",
            "module.catalyst_center.catalystcenter_area.area_2",
            "module.catalyst_center.catalystcenter_building.building",
            "module.catalyst_center.catalystcenter_credentials_cli.cli_credentials",
            "module.catalyst_center.catalystcenter_credentials_https_read.https_read_credentials",
            "module.catalyst_center.catalystcenter_credentials_https_write.https_write_credentials",
            "module.catalyst_center.catalystcenter_credentials_snmpv2_read.snmpv2_read_credentials",
            "module.catalyst_center.catalystcenter_credentials_snmpv2_write.snmpv2_write_credentials",
            "module.catalyst_center.catalystcenter_credentials_snmpv3.snmpv3_credentials",
            "module.catalyst_center.catalystcenter_discovery.discovery",
            "module.catalyst_center.catalystcenter_floor.floor",
            "module.catalyst_center.catalystcenter_network_profile.switching_network_profile",
            "module.catalyst_center.catalystcenter_project.project",
            "module.catalyst_center.catalystcenter_template.composite_template",
            "module.catalyst_center.catalystcenter_template.regular_template",
            "module.catalyst_center.data.catalystcenter_credentials_cli.cli_credentials",
            "module.catalyst_center.data.catalystcenter_project.onboarding",
            "module.catalyst_center.time_sleep.template_wait"
          ]
        }
      ]
    },
    {
      "module": "module.catalyst_center",
      "mode": "managed",
      "type": "catalystcenter_associate_site_to_network_profile",
      "name": "site_to_wireless_network_profile",
      "provider": "provider[\"registry.terraform.io/ciscodevnet/catalystcenter\"]",
      "instances": []
    },
    {
      "module": "module.catalyst_center",
      "mode": "managed",
      "type": "catalystcenter_banner_settings",
      "name": "banner",
      "provider": "provider[\"registry.terraform.io/ciscodevnet/catalystcenter\"]",
      "instances": []
    },
    {
      "module": "module.catalyst_center",
      "mode": "managed",
      "type": "catalystcenter_building",
      "name": "building",
      "provider": "provider[\"registry.terraform.io/ciscodevnet/catalystcenter\"]",
      "instances": [
        {
          "index_key": "Global/Poland/Krakow/Bld A",
          "schema_version": 0,
          "attributes": {
            "address": null,
            "country": "Poland",
            "id": "ac250a1c-b237-4dce-8bb8-65dd8f4a88c9",
            "latitude": 50.0623225,
            "longitude": 19.937975,
            "name": "Bld A",
            "parent_name": "Global/Poland/Krakow"
          },
          "sensitive_attributes": [],
          "dependencies": [
            "module.catalyst_center.catalystcenter_area.area_0",
            "module.catalyst_center.catalystcenter_area.area_1",
            "module.catalyst_center.catalystcenter_area.area_2",
            "module.catalyst_center.catalystcenter_credentials_cli.cli_credentials",
            "module.catalyst_center.catalystcenter_credentials_https_read.https_read_credentials",
            "module.catalyst_center.catalystcenter_credentials_https_write.https_write_credentials",
            "module.catalyst_center.catalystcenter_credentials_snmpv2_read.snmpv2_read_credentials",
            "module.catalyst_center.catalystcenter_credentials_snmpv2_write.snmpv2_write_credentials",
            "module.catalyst_center.catalystcenter_credentials_snmpv3.snmpv3_credentials",
            "module.catalyst_center.catalystcenter_discovery.discovery",
            "module.catalyst_center.data.catalystcenter_credentials_cli.cli_credentials"
          ]
        }
      ]
    },
    {
      "module": "module.catalyst_center",
      "mode": "managed",
      "type": "catalystcenter_credentials_cli",
      "name": "cli_credentials",
      "provider": "provider[\"registry.terraform.io/ciscodevnet/catalystcenter\"]",
      "instances": []
    },
    {
      "module": "module.catalyst_center",
      "mode": "managed",
      "type": "catalystcenter_credentials_https_read",
      "name": "https_read_credentials",
      "provider": "provider[\"registry.terraform.io/ciscodevnet/catalystcenter\"]",
      "instances": []
    },
    {
      "module": "module.catalyst_center",
      "mode": "managed",
      "type": "catalystcenter_credentials_https_write",
      "name": "https_write_credentials",
      "provider": "provider[\"registry.terraform.io/ciscodevnet/catalystcenter\"]",
      "instances": []
    },
    {
      "module": "module.catalyst_center",
      "mode": "managed",
      "type": "catalystcenter_credentials_snmpv2_read",
      "name": "snmpv2_read_credentials",
      "provider": "provider[\"registry.terraform.io/ciscodevnet/catalystcenter\"]",
      "instances": []
    },
    {
      "module": "module.catalyst_center",
      "mode": "managed",
      "type": "catalystcenter_credentials_snmpv2_write",
      "name": "snmpv2_write_credentials",
      "provider": "provider[\"registry.terraform.io/ciscodevnet/catalystcenter\"]",
      "instances": []
    },
    {
      "module": "module.catalyst_center",
      "mode": "managed",
      "type": "catalystcenter_credentials_snmpv3",
      "name": "snmpv3_credentials",
      "provider": "provider[\"registry.terraform.io/ciscodevnet/catalystcenter\"]",
      "instances": []
    },
    {
      "module": "module.catalyst_center",
      "mode": "managed",
      "type": "catalystcenter_device_role",
      "name": "role",
      "provider": "provider[\"registry.terraform.io/ciscodevnet/catalystcenter\"]",
      "instances": [
        {
          "index_key": "KRK-DNA-P4-BORD11.cisco.com",
          "schema_version": 0,
          "attributes": {
            "device_id": "a144a086-750c-4af1-ac57-feab33a69851",
            "id": "a144a086-750c-4af1-ac57-feab33a69851",
            "role": "BORDER ROUTER",
            "role_source": "MANUAL"
          },
          "sensitive_attributes": [],
          "dependencies": [
            "module.catalyst_center.catalystcenter_area.area_0",
            "module.catalyst_center.catalystcenter_area.area_1",
            "module.catalyst_center.catalystcenter_area.area_2",
            "module.catalyst_center.catalystcenter_building.building",
            "module.catalyst_center.catalystcenter_credentials_cli.cli_credentials",
            "module.catalyst_center.catalystcenter_credentials_https_read.https_read_credentials",
            "module.catalyst_center.catalystcenter_credentials_https_write.https_write_credentials",
            "module.catalyst_center.catalystcenter_credentials_snmpv2_read.snmpv2_read_credentials",
            "module.catalyst_center.catalystcenter_credentials_snmpv2_write.snmpv2_write_credentials",
            "module.catalyst_center.catalystcenter_credentials_snmpv3.snmpv3_credentials",
            "module.catalyst_center.catalystcenter_discovery.discovery",
            "module.catalyst_center.catalystcenter_floor.floor",
            "module.catalyst_center.data.catalystcenter_credentials_cli.cli_credentials",
            "module.catalyst_center.data.catalystcenter_network_devices.all_devices"
          ]
        },
        {
          "index_key": "KRK-DNA-P4-BORD12.cisco.com",
          "schema_version": 0,
          "attributes": {
            "device_id": "541c0acc-d5d2-45b8-94b8-e03e824a799c",
            "id": "541c0acc-d5d2-45b8-94b8-e03e824a799c",
            "role": "BORDER ROUTER",
            "role_source": "MANUAL"
          },
          "sensitive_attributes": [],
          "dependencies": [
            "module.catalyst_center.catalystcenter_area.area_0",
            "module.catalyst_center.catalystcenter_area.area_1",
            "module.catalyst_center.catalystcenter_area.area_2",
            "module.catalyst_center.catalystcenter_building.building",
            "module.catalyst_center.catalystcenter_credentials_cli.cli_credentials",
            "module.catalyst_center.catalystcenter_credentials_https_read.https_read_credentials",
            "module.catalyst_center.catalystcenter_credentials_https_write.https_write_credentials",
            "module.catalyst_center.catalystcenter_credentials_snmpv2_read.snmpv2_read_credentials",
            "module.catalyst_center.catalystcenter_credentials_snmpv2_write.snmpv2_write_credentials",
            "module.catalyst_center.catalystcenter_credentials_snmpv3.snmpv3_credentials",
            "module.catalyst_center.catalystcenter_discovery.discovery",
            "module.catalyst_center.catalystcenter_floor.floor",
            "module.catalyst_center.data.catalystcenter_credentials_cli.cli_credentials",
            "module.catalyst_center.data.catalystcenter_network_devices.all_devices"
          ]
        },
        {
          "index_key": "KRK-DNA-P4-BORD22.cisco.com",
          "schema_version": 0,
          "attributes": {
            "device_id": "d77c287d-8349-4958-8f1d-eb74cf0a874d",
            "id": "d77c287d-8349-4958-8f1d-eb74cf0a874d",
            "role": "BORDER ROUTER",
            "role_source": "MANUAL"
          },
          "sensitive_attributes": [],
          "dependencies": [
            "module.catalyst_center.catalystcenter_area.area_0",
            "module.catalyst_center.catalystcenter_area.area_1",
            "module.catalyst_center.catalystcenter_area.area_2",
            "module.catalyst_center.catalystcenter_building.building",
            "module.catalyst_center.catalystcenter_credentials_cli.cli_credentials",
            "module.catalyst_center.catalystcenter_credentials_https_read.https_read_credentials",
            "module.catalyst_center.catalystcenter_credentials_https_write.https_write_credentials",
            "module.catalyst_center.catalystcenter_credentials_snmpv2_read.snmpv2_read_credentials",
            "module.catalyst_center.catalystcenter_credentials_snmpv2_write.snmpv2_write_credentials",
            "module.catalyst_center.catalystcenter_credentials_snmpv3.snmpv3_credentials",
            "module.catalyst_center.catalystcenter_discovery.discovery",
            "module.catalyst_center.catalystcenter_floor.floor",
            "module.catalyst_center.data.catalystcenter_credentials_cli.cli_credentials",
            "module.catalyst_center.data.catalystcenter_network_devices.all_devices"
          ]
        },
        {
          "index_key": "KRK-DNA-P4-EDGE11.cisco.com",
          "schema_version": 0,
          "attributes": {
            "device_id": "f954b367-bcde-4995-9640-4bcfc863f5d1",
            "id": "f954b367-bcde-4995-9640-4bcfc863f5d1",
            "role": "ACCESS",
            "role_source": "MANUAL"
          },
          "sensitive_attributes": [],
          "dependencies": [
            "module.catalyst_center.catalystcenter_area.area_0",
            "module.catalyst_center.catalystcenter_area.area_1",
            "module.catalyst_center.catalystcenter_area.area_2",
            "module.catalyst_center.catalystcenter_building.building",
            "module.catalyst_center.catalystcenter_credentials_cli.cli_credentials",
            "module.catalyst_center.catalystcenter_credentials_https_read.https_read_credentials",
            "module.catalyst_center.catalystcenter_credentials_https_write.https_write_credentials",
            "module.catalyst_center.catalystcenter_credentials_snmpv2_read.snmpv2_read_credentials",
            "module.catalyst_center.catalystcenter_credentials_snmpv2_write.snmpv2_write_credentials",
            "module.catalyst_center.catalystcenter_credentials_snmpv3.snmpv3_credentials",
            "module.catalyst_center.catalystcenter_discovery.discovery",
            "module.catalyst_center.catalystcenter_floor.floor",
            "module.catalyst_center.data.catalystcenter_credentials_cli.cli_credentials",
            "module.catalyst_center.data.catalystcenter_network_devices.all_devices"
          ]
        },
        {
          "index_key": "KRK-DNA-P4-EDGE12.cisco.com",
          "schema_version": 0,
          "attributes": {
            "device_id": "52fc8677-3c05-430c-8fe3-55f82491946b",
            "id": "52fc8677-3c05-430c-8fe3-55f82491946b",
            "role": "ACCESS",
            "role_source": "MANUAL"
          },
          "sensitive_attributes": [],
          "dependencies": [
            "module.catalyst_center.catalystcenter_area.area_0",
            "module.catalyst_center.catalystcenter_area.area_1",
            "module.catalyst_center.catalystcenter_area.area_2",
            "module.catalyst_center.catalystcenter_building.building",
            "module.catalyst_center.catalystcenter_credentials_cli.cli_credentials",
            "module.catalyst_center.catalystcenter_credentials_https_read.https_read_credentials",
            "module.catalyst_center.catalystcenter_credentials_https_write.https_write_credentials",
            "module.catalyst_center.catalystcenter_credentials_snmpv2_read.snmpv2_read_credentials",
            "module.catalyst_center.catalystcenter_credentials_snmpv2_write.snmpv2_write_credentials",
            "module.catalyst_center.catalystcenter_credentials_snmpv3.snmpv3_credentials",
            "module.catalyst_center.catalystcenter_discovery.discovery",
            "module.catalyst_center.catalystcenter_floor.floor",
            "module.catalyst_center.data.catalystcenter_credentials_cli.cli_credentials",
            "module.catalyst_center.data.catalystcenter_network_devices.all_devices"
          ]
        }
      ]
    },
    {
      "module": "module.catalyst_center",
      "mode": "managed",
      "type": "catalystcenter_dhcp_settings",
      "name": "dhcp_servers",
      "provider": "provider[\"registry.terraform.io/ciscodevnet/catalystcenter\"]",
      "instances": []
    },
    {
      "module": "module.catalyst_center",
      "mode": "managed",
      "type": "catalystcenter_discovery",
      "name": "discovery",
      "provider": "provider[\"registry.terraform.io/ciscodevnet/catalystcenter\"]",
      "instances": [
        {
          "index_key": "Campus_TF",
          "schema_version": 0,
          "attributes": {
            "cdp_level": null,
            "discovery_type": "Range",
            "enable_password_list": null,
            "global_credential_id_list": null,
            "http_read_credential": null,
            "http_write_credential": null,
            "id": "141",
            "ip_address_list": "192.168.40.1-192.168.40.9",
            "ip_filter_list": null,
            "lldp_level": null,
            "name": "Campus_TF",
            "netconf_port": null,
            "password_list": null,
            "preferred_ip_method": "None",
            "protocol_order": "SSH,Telnet",
            "retry": null,
            "snmp_auth_passphrase": null,
            "snmp_auth_protocol": null,
            "snmp_mode": null,
            "snmp_priv_passphrase": null,
            "snmp_priv_protocol": null,
            "snmp_ro_community": null,
            "snmp_ro_community_desc": null,
            "snmp_rw_community": null,
            "snmp_rw_community_desc": null,
            "snmp_user_name": null,
            "snmp_version": null,
            "timeout_seconds": null,
            "user_name_list": null
          },
          "sensitive_attributes": [],
          "dependencies": [
            "module.catalyst_center.data.catalystcenter_credentials_cli.cli_credentials"
          ]
        }
      ]
    },
    {
      "module": "module.catalyst_center",
      "mode": "managed",
      "type": "catalystcenter_dns_settings",
      "name": "dns_settings",
      "provider": "provider[\"registry.terraform.io/ciscodevnet/catalystcenter\"]",
      "instances": []
    },
    {
      "module": "module.catalyst_center",
      "mode": "managed",
      "type": "catalystcenter_fabric_device",
      "name": "border_device",
      "provider": "provider[\"registry.terraform.io/ciscodevnet/catalystcenter\"]",
      "instances": [
        {
          "index_key": "KRK-DNA-P4-BORD11.cisco.com",
          "schema_version": 0,
          "attributes": {
            "border_priority": null,
            "border_types": [
              "LAYER_3"
            ],
            "default_exit": true,
            "device_roles": [
              "BORDER_NODE",
              "CONTROL_PLANE_NODE"
            ],
            "fabric_id": "88062621-4cfd-4644-9aa0-ad72cbd04848",
            "id": "4d6f97ea-368c-4591-bb3a-e73e4c6bf4eb",
            "import_external_routes": false,
            "local_autonomous_system_number": "65002",
            "network_device_id": "a144a086-750c-4af1-ac57-feab33a69851",
            "prepend_autonomous_system_count": null
          },
          "sensitive_attributes": [],
          "dependencies": [
            "module.catalyst_center.catalystcenter_area.area_0",
            "module.catalyst_center.catalystcenter_area.area_1",
            "module.catalyst_center.catalystcenter_area.area_2",
            "module.catalyst_center.catalystcenter_building.building",
            "module.catalyst_center.catalystcenter_credentials_cli.cli_credentials",
            "module.catalyst_center.catalystcenter_credentials_https_read.https_read_credentials",
            "module.catalyst_center.catalystcenter_credentials_https_write.https_write_credentials",
            "module.catalyst_center.catalystcenter_credentials_snmpv2_read.snmpv2_read_credentials",
            "module.catalyst_center.catalystcenter_credentials_snmpv2_write.snmpv2_write_credentials",
            "module.catalyst_center.catalystcenter_credentials_snmpv3.snmpv3_credentials",
            "module.catalyst_center.catalystcenter_device_role.role",
            "module.catalyst_center.catalystcenter_discovery.discovery",
            "module.catalyst_center.catalystcenter_fabric_provision_device.border_device",
            "module.catalyst_center.catalystcenter_fabric_site.fabric_site",
            "module.catalyst_center.catalystcenter_floor.floor",
            "module.catalyst_center.catalystcenter_telemetry_settings.telemetry_settings",
            "module.catalyst_center.data.catalystcenter_area.global",
            "module.catalyst_center.data.catalystcenter_credentials_cli.cli_credentials",
            "module.catalyst_center.data.catalystcenter_network_devices.all_devices"
          ]
        },
        {
          "index_key": "KRK-DNA-P4-BORD12.cisco.com",
          "schema_version": 0,
          "attributes": {
            "border_priority": null,
            "border_types": [
              "LAYER_3"
            ],
            "default_exit": true,
            "device_roles": [
              "BORDER_NODE",
              "CONTROL_PLANE_NODE"
            ],
            "fabric_id": "88062621-4cfd-4644-9aa0-ad72cbd04848",
            "id": "dd66d835-2ab5-475d-88e1-62ff1df7af67",
            "import_external_routes": false,
            "local_autonomous_system_number": "65002",
            "network_device_id": "541c0acc-d5d2-45b8-94b8-e03e824a799c",
            "prepend_autonomous_system_count": null
          },
          "sensitive_attributes": [],
          "dependencies": [
            "module.catalyst_center.catalystcenter_area.area_0",
            "module.catalyst_center.catalystcenter_area.area_1",
            "module.catalyst_center.catalystcenter_area.area_2",
            "module.catalyst_center.catalystcenter_building.building",
            "module.catalyst_center.catalystcenter_credentials_cli.cli_credentials",
            "module.catalyst_center.catalystcenter_credentials_https_read.https_read_credentials",
            "module.catalyst_center.catalystcenter_credentials_https_write.https_write_credentials",
            "module.catalyst_center.catalystcenter_credentials_snmpv2_read.snmpv2_read_credentials",
            "module.catalyst_center.catalystcenter_credentials_snmpv2_write.snmpv2_write_credentials",
            "module.catalyst_center.catalystcenter_credentials_snmpv3.snmpv3_credentials",
            "module.catalyst_center.catalystcenter_device_role.role",
            "module.catalyst_center.catalystcenter_discovery.discovery",
            "module.catalyst_center.catalystcenter_fabric_provision_device.border_device",
            "module.catalyst_center.catalystcenter_fabric_site.fabric_site",
            "module.catalyst_center.catalystcenter_floor.floor",
            "module.catalyst_center.catalystcenter_telemetry_settings.telemetry_settings",
            "module.catalyst_center.data.catalystcenter_area.global",
            "module.catalyst_center.data.catalystcenter_credentials_cli.cli_credentials",
            "module.catalyst_center.data.catalystcenter_network_devices.all_devices"
          ]
        }
      ]
    },
    {
      "module": "module.catalyst_center",
      "mode": "managed",
      "type": "catalystcenter_fabric_device",
      "name": "edge_device",
      "provider": "provider[\"registry.terraform.io/ciscodevnet/catalystcenter\"]",
      "instances": [
        {
          "index_key": "KRK-DNA-P4-EDGE11.cisco.com",
          "schema_version": 0,
          "attributes": {
            "border_priority": null,
            "border_types": null,
            "default_exit": null,
            "device_roles": [
              "EDGE_NODE"
            ],
            "fabric_id": "88062621-4cfd-4644-9aa0-ad72cbd04848",
            "id": "775a7ccf-8233-4ce8-b385-5c3f455e20cf",
            "import_external_routes": null,
            "local_autonomous_system_number": null,
            "network_device_id": "f954b367-bcde-4995-9640-4bcfc863f5d1",
            "prepend_autonomous_system_count": null
          },
          "sensitive_attributes": [],
          "dependencies": [
            "module.catalyst_center.catalystcenter_area.area_0",
            "module.catalyst_center.catalystcenter_area.area_1",
            "module.catalyst_center.catalystcenter_area.area_2",
            "module.catalyst_center.catalystcenter_building.building",
            "module.catalyst_center.catalystcenter_credentials_cli.cli_credentials",
            "module.catalyst_center.catalystcenter_credentials_https_read.https_read_credentials",
            "module.catalyst_center.catalystcenter_credentials_https_write.https_write_credentials",
            "module.catalyst_center.catalystcenter_credentials_snmpv2_read.snmpv2_read_credentials",
            "module.catalyst_center.catalystcenter_credentials_snmpv2_write.snmpv2_write_credentials",
            "module.catalyst_center.catalystcenter_credentials_snmpv3.snmpv3_credentials",
            "module.catalyst_center.catalystcenter_device_role.role",
            "module.catalyst_center.catalystcenter_discovery.discovery",
            "module.catalyst_center.catalystcenter_fabric_device.border_device",
            "module.catalyst_center.catalystcenter_fabric_provision_device.border_device",
            "module.catalyst_center.catalystcenter_fabric_provision_device.edge_device",
            "module.catalyst_center.catalystcenter_fabric_site.fabric_site",
            "module.catalyst_center.catalystcenter_floor.floor",
            "module.catalyst_center.catalystcenter_telemetry_settings.telemetry_settings",
            "module.catalyst_center.data.catalystcenter_area.global",
            "module.catalyst_center.data.catalystcenter_credentials_cli.cli_credentials",
            "module.catalyst_center.data.catalystcenter_network_devices.all_devices"
          ]
        },
        {
          "index_key": "KRK-DNA-P4-EDGE12.cisco.com",
          "schema_version": 0,
          "attributes": {
            "border_priority": null,
            "border_types": null,
            "default_exit": null,
            "device_roles": [
              "EDGE_NODE"
            ],
            "fabric_id": "88062621-4cfd-4644-9aa0-ad72cbd04848",
            "id": "fe13f1fe-52aa-423f-aa1d-7feaa5efab64",
            "import_external_routes": null,
            "local_autonomous_system_number": null,
            "network_device_id": "52fc8677-3c05-430c-8fe3-55f82491946b",
            "prepend_autonomous_system_count": null
          },
          "sensitive_attributes": [],
          "dependencies": [
            "module.catalyst_center.catalystcenter_area.area_0",
            "module.catalyst_center.catalystcenter_area.area_1",
            "module.catalyst_center.catalystcenter_area.area_2",
            "module.catalyst_center.catalystcenter_building.building",
            "module.catalyst_center.catalystcenter_credentials_cli.cli_credentials",
            "module.catalyst_center.catalystcenter_credentials_https_read.https_read_credentials",
            "module.catalyst_center.catalystcenter_credentials_https_write.https_write_credentials",
            "module.catalyst_center.catalystcenter_credentials_snmpv2_read.snmpv2_read_credentials",
            "module.catalyst_center.catalystcenter_credentials_snmpv2_write.snmpv2_write_credentials",
            "module.catalyst_center.catalystcenter_credentials_snmpv3.snmpv3_credentials",
            "module.catalyst_center.catalystcenter_device_role.role",
            "module.catalyst_center.catalystcenter_discovery.discovery",
            "module.catalyst_center.catalystcenter_fabric_device.border_device",
            "module.catalyst_center.catalystcenter_fabric_provision_device.border_device",
            "module.catalyst_center.catalystcenter_fabric_provision_device.edge_device",
            "module.catalyst_center.catalystcenter_fabric_site.fabric_site",
            "module.catalyst_center.catalystcenter_floor.floor",
            "module.catalyst_center.catalystcenter_telemetry_settings.telemetry_settings",
            "module.catalyst_center.data.catalystcenter_area.global",
            "module.catalyst_center.data.catalystcenter_credentials_cli.cli_credentials",
            "module.catalyst_center.data.catalystcenter_network_devices.all_devices"
          ]
        }
      ]
    },
    {
      "module": "module.catalyst_center",
      "mode": "managed",
      "type": "catalystcenter_fabric_l2_virtual_network",
      "name": "l2_vn",
      "provider": "provider[\"registry.terraform.io/ciscodevnet/catalystcenter\"]",
      "instances": []
    },
    {
      "module": "module.catalyst_center",
      "mode": "managed",
      "type": "catalystcenter_fabric_l3_handoff_ip_transit",
      "name": "l3_handoff_ip_transit",
      "provider": "provider[\"registry.terraform.io/ciscodevnet/catalystcenter\"]",
      "instances": [
        {
          "index_key": "Campus/KRK-DNA-P4-BORD11.cisco.com/BGP65010",
          "schema_version": 0,
          "attributes": {
            "external_connectivity_ip_pool_name": null,
            "fabric_id": "88062621-4cfd-4644-9aa0-ad72cbd04848",
            "id": "8232ffaf-698e-4f7a-aceb-0e02673cb60d",
            "interface_name": "GigabitEthernet2/0/22",
            "local_ip_address": "172.16.130.1/24",
            "local_ipv6_address": null,
            "network_device_id": "a144a086-750c-4af1-ac57-feab33a69851",
            "remote_ip_address": "172.16.130.2/24",
            "remote_ipv6_address": null,
            "tcp_mss_adjustment": null,
            "transit_network_id": "b64f7e15-b87f-4444-8af7-2d840a330534",
            "virtual_network_name": "Campus",
            "vlan_id": 311
          },
          "sensitive_attributes": [],
          "dependencies": [
            "module.catalyst_center.catalystcenter_area.area_0",
            "module.catalyst_center.catalystcenter_area.area_1",
            "module.catalyst_center.catalystcenter_area.area_2",
            "module.catalyst_center.catalystcenter_building.building",
            "module.catalyst_center.catalystcenter_credentials_cli.cli_credentials",
            "module.catalyst_center.catalystcenter_credentials_https_read.https_read_credentials",
            "module.catalyst_center.catalystcenter_credentials_https_write.https_write_credentials",
            "module.catalyst_center.catalystcenter_credentials_snmpv2_read.snmpv2_read_credentials",
            "module.catalyst_center.catalystcenter_credentials_snmpv2_write.snmpv2_write_credentials",
            "module.catalyst_center.catalystcenter_credentials_snmpv3.snmpv3_credentials",
            "module.catalyst_center.catalystcenter_device_role.role",
            "module.catalyst_center.catalystcenter_discovery.discovery",
            "module.catalyst_center.catalystcenter_fabric_device.border_device",
            "module.catalyst_center.catalystcenter_fabric_l3_virtual_network.l3_vn",
            "module.catalyst_center.catalystcenter_fabric_provision_device.border_device",
            "module.catalyst_center.catalystcenter_fabric_site.fabric_site",
            "module.catalyst_center.catalystcenter_floor.floor",
            "module.catalyst_center.catalystcenter_ip_pool.ip_pool_v4",
            "module.catalyst_center.catalystcenter_ip_pool.ip_pool_v6",
            "module.catalyst_center.catalystcenter_ip_pool_reservation.pool_reservation",
            "module.catalyst_center.catalystcenter_telemetry_settings.telemetry_settings",
            "module.catalyst_center.catalystcenter_transit_network.transit",
            "module.catalyst_center.data.catalystcenter_area.global",
            "module.catalyst_center.data.catalystcenter_credentials_cli.cli_credentials",
            "module.catalyst_center.data.catalystcenter_network_devices.all_devices"
          ]
        },
        {
          "index_key": "Campus/KRK-DNA-P4-BORD12.cisco.com/BGP65010",
          "schema_version": 0,
          "attributes": {
            "external_connectivity_ip_pool_name": null,
            "fabric_id": "88062621-4cfd-4644-9aa0-ad72cbd04848",
            "id": "35504790-428c-49dc-9256-d4683d7a3a71",
            "interface_name": "GigabitEthernet0/1/0",
            "local_ip_address": "172.16.140.1/24",
            "local_ipv6_address": null,
            "network_device_id": "541c0acc-d5d2-45b8-94b8-e03e824a799c",
            "remote_ip_address": "172.16.140.2/24",
            "remote_ipv6_address": null,
            "tcp_mss_adjustment": null,
            "transit_network_id": "b64f7e15-b87f-4444-8af7-2d840a330534",
            "virtual_network_name": "Campus",
            "vlan_id": 312
          },
          "sensitive_attributes": [],
          "dependencies": [
            "module.catalyst_center.catalystcenter_area.area_0",
            "module.catalyst_center.catalystcenter_area.area_1",
            "module.catalyst_center.catalystcenter_area.area_2",
            "module.catalyst_center.catalystcenter_building.building",
            "module.catalyst_center.catalystcenter_credentials_cli.cli_credentials",
            "module.catalyst_center.catalystcenter_credentials_https_read.https_read_credentials",
            "module.catalyst_center.catalystcenter_credentials_https_write.https_write_credentials",
            "module.catalyst_center.catalystcenter_credentials_snmpv2_read.snmpv2_read_credentials",
            "module.catalyst_center.catalystcenter_credentials_snmpv2_write.snmpv2_write_credentials",
            "module.catalyst_center.catalystcenter_credentials_snmpv3.snmpv3_credentials",
            "module.catalyst_center.catalystcenter_device_role.role",
            "module.catalyst_center.catalystcenter_discovery.discovery",
            "module.catalyst_center.catalystcenter_fabric_device.border_device",
            "module.catalyst_center.catalystcenter_fabric_l3_virtual_network.l3_vn",
            "module.catalyst_center.catalystcenter_fabric_provision_device.border_device",
            "module.catalyst_center.catalystcenter_fabric_site.fabric_site",
            "module.catalyst_center.catalystcenter_floor.floor",
            "module.catalyst_center.catalystcenter_ip_pool.ip_pool_v4",
            "module.catalyst_center.catalystcenter_ip_pool.ip_pool_v6",
            "module.catalyst_center.catalystcenter_ip_pool_reservation.pool_reservation",
            "module.catalyst_center.catalystcenter_telemetry_settings.telemetry_settings",
            "module.catalyst_center.catalystcenter_transit_network.transit",
            "module.catalyst_center.data.catalystcenter_area.global",
            "module.catalyst_center.data.catalystcenter_credentials_cli.cli_credentials",
            "module.catalyst_center.data.catalystcenter_network_devices.all_devices"
          ]
        }
      ]
    },
    {
      "module": "module.catalyst_center",
      "mode": "managed",
      "type": "catalystcenter_fabric_l3_virtual_network",
      "name": "l3_vn",
      "provider": "provider[\"registry.terraform.io/ciscodevnet/catalystcenter\"]",
      "instances": [
        {
          "index_key": "BYOD",
          "schema_version": 0,
          "attributes": {
            "anchored_site_id": null,
            "fabric_ids": [
              "88062621-4cfd-4644-9aa0-ad72cbd04848",
              "c3a63598-fee0-4f5e-8ccb-005dd7a8f355"
            ],
            "id": "5c58259b-fab4-4928-9432-d359f0a26cc9",
            "virtual_network_name": "BYOD"
          },
          "sensitive_attributes": [],
          "dependencies": [
            "module.catalyst_center.catalystcenter_area.area_0",
            "module.catalyst_center.catalystcenter_area.area_1",
            "module.catalyst_center.catalystcenter_area.area_2",
            "module.catalyst_center.catalystcenter_building.building",
            "module.catalyst_center.catalystcenter_credentials_cli.cli_credentials",
            "module.catalyst_center.catalystcenter_credentials_https_read.https_read_credentials",
            "module.catalyst_center.catalystcenter_credentials_https_write.https_write_credentials",
            "module.catalyst_center.catalystcenter_credentials_snmpv2_read.snmpv2_read_credentials",
            "module.catalyst_center.catalystcenter_credentials_snmpv2_write.snmpv2_write_credentials",
            "module.catalyst_center.catalystcenter_credentials_snmpv3.snmpv3_credentials",
            "module.catalyst_center.catalystcenter_discovery.discovery",
            "module.catalyst_center.catalystcenter_fabric_site.fabric_site",
            "module.catalyst_center.catalystcenter_floor.floor",
            "module.catalyst_center.catalystcenter_ip_pool.ip_pool_v4",
            "module.catalyst_center.catalystcenter_ip_pool.ip_pool_v6",
            "module.catalyst_center.catalystcenter_ip_pool_reservation.pool_reservation",
            "module.catalyst_center.catalystcenter_telemetry_settings.telemetry_settings",
            "module.catalyst_center.data.catalystcenter_area.global",
            "module.catalyst_center.data.catalystcenter_credentials_cli.cli_credentials"
          ]
        },
        {
          "index_key": "Campus",
          "schema_version": 0,
          "attributes": {
            "anchored_site_id": null,
            "fabric_ids": [
              "88062621-4cfd-4644-9aa0-ad72cbd04848",
              "c3a63598-fee0-4f5e-8ccb-005dd7a8f355"
            ],
            "id": "f4609507-68b9-4755-a6b6-b2cd8b0e4097",
            "virtual_network_name": "Campus"
          },
          "sensitive_attributes": [],
          "dependencies": [
            "module.catalyst_center.catalystcenter_area.area_0",
            "module.catalyst_center.catalystcenter_area.area_1",
            "module.catalyst_center.catalystcenter_area.area_2",
            "module.catalyst_center.catalystcenter_building.building",
            "module.catalyst_center.catalystcenter_credentials_cli.cli_credentials",
            "module.catalyst_center.catalystcenter_credentials_https_read.https_read_credentials",
            "module.catalyst_center.catalystcenter_credentials_https_write.https_write_credentials",
            "module.catalyst_center.catalystcenter_credentials_snmpv2_read.snmpv2_read_credentials",
            "module.catalyst_center.catalystcenter_credentials_snmpv2_write.snmpv2_write_credentials",
            "module.catalyst_center.catalystcenter_credentials_snmpv3.snmpv3_credentials",
            "module.catalyst_center.catalystcenter_discovery.discovery",
            "module.catalyst_center.catalystcenter_fabric_site.fabric_site",
            "module.catalyst_center.catalystcenter_floor.floor",
            "module.catalyst_center.catalystcenter_ip_pool.ip_pool_v4",
            "module.catalyst_center.catalystcenter_ip_pool.ip_pool_v6",
            "module.catalyst_center.catalystcenter_ip_pool_reservation.pool_reservation",
            "module.catalyst_center.catalystcenter_telemetry_settings.telemetry_settings",
            "module.catalyst_center.data.catalystcenter_area.global",
            "module.catalyst_center.data.catalystcenter_credentials_cli.cli_credentials"
          ]
        },
        {
          "index_key": "Guest",
          "schema_version": 0,
          "attributes": {
            "anchored_site_id": null,
            "fabric_ids": [
              "88062621-4cfd-4644-9aa0-ad72cbd04848",
              "c3a63598-fee0-4f5e-8ccb-005dd7a8f355"
            ],
            "id": "fdd21313-b2ee-48b2-8971-da47d3353c21",
            "virtual_network_name": "Guest"
          },
          "sensitive_attributes": [],
          "dependencies": [
            "module.catalyst_center.catalystcenter_area.area_0",
            "module.catalyst_center.catalystcenter_area.area_1",
            "module.catalyst_center.catalystcenter_area.area_2",
            "module.catalyst_center.catalystcenter_building.building",
            "module.catalyst_center.catalystcenter_credentials_cli.cli_credentials",
            "module.catalyst_center.catalystcenter_credentials_https_read.https_read_credentials",
            "module.catalyst_center.catalystcenter_credentials_https_write.https_write_credentials",
            "module.catalyst_center.catalystcenter_credentials_snmpv2_read.snmpv2_read_credentials",
            "module.catalyst_center.catalystcenter_credentials_snmpv2_write.snmpv2_write_credentials",
            "module.catalyst_center.catalystcenter_credentials_snmpv3.snmpv3_credentials",
            "module.catalyst_center.catalystcenter_discovery.discovery",
            "module.catalyst_center.catalystcenter_fabric_site.fabric_site",
            "module.catalyst_center.catalystcenter_floor.floor",
            "module.catalyst_center.catalystcenter_ip_pool.ip_pool_v4",
            "module.catalyst_center.catalystcenter_ip_pool.ip_pool_v6",
            "module.catalyst_center.catalystcenter_ip_pool_reservation.pool_reservation",
            "module.catalyst_center.catalystcenter_telemetry_settings.telemetry_settings",
            "module.catalyst_center.data.catalystcenter_area.global",
            "module.catalyst_center.data.catalystcenter_credentials_cli.cli_credentials"
          ]
        },
        {
          "index_key": "Printers",
          "schema_version": 0,
          "attributes": {
            "anchored_site_id": null,
            "fabric_ids": [
              "88062621-4cfd-4644-9aa0-ad72cbd04848",
              "c3a63598-fee0-4f5e-8ccb-005dd7a8f355"
            ],
            "id": "fc58af02-7359-43c9-a378-a3dbfd174875",
            "virtual_network_name": "Printers"
          },
          "sensitive_attributes": [],
          "dependencies": [
            "module.catalyst_center.catalystcenter_area.area_0",
            "module.catalyst_center.catalystcenter_area.area_1",
            "module.catalyst_center.catalystcenter_area.area_2",
            "module.catalyst_center.catalystcenter_building.building",
            "module.catalyst_center.catalystcenter_credentials_cli.cli_credentials",
            "module.catalyst_center.catalystcenter_credentials_https_read.https_read_credentials",
            "module.catalyst_center.catalystcenter_credentials_https_write.https_write_credentials",
            "module.catalyst_center.catalystcenter_credentials_snmpv2_read.snmpv2_read_credentials",
            "module.catalyst_center.catalystcenter_credentials_snmpv2_write.snmpv2_write_credentials",
            "module.catalyst_center.catalystcenter_credentials_snmpv3.snmpv3_credentials",
            "module.catalyst_center.catalystcenter_discovery.discovery",
            "module.catalyst_center.catalystcenter_fabric_site.fabric_site",
            "module.catalyst_center.catalystcenter_floor.floor",
            "module.catalyst_center.catalystcenter_ip_pool.ip_pool_v4",
            "module.catalyst_center.catalystcenter_ip_pool.ip_pool_v6",
            "module.catalyst_center.catalystcenter_ip_pool_reservation.pool_reservation",
            "module.catalyst_center.catalystcenter_telemetry_settings.telemetry_settings",
            "module.catalyst_center.data.catalystcenter_area.global",
            "module.catalyst_center.data.catalystcenter_credentials_cli.cli_credentials"
          ]
        }
      ]
    },
    {
      "module": "module.catalyst_center",
      "mode": "managed",
      "type": "catalystcenter_fabric_port_assignment",
      "name": "port_assignments",
      "provider": "provider[\"registry.terraform.io/ciscodevnet/catalystcenter\"]",
      "instances": [
        {
          "index_key": "KRK-DNA-P4-EDGE12.cisco.com",
          "schema_version": 0,
          "attributes": {
            "fabric_id": "88062621-4cfd-4644-9aa0-ad72cbd04848",
            "id": "52fc8677-3c05-430c-8fe3-55f82491946b",
            "network_device_id": "52fc8677-3c05-430c-8fe3-55f82491946b",
            "port_assignments": [
              {
                "authenticate_template_name": "No Authentication",
                "connected_device_type": "USER_DEVICE",
                "data_vlan_name": "192_168_100_0-Campus",
                "fabric_id": "88062621-4cfd-4644-9aa0-ad72cbd04848",
                "id": "5d335491-b3d8-4551-aeda-669f8e2e52de",
                "interface_description": null,
                "interface_name": "GigabitEthernet1/0/1",
                "network_device_id": "52fc8677-3c05-430c-8fe3-55f82491946b",
                "security_group_name": null,
                "voice_vlan_name": null
              }
            ]
          },
          "sensitive_attributes": [],
          "dependencies": [
            "module.catalyst_center.catalystcenter_anycast_gateway.anycast_gateway",
            "module.catalyst_center.catalystcenter_area.area_0",
            "module.catalyst_center.catalystcenter_area.area_1",
            "module.catalyst_center.catalystcenter_area.area_2",
            "module.catalyst_center.catalystcenter_building.building",
            "module.catalyst_center.catalystcenter_credentials_cli.cli_credentials",
            "module.catalyst_center.catalystcenter_credentials_https_read.https_read_credentials",
            "module.catalyst_center.catalystcenter_credentials_https_write.https_write_credentials",
            "module.catalyst_center.catalystcenter_credentials_snmpv2_read.snmpv2_read_credentials",
            "module.catalyst_center.catalystcenter_credentials_snmpv2_write.snmpv2_write_credentials",
            "module.catalyst_center.catalystcenter_credentials_snmpv3.snmpv3_credentials",
            "module.catalyst_center.catalystcenter_device_role.role",
            "module.catalyst_center.catalystcenter_discovery.discovery",
            "module.catalyst_center.catalystcenter_fabric_device.border_device",
            "module.catalyst_center.catalystcenter_fabric_device.edge_device",
            "module.catalyst_center.catalystcenter_fabric_l3_virtual_network.l3_vn",
            "module.catalyst_center.catalystcenter_fabric_provision_device.border_device",
            "module.catalyst_center.catalystcenter_fabric_provision_device.edge_device",
            "module.catalyst_center.catalystcenter_fabric_site.fabric_site",
            "module.catalyst_center.catalystcenter_floor.floor",
            "module.catalyst_center.catalystcenter_ip_pool.ip_pool_v4",
            "module.catalyst_center.catalystcenter_ip_pool.ip_pool_v6",
            "module.catalyst_center.catalystcenter_ip_pool_reservation.pool_reservation",
            "module.catalyst_center.catalystcenter_telemetry_settings.telemetry_settings",
            "module.catalyst_center.data.catalystcenter_area.global",
            "module.catalyst_center.data.catalystcenter_credentials_cli.cli_credentials",
            "module.catalyst_center.data.catalystcenter_network_devices.all_devices"
          ]
        }
      ]
    },
    {
      "module": "module.catalyst_center",
      "mode": "managed",
      "type": "catalystcenter_fabric_provision_device",
      "name": "border_device",
      "provider": "provider[\"registry.terraform.io/ciscodevnet/catalystcenter\"]",
      "instances": [
        {
          "index_key": "KRK-DNA-P4-BORD11.cisco.com",
          "schema_version": 0,
          "attributes": {
            "id": "4d6f97ea-368c-4591-bb3a-e73e4c6bf4eb",
            "network_device_id": "a144a086-750c-4af1-ac57-feab33a69851",
            "reprovision": false,
            "site_id": "ac250a1c-b237-4dce-8bb8-65dd8f4a88c9"
          },
          "sensitive_attributes": [],
          "dependencies": [
            "module.catalyst_center.catalystcenter_area.area_0",
            "module.catalyst_center.catalystcenter_area.area_1",
            "module.catalyst_center.catalystcenter_area.area_2",
            "module.catalyst_center.catalystcenter_building.building",
            "module.catalyst_center.catalystcenter_credentials_cli.cli_credentials",
            "module.catalyst_center.catalystcenter_credentials_https_read.https_read_credentials",
            "module.catalyst_center.catalystcenter_credentials_https_write.https_write_credentials",
            "module.catalyst_center.catalystcenter_credentials_snmpv2_read.snmpv2_read_credentials",
            "module.catalyst_center.catalystcenter_credentials_snmpv2_write.snmpv2_write_credentials",
            "module.catalyst_center.catalystcenter_credentials_snmpv3.snmpv3_credentials",
            "module.catalyst_center.catalystcenter_device_role.role",
            "module.catalyst_center.catalystcenter_discovery.discovery",
            "module.catalyst_center.catalystcenter_floor.floor",
            "module.catalyst_center.data.catalystcenter_credentials_cli.cli_credentials",
            "module.catalyst_center.data.catalystcenter_network_devices.all_devices"
          ]
        },
        {
          "index_key": "KRK-DNA-P4-BORD12.cisco.com",
          "schema_version": 0,
          "attributes": {
            "id": "dd66d835-2ab5-475d-88e1-62ff1df7af67",
            "network_device_id": "541c0acc-d5d2-45b8-94b8-e03e824a799c",
            "reprovision": false,
            "site_id": "ac250a1c-b237-4dce-8bb8-65dd8f4a88c9"
          },
          "sensitive_attributes": [],
          "dependencies": [
            "module.catalyst_center.catalystcenter_area.area_0",
            "module.catalyst_center.catalystcenter_area.area_1",
            "module.catalyst_center.catalystcenter_area.area_2",
            "module.catalyst_center.catalystcenter_building.building",
            "module.catalyst_center.catalystcenter_credentials_cli.cli_credentials",
            "module.catalyst_center.catalystcenter_credentials_https_read.https_read_credentials",
            "module.catalyst_center.catalystcenter_credentials_https_write.https_write_credentials",
            "module.catalyst_center.catalystcenter_credentials_snmpv2_read.snmpv2_read_credentials",
            "module.catalyst_center.catalystcenter_credentials_snmpv2_write.snmpv2_write_credentials",
            "module.catalyst_center.catalystcenter_credentials_snmpv3.snmpv3_credentials",
            "module.catalyst_center.catalystcenter_device_role.role",
            "module.catalyst_center.catalystcenter_discovery.discovery",
            "module.catalyst_center.catalystcenter_floor.floor",
            "module.catalyst_center.data.catalystcenter_credentials_cli.cli_credentials",
            "module.catalyst_center.data.catalystcenter_network_devices.all_devices"
          ]
        }
      ]
    },
    {
      "module": "module.catalyst_center",
      "mode": "managed",
      "type": "catalystcenter_fabric_provision_device",
      "name": "edge_device",
      "provider": "provider[\"registry.terraform.io/ciscodevnet/catalystcenter\"]",
      "instances": [
        {
          "index_key": "KRK-DNA-P4-EDGE11.cisco.com",
          "schema_version": 0,
          "attributes": {
            "id": "775a7ccf-8233-4ce8-b385-5c3f455e20cf",
            "network_device_id": "f954b367-bcde-4995-9640-4bcfc863f5d1",
            "reprovision": false,
            "site_id": "ac250a1c-b237-4dce-8bb8-65dd8f4a88c9"
          },
          "sensitive_attributes": [],
          "dependencies": [
            "module.catalyst_center.catalystcenter_area.area_0",
            "module.catalyst_center.catalystcenter_area.area_1",
            "module.catalyst_center.catalystcenter_area.area_2",
            "module.catalyst_center.catalystcenter_building.building",
            "module.catalyst_center.catalystcenter_credentials_cli.cli_credentials",
            "module.catalyst_center.catalystcenter_credentials_https_read.https_read_credentials",
            "module.catalyst_center.catalystcenter_credentials_https_write.https_write_credentials",
            "module.catalyst_center.catalystcenter_credentials_snmpv2_read.snmpv2_read_credentials",
            "module.catalyst_center.catalystcenter_credentials_snmpv2_write.snmpv2_write_credentials",
            "module.catalyst_center.catalystcenter_credentials_snmpv3.snmpv3_credentials",
            "module.catalyst_center.catalystcenter_device_role.role",
            "module.catalyst_center.catalystcenter_discovery.discovery",
            "module.catalyst_center.catalystcenter_fabric_provision_device.border_device",
            "module.catalyst_center.catalystcenter_floor.floor",
            "module.catalyst_center.data.catalystcenter_credentials_cli.cli_credentials",
            "module.catalyst_center.data.catalystcenter_network_devices.all_devices"
          ]
        },
        {
          "index_key": "KRK-DNA-P4-EDGE12.cisco.com",
          "schema_version": 0,
          "attributes": {
            "id": "fe13f1fe-52aa-423f-aa1d-7feaa5efab64",
            "network_device_id": "52fc8677-3c05-430c-8fe3-55f82491946b",
            "reprovision": false,
            "site_id": "ac250a1c-b237-4dce-8bb8-65dd8f4a88c9"
          },
          "sensitive_attributes": [],
          "dependencies": [
            "module.catalyst_center.catalystcenter_area.area_0",
            "module.catalyst_center.catalystcenter_area.area_1",
            "module.catalyst_center.catalystcenter_area.area_2",
            "module.catalyst_center.catalystcenter_building.building",
            "module.catalyst_center.catalystcenter_credentials_cli.cli_credentials",
            "module.catalyst_center.catalystcenter_credentials_https_read.https_read_credentials",
            "module.catalyst_center.catalystcenter_credentials_https_write.https_write_credentials",
            "module.catalyst_center.catalystcenter_credentials_snmpv2_read.snmpv2_read_credentials",
            "module.catalyst_center.catalystcenter_credentials_snmpv2_write.snmpv2_write_credentials",
            "module.catalyst_center.catalystcenter_credentials_snmpv3.snmpv3_credentials",
            "module.catalyst_center.catalystcenter_device_role.role",
            "module.catalyst_center.catalystcenter_discovery.discovery",
            "module.catalyst_center.catalystcenter_fabric_provision_device.border_device",
            "module.catalyst_center.catalystcenter_floor.floor",
            "module.catalyst_center.data.catalystcenter_credentials_cli.cli_credentials",
            "module.catalyst_center.data.catalystcenter_network_devices.all_devices"
          ]
        }
      ]
    },
    {
      "module": "module.catalyst_center",
      "mode": "managed",
      "type": "catalystcenter_fabric_site",
      "name": "fabric_site",
      "provider": "provider[\"registry.terraform.io/ciscodevnet/catalystcenter\"]",
      "instances": [
        {
          "index_key": "Global/Poland/Krakow",
          "schema_version": 0,
          "attributes": {
            "authentication_profile_name": "No Authentication",
            "id": "88062621-4cfd-4644-9aa0-ad72cbd04848",
            "pub_sub_enabled": true,
            "site_id": "5e9833e6-5578-41f0-b097-16d5a3dc6779"
          },
          "sensitive_attributes": [],
          "dependencies": [
            "module.catalyst_center.catalystcenter_area.area_0",
            "module.catalyst_center.catalystcenter_area.area_1",
            "module.catalyst_center.catalystcenter_area.area_2",
            "module.catalyst_center.catalystcenter_building.building",
            "module.catalyst_center.catalystcenter_credentials_cli.cli_credentials",
            "module.catalyst_center.catalystcenter_credentials_https_read.https_read_credentials",
            "module.catalyst_center.catalystcenter_credentials_https_write.https_write_credentials",
            "module.catalyst_center.catalystcenter_credentials_snmpv2_read.snmpv2_read_credentials",
            "module.catalyst_center.catalystcenter_credentials_snmpv2_write.snmpv2_write_credentials",
            "module.catalyst_center.catalystcenter_credentials_snmpv3.snmpv3_credentials",
            "module.catalyst_center.catalystcenter_discovery.discovery",
            "module.catalyst_center.catalystcenter_floor.floor",
            "module.catalyst_center.catalystcenter_telemetry_settings.telemetry_settings",
            "module.catalyst_center.data.catalystcenter_area.global",
            "module.catalyst_center.data.catalystcenter_credentials_cli.cli_credentials"
          ]
        },
        {
          "index_key": "Global/Poland/Warsaw",
          "schema_version": 0,
          "attributes": {
            "authentication_profile_name": "No Authentication",
            "id": "c3a63598-fee0-4f5e-8ccb-005dd7a8f355",
            "pub_sub_enabled": true,
            "site_id": "7d0673fd-382b-4f74-b4f1-c55f73759261"
          },
          "sensitive_attributes": [],
          "dependencies": [
            "module.catalyst_center.catalystcenter_area.area_0",
            "module.catalyst_center.catalystcenter_area.area_1",
            "module.catalyst_center.catalystcenter_area.area_2",
            "module.catalyst_center.catalystcenter_building.building",
            "module.catalyst_center.catalystcenter_credentials_cli.cli_credentials",
            "module.catalyst_center.catalystcenter_credentials_https_read.https_read_credentials",
            "module.catalyst_center.catalystcenter_credentials_https_write.https_write_credentials",
            "module.catalyst_center.catalystcenter_credentials_snmpv2_read.snmpv2_read_credentials",
            "module.catalyst_center.catalystcenter_credentials_snmpv2_write.snmpv2_write_credentials",
            "module.catalyst_center.catalystcenter_credentials_snmpv3.snmpv3_credentials",
            "module.catalyst_center.catalystcenter_discovery.discovery",
            "module.catalyst_center.catalystcenter_floor.floor",
            "module.catalyst_center.catalystcenter_telemetry_settings.telemetry_settings",
            "module.catalyst_center.data.catalystcenter_area.global",
            "module.catalyst_center.data.catalystcenter_credentials_cli.cli_credentials"
          ]
        }
      ]
    },
    {
      "module": "module.catalyst_center",
      "mode": "managed",
      "type": "catalystcenter_floor",
      "name": "floor",
      "provider": "provider[\"registry.terraform.io/ciscodevnet/catalystcenter\"]",
      "instances": [
        {
          "index_key": "Global/Poland/Krakow/Bld A/FLOOR_1",
          "schema_version": 0,
          "attributes": {
            "floor_number": 1,
            "height": 3,
            "id": "7ae322dd-35ea-4a72-a29f-12fe1c098680",
            "length": 30,
            "name": "FLOOR_1",
            "parent_name": "Global/Poland/Krakow/Bld A",
            "rf_model": "Cubes And Walled Offices",
            "width": 30
          },
          "sensitive_attributes": [],
          "dependencies": [
            "module.catalyst_center.catalystcenter_area.area_0",
            "module.catalyst_center.catalystcenter_area.area_1",
            "module.catalyst_center.catalystcenter_area.area_2",
            "module.catalyst_center.catalystcenter_building.building",
            "module.catalyst_center.catalystcenter_credentials_cli.cli_credentials",
            "module.catalyst_center.catalystcenter_credentials_https_read.https_read_credentials",
            "module.catalyst_center.catalystcenter_credentials_https_write.https_write_credentials",
            "module.catalyst_center.catalystcenter_credentials_snmpv2_read.snmpv2_read_credentials",
            "module.catalyst_center.catalystcenter_credentials_snmpv2_write.snmpv2_write_credentials",
            "module.catalyst_center.catalystcenter_credentials_snmpv3.snmpv3_credentials",
            "module.catalyst_center.catalystcenter_discovery.discovery",
            "module.catalyst_center.data.catalystcenter_credentials_cli.cli_credentials"
          ]
        },
        {
          "index_key": "Global/Poland/Krakow/Bld A/FLOOR_2",
          "schema_version": 0,
          "attributes": {
            "floor_number": 2,
            "height": 3,
            "id": "0186ac52-1d15-43c9-9057-7b89d1eee0d7",
            "length": 30,
            "name": "FLOOR_2",
            "parent_name": "Global/Poland/Krakow/Bld A",
            "rf_model": "Cubes And Walled Offices",
            "width": 30
          },
          "sensitive_attributes": [],
          "dependencies": [
            "module.catalyst_center.catalystcenter_area.area_0",
            "module.catalyst_center.catalystcenter_area.area_1",
            "module.catalyst_center.catalystcenter_area.area_2",
            "module.catalyst_center.catalystcenter_building.building",
            "module.catalyst_center.catalystcenter_credentials_cli.cli_credentials",
            "module.catalyst_center.catalystcenter_credentials_https_read.https_read_credentials",
            "module.catalyst_center.catalystcenter_credentials_https_write.https_write_credentials",
            "module.catalyst_center.catalystcenter_credentials_snmpv2_read.snmpv2_read_credentials",
            "module.catalyst_center.catalystcenter_credentials_snmpv2_write.snmpv2_write_credentials",
            "module.catalyst_center.catalystcenter_credentials_snmpv3.snmpv3_credentials",
            "module.catalyst_center.catalystcenter_discovery.discovery",
            "module.catalyst_center.data.catalystcenter_credentials_cli.cli_credentials"
          ]
        }
      ]
    },
    {
      "module": "module.catalyst_center",
      "mode": "managed",
      "type": "catalystcenter_ip_pool",
      "name": "ip_pool_v4",
      "provider": "provider[\"registry.terraform.io/ciscodevnet/catalystcenter\"]",
      "instances": [
        {
          "index_key": "Overlay",
          "schema_version": 0,
          "attributes": {
            "dhcp_server_ips": null,
            "dns_server_ips": null,
            "gateway": null,
            "id": "aeef9c98-5061-4001-8693-1ae7b2166d25",
            "ip_address_space": "IPv4",
            "ip_subnet": "192.168.0.0/16",
            "name": "Overlay",
            "type": "generic"
          },
          "sensitive_attributes": [],
          "dependencies": [
            "module.catalyst_center.catalystcenter_area.area_0",
            "module.catalyst_center.catalystcenter_area.area_1",
            "module.catalyst_center.catalystcenter_area.area_2",
            "module.catalyst_center.catalystcenter_building.building",
            "module.catalyst_center.catalystcenter_credentials_cli.cli_credentials",
            "module.catalyst_center.catalystcenter_credentials_https_read.https_read_credentials",
            "module.catalyst_center.catalystcenter_credentials_https_write.https_write_credentials",
            "module.catalyst_center.catalystcenter_credentials_snmpv2_read.snmpv2_read_credentials",
            "module.catalyst_center.catalystcenter_credentials_snmpv2_write.snmpv2_write_credentials",
            "module.catalyst_center.catalystcenter_credentials_snmpv3.snmpv3_credentials",
            "module.catalyst_center.catalystcenter_discovery.discovery",
            "module.catalyst_center.catalystcenter_floor.floor",
            "module.catalyst_center.data.catalystcenter_credentials_cli.cli_credentials"
          ]
        }
      ]
    },
    {
      "module": "module.catalyst_center",
      "mode": "managed",
      "type": "catalystcenter_ip_pool",
      "name": "ip_pool_v6",
      "provider": "provider[\"registry.terraform.io/ciscodevnet/catalystcenter\"]",
      "instances": []
    },
    {
      "module": "module.catalyst_center",
      "mode": "managed",
      "type": "catalystcenter_ip_pool_reservation",
      "name": "pool_reservation",
      "provider": "provider[\"registry.terraform.io/ciscodevnet/catalystcenter\"]",
      "instances": [
        {
          "index_key": "BYOD-IPPool",
          "schema_version": 0,
          "attributes": {
            "id": "361a0f6e-7492-4758-9a78-ccbfb6fcfe17",
            "ipv4_dhcp_servers": [
              "198.18.130.11"
            ],
            "ipv4_dns_servers": [
              "198.18.130.11"
            ],
            "ipv4_gateway": "192.168.103.1",
            "ipv4_global_pool": "192.168.0.0/16",
            "ipv4_prefix": true,
            "ipv4_prefix_length": 24,
            "ipv4_subnet": "192.168.103.0",
            "ipv4_total_host": null,
            "ipv6_address_space": false,
            "ipv6_dhcp_servers": null,
            "ipv6_dns_servers": null,
            "ipv6_gateway": null,
            "ipv6_global_pool": null,
            "ipv6_prefix": false,
            "ipv6_prefix_length": null,
            "ipv6_subnet": null,
            "ipv6_total_host": null,
            "name": "BYOD-IPPool",
            "site_id": "5e9833e6-5578-41f0-b097-16d5a3dc6779",
            "slaac_support": null,
            "type": "Generic"
          },
          "sensitive_attributes": [],
          "dependencies": [
            "module.catalyst_center.catalystcenter_area.area_0",
            "module.catalyst_center.catalystcenter_area.area_1",
            "module.catalyst_center.catalystcenter_area.area_2",
            "module.catalyst_center.catalystcenter_building.building",
            "module.catalyst_center.catalystcenter_credentials_cli.cli_credentials",
            "module.catalyst_center.catalystcenter_credentials_https_read.https_read_credentials",
            "module.catalyst_center.catalystcenter_credentials_https_write.https_write_credentials",
            "module.catalyst_center.catalystcenter_credentials_snmpv2_read.snmpv2_read_credentials",
            "module.catalyst_center.catalystcenter_credentials_snmpv2_write.snmpv2_write_credentials",
            "module.catalyst_center.catalystcenter_credentials_snmpv3.snmpv3_credentials",
            "module.catalyst_center.catalystcenter_discovery.discovery",
            "module.catalyst_center.catalystcenter_floor.floor",
            "module.catalyst_center.catalystcenter_ip_pool.ip_pool_v4",
            "module.catalyst_center.catalystcenter_ip_pool.ip_pool_v6",
            "module.catalyst_center.data.catalystcenter_credentials_cli.cli_credentials"
          ]
        },
        {
          "index_key": "BYOD-WAW-IPPool",
          "schema_version": 0,
          "attributes": {
            "id": "586867ef-080a-42b5-a311-26b366fb08b2",
            "ipv4_dhcp_servers": [
              "198.18.130.11"
            ],
            "ipv4_dns_servers": [
              "198.18.130.11"
            ],
            "ipv4_gateway": "192.168.203.1",
            "ipv4_global_pool": "192.168.0.0/16",
            "ipv4_prefix": true,
            "ipv4_prefix_length": 24,
            "ipv4_subnet": "192.168.203.0",
            "ipv4_total_host": null,
            "ipv6_address_space": false,
            "ipv6_dhcp_servers": null,
            "ipv6_dns_servers": null,
            "ipv6_gateway": null,
            "ipv6_global_pool": null,
            "ipv6_prefix": false,
            "ipv6_prefix_length": null,
            "ipv6_subnet": null,
            "ipv6_total_host": null,
            "name": "BYOD-WAW-IPPool",
            "site_id": "7d0673fd-382b-4f74-b4f1-c55f73759261",
            "slaac_support": null,
            "type": "Generic"
          },
          "sensitive_attributes": [],
          "dependencies": [
            "module.catalyst_center.catalystcenter_area.area_0",
            "module.catalyst_center.catalystcenter_area.area_1",
            "module.catalyst_center.catalystcenter_area.area_2",
            "module.catalyst_center.catalystcenter_building.building",
            "module.catalyst_center.catalystcenter_credentials_cli.cli_credentials",
            "module.catalyst_center.catalystcenter_credentials_https_read.https_read_credentials",
            "module.catalyst_center.catalystcenter_credentials_https_write.https_write_credentials",
            "module.catalyst_center.catalystcenter_credentials_snmpv2_read.snmpv2_read_credentials",
            "module.catalyst_center.catalystcenter_credentials_snmpv2_write.snmpv2_write_credentials",
            "module.catalyst_center.catalystcenter_credentials_snmpv3.snmpv3_credentials",
            "module.catalyst_center.catalystcenter_discovery.discovery",
            "module.catalyst_center.catalystcenter_floor.floor",
            "module.catalyst_center.catalystcenter_ip_pool.ip_pool_v4",
            "module.catalyst_center.catalystcenter_ip_pool.ip_pool_v6",
            "module.catalyst_center.data.catalystcenter_credentials_cli.cli_credentials"
          ]
        },
        {
          "index_key": "CampusVN-IPPool",
          "schema_version": 0,
          "attributes": {
            "id": "b680f2bb-5c6a-4c7c-af9b-ca89aff8f617",
            "ipv4_dhcp_servers": [
              "198.18.130.11"
            ],
            "ipv4_dns_servers": [
              "198.18.130.11"
            ],
            "ipv4_gateway": "192.168.100.1",
            "ipv4_global_pool": "192.168.0.0/16",
            "ipv4_prefix": true,
            "ipv4_prefix_length": 24,
            "ipv4_subnet": "192.168.100.0",
            "ipv4_total_host": null,
            "ipv6_address_space": false,
            "ipv6_dhcp_servers": null,
            "ipv6_dns_servers": null,
            "ipv6_gateway": null,
            "ipv6_global_pool": null,
            "ipv6_prefix": false,
            "ipv6_prefix_length": null,
            "ipv6_subnet": null,
            "ipv6_total_host": null,
            "name": "CampusVN-IPPool",
            "site_id": "5e9833e6-5578-41f0-b097-16d5a3dc6779",
            "slaac_support": null,
            "type": "Generic"
          },
          "sensitive_attributes": [],
          "dependencies": [
            "module.catalyst_center.catalystcenter_area.area_0",
            "module.catalyst_center.catalystcenter_area.area_1",
            "module.catalyst_center.catalystcenter_area.area_2",
            "module.catalyst_center.catalystcenter_building.building",
            "module.catalyst_center.catalystcenter_credentials_cli.cli_credentials",
            "module.catalyst_center.catalystcenter_credentials_https_read.https_read_credentials",
            "module.catalyst_center.catalystcenter_credentials_https_write.https_write_credentials",
            "module.catalyst_center.catalystcenter_credentials_snmpv2_read.snmpv2_read_credentials",
            "module.catalyst_center.catalystcenter_credentials_snmpv2_write.snmpv2_write_credentials",
            "module.catalyst_center.catalystcenter_credentials_snmpv3.snmpv3_credentials",
            "module.catalyst_center.catalystcenter_discovery.discovery",
            "module.catalyst_center.catalystcenter_floor.floor",
            "module.catalyst_center.catalystcenter_ip_pool.ip_pool_v4",
            "module.catalyst_center.catalystcenter_ip_pool.ip_pool_v6",
            "module.catalyst_center.data.catalystcenter_credentials_cli.cli_credentials"
          ]
        },
        {
          "index_key": "CampusVN-WAW-IPPool",
          "schema_version": 0,
          "attributes": {
            "id": "1a7a5ad0-f671-4231-8c9d-1f8a8c8999d3",
            "ipv4_dhcp_servers": [
              "198.18.130.11"
            ],
            "ipv4_dns_servers": [
              "198.18.130.11"
            ],
            "ipv4_gateway": "192.168.200.1",
            "ipv4_global_pool": "192.168.0.0/16",
            "ipv4_prefix": true,
            "ipv4_prefix_length": 24,
            "ipv4_subnet": "192.168.200.0",
            "ipv4_total_host": null,
            "ipv6_address_space": false,
            "ipv6_dhcp_servers": null,
            "ipv6_dns_servers": null,
            "ipv6_gateway": null,
            "ipv6_global_pool": null,
            "ipv6_prefix": false,
            "ipv6_prefix_length": null,
            "ipv6_subnet": null,
            "ipv6_total_host": null,
            "name": "CampusVN-WAW-IPPool",
            "site_id": "7d0673fd-382b-4f74-b4f1-c55f73759261",
            "slaac_support": null,
            "type": "Generic"
          },
          "sensitive_attributes": [],
          "dependencies": [
            "module.catalyst_center.catalystcenter_area.area_0",
            "module.catalyst_center.catalystcenter_area.area_1",
            "module.catalyst_center.catalystcenter_area.area_2",
            "module.catalyst_center.catalystcenter_building.building",
            "module.catalyst_center.catalystcenter_credentials_cli.cli_credentials",
            "module.catalyst_center.catalystcenter_credentials_https_read.https_read_credentials",
            "module.catalyst_center.catalystcenter_credentials_https_write.https_write_credentials",
            "module.catalyst_center.catalystcenter_credentials_snmpv2_read.snmpv2_read_credentials",
            "module.catalyst_center.catalystcenter_credentials_snmpv2_write.snmpv2_write_credentials",
            "module.catalyst_center.catalystcenter_credentials_snmpv3.snmpv3_credentials",
            "module.catalyst_center.catalystcenter_discovery.discovery",
            "module.catalyst_center.catalystcenter_floor.floor",
            "module.catalyst_center.catalystcenter_ip_pool.ip_pool_v4",
            "module.catalyst_center.catalystcenter_ip_pool.ip_pool_v6",
            "module.catalyst_center.data.catalystcenter_credentials_cli.cli_credentials"
          ]
        },
        {
          "index_key": "GuestVN-IPPool",
          "schema_version": 0,
          "attributes": {
            "id": "98b362ec-d730-4e88-825c-5d6f8bb016d3",
            "ipv4_dhcp_servers": [
              "198.18.130.11"
            ],
            "ipv4_dns_servers": [
              "198.18.130.11"
            ],
            "ipv4_gateway": "192.168.101.1",
            "ipv4_global_pool": "192.168.0.0/16",
            "ipv4_prefix": true,
            "ipv4_prefix_length": 24,
            "ipv4_subnet": "192.168.101.0",
            "ipv4_total_host": null,
            "ipv6_address_space": false,
            "ipv6_dhcp_servers": null,
            "ipv6_dns_servers": null,
            "ipv6_gateway": null,
            "ipv6_global_pool": null,
            "ipv6_prefix": false,
            "ipv6_prefix_length": null,
            "ipv6_subnet": null,
            "ipv6_total_host": null,
            "name": "GuestVN-IPPool",
            "site_id": "5e9833e6-5578-41f0-b097-16d5a3dc6779",
            "slaac_support": null,
            "type": "Generic"
          },
          "sensitive_attributes": [],
          "dependencies": [
            "module.catalyst_center.catalystcenter_area.area_0",
            "module.catalyst_center.catalystcenter_area.area_1",
            "module.catalyst_center.catalystcenter_area.area_2",
            "module.catalyst_center.catalystcenter_building.building",
            "module.catalyst_center.catalystcenter_credentials_cli.cli_credentials",
            "module.catalyst_center.catalystcenter_credentials_https_read.https_read_credentials",
            "module.catalyst_center.catalystcenter_credentials_https_write.https_write_credentials",
            "module.catalyst_center.catalystcenter_credentials_snmpv2_read.snmpv2_read_credentials",
            "module.catalyst_center.catalystcenter_credentials_snmpv2_write.snmpv2_write_credentials",
            "module.catalyst_center.catalystcenter_credentials_snmpv3.snmpv3_credentials",
            "module.catalyst_center.catalystcenter_discovery.discovery",
            "module.catalyst_center.catalystcenter_floor.floor",
            "module.catalyst_center.catalystcenter_ip_pool.ip_pool_v4",
            "module.catalyst_center.catalystcenter_ip_pool.ip_pool_v6",
            "module.catalyst_center.data.catalystcenter_credentials_cli.cli_credentials"
          ]
        },
        {
          "index_key": "GuestVN-WAW-IPPool",
          "schema_version": 0,
          "attributes": {
            "id": "628666a9-5be6-4240-b579-334afb91c186",
            "ipv4_dhcp_servers": [
              "198.18.130.11"
            ],
            "ipv4_dns_servers": [
              "198.18.130.11"
            ],
            "ipv4_gateway": "192.168.201.1",
            "ipv4_global_pool": "192.168.0.0/16",
            "ipv4_prefix": true,
            "ipv4_prefix_length": 24,
            "ipv4_subnet": "192.168.201.0",
            "ipv4_total_host": null,
            "ipv6_address_space": false,
            "ipv6_dhcp_servers": null,
            "ipv6_dns_servers": null,
            "ipv6_gateway": null,
            "ipv6_global_pool": null,
            "ipv6_prefix": false,
            "ipv6_prefix_length": null,
            "ipv6_subnet": null,
            "ipv6_total_host": null,
            "name": "GuestVN-WAW-IPPool",
            "site_id": "7d0673fd-382b-4f74-b4f1-c55f73759261",
            "slaac_support": null,
            "type": "Generic"
          },
          "sensitive_attributes": [],
          "dependencies": [
            "module.catalyst_center.catalystcenter_area.area_0",
            "module.catalyst_center.catalystcenter_area.area_1",
            "module.catalyst_center.catalystcenter_area.area_2",
            "module.catalyst_center.catalystcenter_building.building",
            "module.catalyst_center.catalystcenter_credentials_cli.cli_credentials",
            "module.catalyst_center.catalystcenter_credentials_https_read.https_read_credentials",
            "module.catalyst_center.catalystcenter_credentials_https_write.https_write_credentials",
            "module.catalyst_center.catalystcenter_credentials_snmpv2_read.snmpv2_read_credentials",
            "module.catalyst_center.catalystcenter_credentials_snmpv2_write.snmpv2_write_credentials",
            "module.catalyst_center.catalystcenter_credentials_snmpv3.snmpv3_credentials",
            "module.catalyst_center.catalystcenter_discovery.discovery",
            "module.catalyst_center.catalystcenter_floor.floor",
            "module.catalyst_center.catalystcenter_ip_pool.ip_pool_v4",
            "module.catalyst_center.catalystcenter_ip_pool.ip_pool_v6",
            "module.catalyst_center.data.catalystcenter_credentials_cli.cli_credentials"
          ]
        },
        {
          "index_key": "PrintersVN-IPPool",
          "schema_version": 0,
          "attributes": {
            "id": "46b0b247-9970-4c6c-a42b-939aa1c61f31",
            "ipv4_dhcp_servers": [
              "198.18.130.11"
            ],
            "ipv4_dns_servers": [
              "198.18.130.11"
            ],
            "ipv4_gateway": "192.168.102.1",
            "ipv4_global_pool": "192.168.0.0/16",
            "ipv4_prefix": true,
            "ipv4_prefix_length": 24,
            "ipv4_subnet": "192.168.102.0",
            "ipv4_total_host": null,
            "ipv6_address_space": false,
            "ipv6_dhcp_servers": null,
            "ipv6_dns_servers": null,
            "ipv6_gateway": null,
            "ipv6_global_pool": null,
            "ipv6_prefix": false,
            "ipv6_prefix_length": null,
            "ipv6_subnet": null,
            "ipv6_total_host": null,
            "name": "PrintersVN-IPPool",
            "site_id": "5e9833e6-5578-41f0-b097-16d5a3dc6779",
            "slaac_support": null,
            "type": "Generic"
          },
          "sensitive_attributes": [],
          "dependencies": [
            "module.catalyst_center.catalystcenter_area.area_0",
            "module.catalyst_center.catalystcenter_area.area_1",
            "module.catalyst_center.catalystcenter_area.area_2",
            "module.catalyst_center.catalystcenter_building.building",
            "module.catalyst_center.catalystcenter_credentials_cli.cli_credentials",
            "module.catalyst_center.catalystcenter_credentials_https_read.https_read_credentials",
            "module.catalyst_center.catalystcenter_credentials_https_write.https_write_credentials",
            "module.catalyst_center.catalystcenter_credentials_snmpv2_read.snmpv2_read_credentials",
            "module.catalyst_center.catalystcenter_credentials_snmpv2_write.snmpv2_write_credentials",
            "module.catalyst_center.catalystcenter_credentials_snmpv3.snmpv3_credentials",
            "module.catalyst_center.catalystcenter_discovery.discovery",
            "module.catalyst_center.catalystcenter_floor.floor",
            "module.catalyst_center.catalystcenter_ip_pool.ip_pool_v4",
            "module.catalyst_center.catalystcenter_ip_pool.ip_pool_v6",
            "module.catalyst_center.data.catalystcenter_credentials_cli.cli_credentials"
          ]
        },
        {
          "index_key": "PrintersVN-WAW-IPPool",
          "schema_version": 0,
          "attributes": {
            "id": "fae9f208-7e49-417f-8d6c-9ebf219047a2",
            "ipv4_dhcp_servers": [
              "198.18.130.11"
            ],
            "ipv4_dns_servers": [
              "198.18.130.11"
            ],
            "ipv4_gateway": "192.168.210.1",
            "ipv4_global_pool": "192.168.0.0/16",
            "ipv4_prefix": true,
            "ipv4_prefix_length": 24,
            "ipv4_subnet": "192.168.210.0",
            "ipv4_total_host": null,
            "ipv6_address_space": false,
            "ipv6_dhcp_servers": null,
            "ipv6_dns_servers": null,
            "ipv6_gateway": null,
            "ipv6_global_pool": null,
            "ipv6_prefix": false,
            "ipv6_prefix_length": null,
            "ipv6_subnet": null,
            "ipv6_total_host": null,
            "name": "PrintersVN-WAW-IPPool",
            "site_id": "7d0673fd-382b-4f74-b4f1-c55f73759261",
            "slaac_support": null,
            "type": "Generic"
          },
          "sensitive_attributes": [],
          "dependencies": [
            "module.catalyst_center.catalystcenter_area.area_0",
            "module.catalyst_center.catalystcenter_area.area_1",
            "module.catalyst_center.catalystcenter_area.area_2",
            "module.catalyst_center.catalystcenter_building.building",
            "module.catalyst_center.catalystcenter_credentials_cli.cli_credentials",
            "module.catalyst_center.catalystcenter_credentials_https_read.https_read_credentials",
            "module.catalyst_center.catalystcenter_credentials_https_write.https_write_credentials",
            "module.catalyst_center.catalystcenter_credentials_snmpv2_read.snmpv2_read_credentials",
            "module.catalyst_center.catalystcenter_credentials_snmpv2_write.snmpv2_write_credentials",
            "module.catalyst_center.catalystcenter_credentials_snmpv3.snmpv3_credentials",
            "module.catalyst_center.catalystcenter_discovery.discovery",
            "module.catalyst_center.catalystcenter_floor.floor",
            "module.catalyst_center.catalystcenter_ip_pool.ip_pool_v4",
            "module.catalyst_center.catalystcenter_ip_pool.ip_pool_v6",
            "module.catalyst_center.data.catalystcenter_credentials_cli.cli_credentials"
          ]
        }
      ]
    },
    {
      "module": "module.catalyst_center",
      "mode": "managed",
      "type": "catalystcenter_lan_automation",
      "name": "lanauto_edge",
      "provider": "provider[\"registry.terraform.io/ciscodevnet/catalystcenter\"]",
      "instances": []
    },
    {
      "module": "module.catalyst_center",
      "mode": "managed",
      "type": "catalystcenter_lan_automation",
      "name": "lanauto_link",
      "provider": "provider[\"registry.terraform.io/ciscodevnet/catalystcenter\"]",
      "instances": []
    },
    {
      "module": "module.catalyst_center",
      "mode": "managed",
      "type": "catalystcenter_network_profile",
      "name": "switching_network_profile",
      "provider": "provider[\"registry.terraform.io/ciscodevnet/catalystcenter\"]",
      "instances": [
        {
          "index_key": "VirtualCat9k",
          "schema_version": 0,
          "attributes": {
            "id": "bd9c392e-307b-4325-a220-be360d075d63",
            "name": "VirtualCat9k",
            "templates": [
              {
                "attributes": [
                  {
                    "template_id": "46eca3f1-ee66-48fe-af90-4dc61744f818"
                  }
                ],
                "type": "cli.templates"
              },
              {
                "attributes": [],
                "type": "day0.templates"
              }
            ],
            "type": "switching"
          },
          "sensitive_attributes": [],
          "dependencies": [
            "module.catalyst_center.catalystcenter_project.project",
            "module.catalyst_center.catalystcenter_template.composite_template",
            "module.catalyst_center.catalystcenter_template.regular_template",
            "module.catalyst_center.data.catalystcenter_project.onboarding",
            "module.catalyst_center.time_sleep.template_wait"
          ]
        }
      ]
    },
    {
      "module": "module.catalyst_center",
      "mode": "managed",
      "type": "catalystcenter_ntp_settings",
      "name": "ntp_servers",
      "provider": "provider[\"registry.terraform.io/ciscodevnet/catalystcenter\"]",
      "instances": []
    },
    {
      "module": "module.catalyst_center",
      "mode": "managed",
      "type": "catalystcenter_pnp_config_preview",
      "name": "config_preview",
      "provider": "provider[\"registry.terraform.io/ciscodevnet/catalystcenter\"]",
      "instances": []
    },
    {
      "module": "module.catalyst_center",
      "mode": "managed",
      "type": "catalystcenter_pnp_device_claim_site",
      "name": "claim_device",
      "provider": "provider[\"registry.terraform.io/ciscodevnet/catalystcenter\"]",
      "instances": []
    },
    {
      "module": "module.catalyst_center",
      "mode": "managed",
      "type": "catalystcenter_pnp_import_devices",
      "name": "pnp_devices",
      "provider": "provider[\"registry.terraform.io/ciscodevnet/catalystcenter\"]",
      "instances": []
    },
    {
      "module": "module.catalyst_center",
      "mode": "managed",
      "type": "catalystcenter_project",
      "name": "project",
      "provider": "provider[\"registry.terraform.io/ciscodevnet/catalystcenter\"]",
      "instances": [
        {
          "index_key": "ProjectCatasCode",
          "schema_version": 0,
          "attributes": {
            "description": null,
            "id": "78d9606a-02aa-43c2-961b-d1e763bcae3a",
            "name": "ProjectCatasCode"
          },
          "sensitive_attributes": []
        },
        {
          "index_key": "VirtualCat9k",
          "schema_version": 0,
          "attributes": {
            "description": null,
            "id": "64f0646a-a594-4717-9531-99421a7ddb6c",
            "name": "VirtualCat9k"
          },
          "sensitive_attributes": []
        }
      ]
    },
    {
      "module": "module.catalyst_center",
      "mode": "managed",
      "type": "catalystcenter_tag",
      "name": "tag",
      "provider": "provider[\"registry.terraform.io/ciscodevnet/catalystcenter\"]",
      "instances": []
    },
    {
      "module": "module.catalyst_center",
      "mode": "managed",
      "type": "catalystcenter_telemetry_settings",
      "name": "telemetry_settings",
      "provider": "provider[\"registry.terraform.io/ciscodevnet/catalystcenter\"]",
      "instances": []
    },
    {
      "module": "module.catalyst_center",
      "mode": "managed",
      "type": "catalystcenter_template",
      "name": "composite_template",
      "provider": "provider[\"registry.terraform.io/ciscodevnet/catalystcenter\"]",
      "instances": []
    },
    {
      "module": "module.catalyst_center",
      "mode": "managed",
      "type": "catalystcenter_template",
      "name": "regular_template",
      "provider": "provider[\"registry.terraform.io/ciscodevnet/catalystcenter\"]",
      "instances": [
        {
          "index_key": "0400_acl_standard_1",
          "schema_version": 0,
          "attributes": {
            "composite": false,
            "containing_templates": null,
            "description": "ACL 1",
            "device_types": [
              {
                "product_family": "Routers",
                "product_series": "Cisco ASR 1000 Series Aggregation Services Routers",
                "product_type": null
              }
            ],
            "id": "cba88a93-49ef-43f3-a5fb-ad57b2b30834",
            "language": "JINJA",
            "name": "0400_acl_standard_1",
            "project_id": "78d9606a-02aa-43c2-961b-d1e763bcae3a",
            "software_type": "IOS-XE",
            "software_variant": null,
            "software_version": null,
            "template_content": "!\n ip access-list standard 1\n  10 remark SNMP-RW\n  10 remark CiscoPrime_TA\n  10 permit 172.18.207.102\n  20 remark CiscoPrime_CA\n  20 permit 172.18.207.103\n  30 remark CiscoPrime_VIP\n  30 permit 172.18.207.105\n  40 remark CiscoPrime_PRE\n  40 permit 172.18.207.106\n  50 remark DNA_PRO\n  50 permit 10.72.192.11\n  60 permit 10.72.192.12\n  70 remark DNA_PRE\n  70 permit 172.18.224.6\n  80 deny   any log\n !",
            "template_params": []
          },
          "sensitive_attributes": [],
          "dependencies": [
            "module.catalyst_center.catalystcenter_project.project",
            "module.catalyst_center.data.catalystcenter_project.onboarding"
          ]
        },
        {
          "index_key": "ACL_Block",
          "schema_version": 0,
          "attributes": {
            "composite": false,
            "containing_templates": null,
            "description": "ACL to block malicious IPs",
            "device_types": [
              {
                "product_family": "Switches and Hubs",
                "product_series": "Cisco Catalyst 9000 Series Virtual Switches",
                "product_type": null
              }
            ],
            "id": "46eca3f1-ee66-48fe-af90-4dc61744f818",
            "language": "JINJA",
            "name": "ACL_Block",
            "project_id": "64f0646a-a594-4717-9531-99421a7ddb6c",
            "software_type": "IOS-XE",
            "software_variant": null,
            "software_version": null,
            "template_content": "ip access-list extended BLOCK_MALICIOUS_IPS\n deny ip any host 123.123.123.123\n deny ip any host 134.134.134.134\n permit ip any any\n!\ninterface {{ interface }}\n ip access-group BLOCK_MALICIOUS_IPS in\n",
            "template_params": []
          },
          "sensitive_attributes": [],
          "dependencies": [
            "module.catalyst_center.catalystcenter_project.project",
            "module.catalyst_center.data.catalystcenter_project.onboarding"
          ]
        }
      ]
    },
    {
      "module": "module.catalyst_center",
      "mode": "managed",
      "type": "catalystcenter_template_version",
      "name": "composite_commit_version",
      "provider": "provider[\"registry.terraform.io/ciscodevnet/catalystcenter\"]",
      "instances": []
    },
    {
      "module": "module.catalyst_center",
      "mode": "managed",
      "type": "catalystcenter_template_version",
      "name": "regular_commit_version",
      "provider": "provider[\"registry.terraform.io/ciscodevnet/catalystcenter\"]",
      "instances": [
        {
          "index_key": "0400_acl_standard_1",
          "schema_version": 0,
          "attributes": {
            "comments": "d79fd57ed6ea63228e96ce7c4e58102d",
            "id": "1a52309a-4b37-453d-a59b-4b1ab96648d4",
            "template_id": "cba88a93-49ef-43f3-a5fb-ad57b2b30834"
          },
          "sensitive_attributes": [],
          "dependencies": [
            "module.catalyst_center.catalystcenter_project.project",
            "module.catalyst_center.catalystcenter_template.regular_template",
            "module.catalyst_center.data.catalystcenter_project.onboarding"
          ]
        },
        {
          "index_key": "ACL_Block",
          "schema_version": 0,
          "attributes": {
            "comments": "5438fad09e3629ac8a8526fe5f14ff42",
            "id": "d13fb4ac-d14e-467c-8030-b13cb7611a1b",
            "template_id": "46eca3f1-ee66-48fe-af90-4dc61744f818"
          },
          "sensitive_attributes": [],
          "dependencies": [
            "module.catalyst_center.catalystcenter_project.project",
            "module.catalyst_center.catalystcenter_template.regular_template",
            "module.catalyst_center.data.catalystcenter_project.onboarding"
          ]
        }
      ]
    },
    {
      "module": "module.catalyst_center",
      "mode": "managed",
      "type": "catalystcenter_timezone_settings",
      "name": "timezone",
      "provider": "provider[\"registry.terraform.io/ciscodevnet/catalystcenter\"]",
      "instances": []
    },
    {
      "module": "module.catalyst_center",
      "mode": "managed",
      "type": "catalystcenter_transit_network",
      "name": "transit",
      "provider": "provider[\"registry.terraform.io/ciscodevnet/catalystcenter\"]",
      "instances": [
        {
          "index_key": "BGP65010",
          "schema_version": 0,
          "attributes": {
            "autonomous_system_number": "65010",
            "control_plane_network_device_ids": null,
            "id": "b64f7e15-b87f-4444-8af7-2d840a330534",
            "is_multicast_over_transit_enabled": null,
            "name": "BGP65010",
            "routing_protocol_name": "BGP",
            "type": "IP_BASED_TRANSIT"
          },
          "sensitive_attributes": []
        }
      ]
    },
    {
      "module": "module.catalyst_center",
      "mode": "managed",
      "type": "catalystcenter_wireless_device_provision",
      "name": "wireless_controller",
      "provider": "provider[\"registry.terraform.io/ciscodevnet/catalystcenter\"]",
      "instances": []
    },
    {
      "module": "module.catalyst_center",
      "mode": "managed",
      "type": "catalystcenter_wireless_profile",
      "name": "wireless_profile",
      "provider": "provider[\"registry.terraform.io/ciscodevnet/catalystcenter\"]",
      "instances": []
    },
    {
      "module": "module.catalyst_center",
      "mode": "managed",
      "type": "catalystcenter_wireless_rf_profile",
      "name": "rf_profile",
      "provider": "provider[\"registry.terraform.io/ciscodevnet/catalystcenter\"]",
      "instances": []
    },
    {
      "module": "module.catalyst_center",
      "mode": "managed",
      "type": "catalystcenter_wireless_ssid",
      "name": "ssid",
      "provider": "provider[\"registry.terraform.io/ciscodevnet/catalystcenter\"]",
      "instances": []
    },
    {
      "module": "module.catalyst_center",
      "mode": "managed",
      "type": "local_sensitive_file",
      "name": "defaults",
      "provider": "provider[\"registry.terraform.io/hashicorp/local\"]",
      "instances": []
    },
    {
      "module": "module.catalyst_center",
      "mode": "managed",
      "type": "terraform_data",
      "name": "validation",
      "provider": "provider[\"terraform.io/builtin/terraform\"]",
      "instances": [
        {
          "schema_version": 0,
          "attributes": {
            "id": "97e067b7-a01d-8427-56ad-921305c3231e",
            "input": null,
            "output": null,
            "triggers_replace": null
          },
          "sensitive_attributes": []
        }
      ]
    },
    {
      "module": "module.catalyst_center",
      "mode": "managed",
      "type": "time_sleep",
      "name": "template_wait",
      "provider": "provider[\"registry.terraform.io/hashicorp/time\"]",
      "instances": [
        {
          "index_key": 0,
          "schema_version": 0,
          "attributes": {
            "create_duration": "10s",
            "destroy_duration": null,
            "id": "2025-04-04T15:30:28Z",
            "triggers": null
          },
          "sensitive_attributes": [],
          "dependencies": [
            "module.catalyst_center.catalystcenter_project.project",
            "module.catalyst_center.catalystcenter_template.regular_template",
            "module.catalyst_center.data.catalystcenter_project.onboarding"
          ]
        }
      ]
    }
  ],
  "check_results": [
    {
      "object_kind": "resource",
      "config_addr": "module.catalyst_center.terraform_data.validation",
      "status": "pass",
      "objects": [
        {
          "object_addr": "module.catalyst_center.terraform_data.validation",
          "status": "pass"
        }
      ]
    }
  ]
}
