{
  "version": 4,
  "terraform_version": "1.10.5",
  "serial": 433,
  "lineage": "332c4ece-4995-490c-0765-b185bf002298",
  "outputs": {},
  "resources": [
    {
      "module": "module.catalyst_center",
      "mode": "data",
      "type": "catalystcenter_area",
      "name": "global",
      "provider": "provider[\"registry.terraform.io/ciscodevnet/catalystcenter\"]",
      "instances": [
        {
          "schema_version": 0,
          "attributes": {
            "id": "3abb944d-550f-4802-b62d-462ae5108cf7",
            "name": "Global",
            "parent_name": null
          },
          "sensitive_attributes": []
        }
      ]
    },
    {
      "module": "module.catalyst_center",
      "mode": "data",
      "type": "catalystcenter_network_devices",
      "name": "all_devices",
      "provider": "provider[\"registry.terraform.io/ciscodevnet/catalystcenter\"]",
      "instances": [
        {
          "schema_version": 0,
          "attributes": {
            "devices": [
              {
                "hostname": "KRK-DNA-P4-BORD11",
                "id": "a144a086-750c-4af1-ac57-feab33a69851",
                "management_ip_address": "192.168.40.3",
                "management_state": "Managed",
                "platform_id": "C9300-24P",
                "role": "BORDER ROUTER",
                "software_type": "IOS-XE"
              },
              {
                "hostname": "KRK-DNA-P4-BORD12",
                "id": "541c0acc-d5d2-45b8-94b8-e03e824a799c",
                "management_ip_address": "192.168.40.2",
                "management_state": "Managed",
                "platform_id": "ISR4321/K9",
                "role": "BORDER ROUTER",
                "software_type": "IOS-XE"
              },
              {
                "hostname": "KRK-DNA-P4-BORD21.cisco.com",
                "id": "18b88e78-bef6-486f-b901-e4082e09a69a",
                "management_ip_address": "192.168.40.4",
                "management_state": "Managed",
                "platform_id": "C9300-24P",
                "role": "ACCESS",
                "software_type": "IOS-XE"
              },
              {
                "hostname": "KRK-DNA-P4-EDGE21.cisco.com",
                "id": "b2edb1e6-678d-493d-9522-1facfeae75bd",
                "management_ip_address": "192.168.40.7",
                "management_state": "Managed",
                "platform_id": "C9300-24P",
                "role": "ACCESS",
                "software_type": "IOS-XE"
              },
              {
                "hostname": "KRK-DNA-P4-FUSION.cisco.com",
                "id": "f1b053cf-5916-4391-b55b-72f745bed6ab",
                "management_ip_address": "192.168.40.1",
                "management_state": "Managed",
                "platform_id": "ISR4321/K9",
                "role": "BORDER ROUTER",
                "software_type": "IOS-XE"
              }
            ]
          },
          "sensitive_attributes": []
        }
      ]
    },
    {
      "module": "module.catalyst_center",
      "mode": "managed",
      "type": "catalystcenter_anycast_gateway",
      "name": "anycast_gateway",
      "provider": "provider[\"registry.terraform.io/ciscodevnet/catalystcenter\"]",
      "instances": [
        {
          "index_key": "PrintersVN-IPPool",
          "schema_version": 0,
          "attributes": {
            "auto_generate_vlan_name": true,
            "critical_pool": null,
            "fabric_id": null,
            "group_based_policy_enforcement_enabled": null,
            "id": "b3a8b6ea-58fb-455d-ba1d-15f3e80e3794",
            "intra_subnet_routing_enabled": null,
            "ip_directed_broadcast": null,
            "ip_pool_name": null,
            "l2_flooding_enabled": null,
            "multiple_ip_to_mac_addresses": null,
            "pool_type": null,
            "security_group_name": null,
            "supplicant_based_extended_node_onboarding": null,
            "tcp_mss_adjustment": null,
            "traffic_type": null,
            "virtual_network_name": null,
            "vlan_id": null,
            "vlan_name": null,
            "wireless_pool": null
          },
          "sensitive_attributes": [],
          "dependencies": [
            "module.catalyst_center.catalystcenter_area.area_0",
            "module.catalyst_center.catalystcenter_area.area_1",
            "module.catalyst_center.catalystcenter_area.area_2",
            "module.catalyst_center.catalystcenter_building.building",
            "module.catalyst_center.catalystcenter_credentials_cli.cli_credentials",
            "module.catalyst_center.catalystcenter_credentials_https_read.https_read_credentials",
            "module.catalyst_center.catalystcenter_credentials_https_write.https_write_credentials",
            "module.catalyst_center.catalystcenter_credentials_snmpv2_read.snmpv2_read_credentials",
            "module.catalyst_center.catalystcenter_credentials_snmpv2_write.snmpv2_write_credentials",
            "module.catalyst_center.catalystcenter_credentials_snmpv3.snmpv3_credentials",
            "module.catalyst_center.catalystcenter_discovery.discovery",
            "module.catalyst_center.catalystcenter_fabric_l3_virtual_network.l3_vn",
            "module.catalyst_center.catalystcenter_fabric_site.fabric_site",
            "module.catalyst_center.catalystcenter_floor.floor",
            "module.catalyst_center.catalystcenter_ip_pool.ip_pool_v4",
            "module.catalyst_center.catalystcenter_ip_pool.ip_pool_v6",
            "module.catalyst_center.catalystcenter_ip_pool_reservation.pool_reservation",
            "module.catalyst_center.catalystcenter_telemetry_settings.telemetry_settings",
            "module.catalyst_center.data.catalystcenter_area.global",
            "module.catalyst_center.data.catalystcenter_credentials_cli.cli_credentials"
          ]
        }
      ]
    },
    {
      "module": "module.catalyst_center",
      "mode": "managed",
      "type": "catalystcenter_area",
      "name": "area_0",
      "provider": "provider[\"registry.terraform.io/ciscodevnet/catalystcenter\"]",
      "instances": [
        {
          "index_key": "Global/Poland",
          "schema_version": 0,
          "attributes": {
            "id": "f858ded2-1b19-4f94-b553-e7cbe2cdafbf",
            "name": "Poland",
            "parent_name": "Global"
          },
          "sensitive_attributes": [],
          "dependencies": [
            "module.catalyst_center.catalystcenter_credentials_cli.cli_credentials",
            "module.catalyst_center.catalystcenter_credentials_https_read.https_read_credentials",
            "module.catalyst_center.catalystcenter_credentials_https_write.https_write_credentials",
            "module.catalyst_center.catalystcenter_credentials_snmpv2_read.snmpv2_read_credentials",
            "module.catalyst_center.catalystcenter_credentials_snmpv2_write.snmpv2_write_credentials",
            "module.catalyst_center.catalystcenter_credentials_snmpv3.snmpv3_credentials",
            "module.catalyst_center.catalystcenter_discovery.discovery",
            "module.catalyst_center.data.catalystcenter_credentials_cli.cli_credentials"
          ]
        }
      ]
    },
    {
      "module": "module.catalyst_center",
      "mode": "managed",
      "type": "catalystcenter_area",
      "name": "area_1",
      "provider": "provider[\"registry.terraform.io/ciscodevnet/catalystcenter\"]",
      "instances": [
        {
          "index_key": "Global/Poland/Krakow",
          "schema_version": 0,
          "attributes": {
            "id": "8b53e3c7-608b-40dc-b5f3-890eeea05b59",
            "name": "Krakow",
            "parent_name": "Global/Poland"
          },
          "sensitive_attributes": [],
          "dependencies": [
            "module.catalyst_center.catalystcenter_area.area_0",
            "module.catalyst_center.catalystcenter_credentials_cli.cli_credentials",
            "module.catalyst_center.catalystcenter_credentials_https_read.https_read_credentials",
            "module.catalyst_center.catalystcenter_credentials_https_write.https_write_credentials",
            "module.catalyst_center.catalystcenter_credentials_snmpv2_read.snmpv2_read_credentials",
            "module.catalyst_center.catalystcenter_credentials_snmpv2_write.snmpv2_write_credentials",
            "module.catalyst_center.catalystcenter_credentials_snmpv3.snmpv3_credentials",
            "module.catalyst_center.catalystcenter_discovery.discovery",
            "module.catalyst_center.data.catalystcenter_credentials_cli.cli_credentials"
          ]
        },
        {
          "index_key": "Global/Poland/Warsaw",
          "schema_version": 0,
          "attributes": {
            "id": "07bab623-f2f5-4837-b16d-d8b5e9ff1152",
            "name": "Warsaw",
            "parent_name": "Global/Poland"
          },
          "sensitive_attributes": [],
          "dependencies": [
            "module.catalyst_center.catalystcenter_area.area_0",
            "module.catalyst_center.catalystcenter_credentials_cli.cli_credentials",
            "module.catalyst_center.catalystcenter_credentials_https_read.https_read_credentials",
            "module.catalyst_center.catalystcenter_credentials_https_write.https_write_credentials",
            "module.catalyst_center.catalystcenter_credentials_snmpv2_read.snmpv2_read_credentials",
            "module.catalyst_center.catalystcenter_credentials_snmpv2_write.snmpv2_write_credentials",
            "module.catalyst_center.catalystcenter_credentials_snmpv3.snmpv3_credentials",
            "module.catalyst_center.catalystcenter_discovery.discovery",
            "module.catalyst_center.data.catalystcenter_credentials_cli.cli_credentials"
          ]
        }
      ]
    },
    {
      "module": "module.catalyst_center",
      "mode": "managed",
      "type": "catalystcenter_building",
      "name": "building",
      "provider": "provider[\"registry.terraform.io/ciscodevnet/catalystcenter\"]",
      "instances": [
        {
          "index_key": "Global/Poland/Krakow/Bld A",
          "schema_version": 0,
          "attributes": {
            "address": null,
            "country": "Poland",
            "id": "d7e4a18b-a38d-4eb1-a152-0b325eef1019",
            "latitude": 50.0623225,
            "longitude": 19.937975,
            "name": "Bld A",
            "parent_name": "Global/Poland/Krakow"
          },
          "sensitive_attributes": [],
          "dependencies": [
            "module.catalyst_center.catalystcenter_area.area_0",
            "module.catalyst_center.catalystcenter_area.area_1",
            "module.catalyst_center.catalystcenter_area.area_2",
            "module.catalyst_center.catalystcenter_credentials_cli.cli_credentials",
            "module.catalyst_center.catalystcenter_credentials_https_read.https_read_credentials",
            "module.catalyst_center.catalystcenter_credentials_https_write.https_write_credentials",
            "module.catalyst_center.catalystcenter_credentials_snmpv2_read.snmpv2_read_credentials",
            "module.catalyst_center.catalystcenter_credentials_snmpv2_write.snmpv2_write_credentials",
            "module.catalyst_center.catalystcenter_credentials_snmpv3.snmpv3_credentials",
            "module.catalyst_center.catalystcenter_discovery.discovery",
            "module.catalyst_center.data.catalystcenter_credentials_cli.cli_credentials"
          ]
        }
      ]
    },
    {
      "module": "module.catalyst_center",
      "mode": "managed",
      "type": "catalystcenter_device_role",
      "name": "role",
      "provider": "provider[\"registry.terraform.io/ciscodevnet/catalystcenter\"]",
      "instances": [
        {
          "index_key": "KRK-DNA-P4-BORD11.cisco.com",
          "schema_version": 0,
          "attributes": {
            "device_id": "a144a086-750c-4af1-ac57-feab33a69851",
            "id": "a144a086-750c-4af1-ac57-feab33a69851",
            "role": "BORDER ROUTER",
            "role_source": "MANUAL"
          },
          "sensitive_attributes": [],
          "dependencies": [
            "module.catalyst_center.catalystcenter_area.area_0",
            "module.catalyst_center.catalystcenter_area.area_1",
            "module.catalyst_center.catalystcenter_area.area_2",
            "module.catalyst_center.catalystcenter_building.building",
            "module.catalyst_center.catalystcenter_credentials_cli.cli_credentials",
            "module.catalyst_center.catalystcenter_credentials_https_read.https_read_credentials",
            "module.catalyst_center.catalystcenter_credentials_https_write.https_write_credentials",
            "module.catalyst_center.catalystcenter_credentials_snmpv2_read.snmpv2_read_credentials",
            "module.catalyst_center.catalystcenter_credentials_snmpv2_write.snmpv2_write_credentials",
            "module.catalyst_center.catalystcenter_credentials_snmpv3.snmpv3_credentials",
            "module.catalyst_center.catalystcenter_discovery.discovery",
            "module.catalyst_center.catalystcenter_floor.floor",
            "module.catalyst_center.data.catalystcenter_credentials_cli.cli_credentials",
            "module.catalyst_center.data.catalystcenter_network_devices.all_devices"
          ]
        },
        {
          "index_key": "KRK-DNA-P4-BORD12.cisco.com",
          "schema_version": 0,
          "attributes": {
            "device_id": "541c0acc-d5d2-45b8-94b8-e03e824a799c",
            "id": "541c0acc-d5d2-45b8-94b8-e03e824a799c",
            "role": "BORDER ROUTER",
            "role_source": "MANUAL"
          },
          "sensitive_attributes": [],
          "dependencies": [
            "module.catalyst_center.catalystcenter_area.area_0",
            "module.catalyst_center.catalystcenter_area.area_1",
            "module.catalyst_center.catalystcenter_area.area_2",
            "module.catalyst_center.catalystcenter_building.building",
            "module.catalyst_center.catalystcenter_credentials_cli.cli_credentials",
            "module.catalyst_center.catalystcenter_credentials_https_read.https_read_credentials",
            "module.catalyst_center.catalystcenter_credentials_https_write.https_write_credentials",
            "module.catalyst_center.catalystcenter_credentials_snmpv2_read.snmpv2_read_credentials",
            "module.catalyst_center.catalystcenter_credentials_snmpv2_write.snmpv2_write_credentials",
            "module.catalyst_center.catalystcenter_credentials_snmpv3.snmpv3_credentials",
            "module.catalyst_center.catalystcenter_discovery.discovery",
            "module.catalyst_center.catalystcenter_floor.floor",
            "module.catalyst_center.data.catalystcenter_credentials_cli.cli_credentials",
            "module.catalyst_center.data.catalystcenter_network_devices.all_devices"
          ]
        },
        {
          "index_key": "KRK-DNA-P4-EDGE11.cisco.com",
          "schema_version": 0,
          "attributes": {
            "device_id": "f954b367-bcde-4995-9640-4bcfc863f5d1",
            "id": "f954b367-bcde-4995-9640-4bcfc863f5d1",
            "role": "ACCESS",
            "role_source": "MANUAL"
          },
          "sensitive_attributes": [],
          "dependencies": [
            "module.catalyst_center.catalystcenter_area.area_0",
            "module.catalyst_center.catalystcenter_area.area_1",
            "module.catalyst_center.catalystcenter_area.area_2",
            "module.catalyst_center.catalystcenter_building.building",
            "module.catalyst_center.catalystcenter_credentials_cli.cli_credentials",
            "module.catalyst_center.catalystcenter_credentials_https_read.https_read_credentials",
            "module.catalyst_center.catalystcenter_credentials_https_write.https_write_credentials",
            "module.catalyst_center.catalystcenter_credentials_snmpv2_read.snmpv2_read_credentials",
            "module.catalyst_center.catalystcenter_credentials_snmpv2_write.snmpv2_write_credentials",
            "module.catalyst_center.catalystcenter_credentials_snmpv3.snmpv3_credentials",
            "module.catalyst_center.catalystcenter_discovery.discovery",
            "module.catalyst_center.catalystcenter_floor.floor",
            "module.catalyst_center.data.catalystcenter_credentials_cli.cli_credentials",
            "module.catalyst_center.data.catalystcenter_network_devices.all_devices"
          ]
        },
        {
          "index_key": "KRK-DNA-P4-EDGE12.cisco.com",
          "schema_version": 0,
          "attributes": {
            "device_id": "52fc8677-3c05-430c-8fe3-55f82491946b",
            "id": "52fc8677-3c05-430c-8fe3-55f82491946b",
            "role": "ACCESS",
            "role_source": "MANUAL"
          },
          "sensitive_attributes": [],
          "dependencies": [
            "module.catalyst_center.catalystcenter_area.area_0",
            "module.catalyst_center.catalystcenter_area.area_1",
            "module.catalyst_center.catalystcenter_area.area_2",
            "module.catalyst_center.catalystcenter_building.building",
            "module.catalyst_center.catalystcenter_credentials_cli.cli_credentials",
            "module.catalyst_center.catalystcenter_credentials_https_read.https_read_credentials",
            "module.catalyst_center.catalystcenter_credentials_https_write.https_write_credentials",
            "module.catalyst_center.catalystcenter_credentials_snmpv2_read.snmpv2_read_credentials",
            "module.catalyst_center.catalystcenter_credentials_snmpv2_write.snmpv2_write_credentials",
            "module.catalyst_center.catalystcenter_credentials_snmpv3.snmpv3_credentials",
            "module.catalyst_center.catalystcenter_discovery.discovery",
            "module.catalyst_center.catalystcenter_floor.floor",
            "module.catalyst_center.data.catalystcenter_credentials_cli.cli_credentials",
            "module.catalyst_center.data.catalystcenter_network_devices.all_devices"
          ]
        }
      ]
    },
    {
      "module": "module.catalyst_center",
      "mode": "managed",
      "type": "catalystcenter_discovery",
      "name": "discovery",
      "provider": "provider[\"registry.terraform.io/ciscodevnet/catalystcenter\"]",
      "instances": [
        {
          "index_key": "Campus_TF",
          "schema_version": 0,
          "attributes": {
            "cdp_level": null,
            "discovery_type": "Range",
            "enable_password_list": null,
            "global_credential_id_list": null,
            "http_read_credential": null,
            "http_write_credential": null,
            "id": "89",
            "ip_address_list": "192.168.40.1-192.168.40.8",
            "ip_filter_list": null,
            "lldp_level": null,
            "name": "Campus_TF",
            "netconf_port": null,
            "password_list": null,
            "preferred_ip_method": "None",
            "protocol_order": "SSH,Telnet",
            "retry": null,
            "snmp_auth_passphrase": null,
            "snmp_auth_protocol": null,
            "snmp_mode": null,
            "snmp_priv_passphrase": null,
            "snmp_priv_protocol": null,
            "snmp_ro_community": null,
            "snmp_ro_community_desc": null,
            "snmp_rw_community": null,
            "snmp_rw_community_desc": null,
            "snmp_user_name": null,
            "snmp_version": null,
            "timeout_seconds": null,
            "user_name_list": null
          },
          "sensitive_attributes": [],
          "dependencies": [
            "module.catalyst_center.data.catalystcenter_credentials_cli.cli_credentials"
          ]
        }
      ]
    },
    {
      "module": "module.catalyst_center",
      "mode": "managed",
      "type": "catalystcenter_fabric_device",
      "name": "border_device",
      "provider": "provider[\"registry.terraform.io/ciscodevnet/catalystcenter\"]",
      "instances": [
        {
          "index_key": "KRK-DNA-P4-BORD11.cisco.com",
          "schema_version": 0,
          "attributes": {
            "border_priority": null,
            "border_types": [
              "LAYER_3"
            ],
            "default_exit": true,
            "device_roles": [
              "BORDER_NODE",
              "CONTROL_PLANE_NODE"
            ],
            "fabric_id": "7b9d7bed-fad8-435b-8e41-3a01d5b0d5e5",
            "id": "1c2984da-58b3-4867-a2df-e64a608b013a",
            "import_external_routes": false,
            "local_autonomous_system_number": "65001",
            "network_device_id": "a144a086-750c-4af1-ac57-feab33a69851",
            "prepend_autonomous_system_count": null
          },
          "sensitive_attributes": [],
          "dependencies": [
            "module.catalyst_center.catalystcenter_area.area_0",
            "module.catalyst_center.catalystcenter_area.area_1",
            "module.catalyst_center.catalystcenter_area.area_2",
            "module.catalyst_center.catalystcenter_building.building",
            "module.catalyst_center.catalystcenter_credentials_cli.cli_credentials",
            "module.catalyst_center.catalystcenter_credentials_https_read.https_read_credentials",
            "module.catalyst_center.catalystcenter_credentials_https_write.https_write_credentials",
            "module.catalyst_center.catalystcenter_credentials_snmpv2_read.snmpv2_read_credentials",
            "module.catalyst_center.catalystcenter_credentials_snmpv2_write.snmpv2_write_credentials",
            "module.catalyst_center.catalystcenter_credentials_snmpv3.snmpv3_credentials",
            "module.catalyst_center.catalystcenter_device_role.role",
            "module.catalyst_center.catalystcenter_discovery.discovery",
            "module.catalyst_center.catalystcenter_fabric_provision_device.border_device",
            "module.catalyst_center.catalystcenter_fabric_site.fabric_site",
            "module.catalyst_center.catalystcenter_floor.floor",
            "module.catalyst_center.catalystcenter_telemetry_settings.telemetry_settings",
            "module.catalyst_center.data.catalystcenter_area.global",
            "module.catalyst_center.data.catalystcenter_credentials_cli.cli_credentials",
            "module.catalyst_center.data.catalystcenter_network_devices.all_devices"
          ]
        },
        {
          "index_key": "KRK-DNA-P4-BORD12.cisco.com",
          "schema_version": 0,
          "attributes": {
            "border_priority": null,
            "border_types": [
              "LAYER_3"
            ],
            "default_exit": true,
            "device_roles": [
              "BORDER_NODE",
              "CONTROL_PLANE_NODE"
            ],
            "fabric_id": "7b9d7bed-fad8-435b-8e41-3a01d5b0d5e5",
            "id": "6a4ac573-72fd-4af2-a76c-1440b1abdea3",
            "import_external_routes": false,
            "local_autonomous_system_number": "65001",
            "network_device_id": "541c0acc-d5d2-45b8-94b8-e03e824a799c",
            "prepend_autonomous_system_count": null
          },
          "sensitive_attributes": [],
          "dependencies": [
            "module.catalyst_center.catalystcenter_area.area_0",
            "module.catalyst_center.catalystcenter_area.area_1",
            "module.catalyst_center.catalystcenter_area.area_2",
            "module.catalyst_center.catalystcenter_building.building",
            "module.catalyst_center.catalystcenter_credentials_cli.cli_credentials",
            "module.catalyst_center.catalystcenter_credentials_https_read.https_read_credentials",
            "module.catalyst_center.catalystcenter_credentials_https_write.https_write_credentials",
            "module.catalyst_center.catalystcenter_credentials_snmpv2_read.snmpv2_read_credentials",
            "module.catalyst_center.catalystcenter_credentials_snmpv2_write.snmpv2_write_credentials",
            "module.catalyst_center.catalystcenter_credentials_snmpv3.snmpv3_credentials",
            "module.catalyst_center.catalystcenter_device_role.role",
            "module.catalyst_center.catalystcenter_discovery.discovery",
            "module.catalyst_center.catalystcenter_fabric_provision_device.border_device",
            "module.catalyst_center.catalystcenter_fabric_site.fabric_site",
            "module.catalyst_center.catalystcenter_floor.floor",
            "module.catalyst_center.catalystcenter_telemetry_settings.telemetry_settings",
            "module.catalyst_center.data.catalystcenter_area.global",
            "module.catalyst_center.data.catalystcenter_credentials_cli.cli_credentials",
            "module.catalyst_center.data.catalystcenter_network_devices.all_devices"
          ]
        }
      ]
    },
    {
      "module": "module.catalyst_center",
      "mode": "managed",
      "type": "catalystcenter_fabric_l3_handoff_ip_transit",
      "name": "l3_handoff_ip_transit",
      "provider": "provider[\"registry.terraform.io/ciscodevnet/catalystcenter\"]",
      "instances": [
        {
          "index_key": "Campus/KRK-DNA-P4-BORD12.cisco.com/BGP65002",
          "schema_version": 0,
          "attributes": {
            "external_connectivity_ip_pool_name": null,
            "fabric_id": null,
            "id": "5ec348a0-d3c1-40d3-a318-6d9cb35416f2",
            "interface_name": null,
            "local_ip_address": null,
            "local_ipv6_address": null,
            "network_device_id": null,
            "remote_ip_address": null,
            "remote_ipv6_address": null,
            "tcp_mss_adjustment": null,
            "transit_network_id": null,
            "virtual_network_name": null,
            "vlan_id": null
          },
          "sensitive_attributes": [],
          "dependencies": [
            "module.catalyst_center.catalystcenter_area.area_0",
            "module.catalyst_center.catalystcenter_area.area_1",
            "module.catalyst_center.catalystcenter_area.area_2",
            "module.catalyst_center.catalystcenter_building.building",
            "module.catalyst_center.catalystcenter_credentials_cli.cli_credentials",
            "module.catalyst_center.catalystcenter_credentials_https_read.https_read_credentials",
            "module.catalyst_center.catalystcenter_credentials_https_write.https_write_credentials",
            "module.catalyst_center.catalystcenter_credentials_snmpv2_read.snmpv2_read_credentials",
            "module.catalyst_center.catalystcenter_credentials_snmpv2_write.snmpv2_write_credentials",
            "module.catalyst_center.catalystcenter_credentials_snmpv3.snmpv3_credentials",
            "module.catalyst_center.catalystcenter_device_role.role",
            "module.catalyst_center.catalystcenter_discovery.discovery",
            "module.catalyst_center.catalystcenter_fabric_device.border_device",
            "module.catalyst_center.catalystcenter_fabric_l3_virtual_network.l3_vn",
            "module.catalyst_center.catalystcenter_fabric_provision_device.border_device",
            "module.catalyst_center.catalystcenter_fabric_site.fabric_site",
            "module.catalyst_center.catalystcenter_floor.floor",
            "module.catalyst_center.catalystcenter_ip_pool.ip_pool_v4",
            "module.catalyst_center.catalystcenter_ip_pool.ip_pool_v6",
            "module.catalyst_center.catalystcenter_ip_pool_reservation.pool_reservation",
            "module.catalyst_center.catalystcenter_telemetry_settings.telemetry_settings",
            "module.catalyst_center.catalystcenter_transit_network.transit",
            "module.catalyst_center.data.catalystcenter_area.global",
            "module.catalyst_center.data.catalystcenter_credentials_cli.cli_credentials",
            "module.catalyst_center.data.catalystcenter_network_devices.all_devices"
          ]
        }
      ]
    },
    {
      "module": "module.catalyst_center",
      "mode": "managed",
      "type": "catalystcenter_fabric_l3_virtual_network",
      "name": "l3_vn",
      "provider": "provider[\"registry.terraform.io/ciscodevnet/catalystcenter\"]",
      "instances": [
        {
          "index_key": "BYOD",
          "schema_version": 0,
          "attributes": {
            "anchored_site_id": null,
            "fabric_ids": [
              "2d9fcba5-1121-4572-94d1-73cece898b8c",
              "7b9d7bed-fad8-435b-8e41-3a01d5b0d5e5"
            ],
            "id": "94a6f3d0-2c67-43de-ab7a-46214fbf8cf3",
            "virtual_network_name": "BYOD"
          },
          "sensitive_attributes": [],
          "dependencies": [
            "module.catalyst_center.catalystcenter_area.area_0",
            "module.catalyst_center.catalystcenter_area.area_1",
            "module.catalyst_center.catalystcenter_area.area_2",
            "module.catalyst_center.catalystcenter_building.building",
            "module.catalyst_center.catalystcenter_credentials_cli.cli_credentials",
            "module.catalyst_center.catalystcenter_credentials_https_read.https_read_credentials",
            "module.catalyst_center.catalystcenter_credentials_https_write.https_write_credentials",
            "module.catalyst_center.catalystcenter_credentials_snmpv2_read.snmpv2_read_credentials",
            "module.catalyst_center.catalystcenter_credentials_snmpv2_write.snmpv2_write_credentials",
            "module.catalyst_center.catalystcenter_credentials_snmpv3.snmpv3_credentials",
            "module.catalyst_center.catalystcenter_discovery.discovery",
            "module.catalyst_center.catalystcenter_fabric_site.fabric_site",
            "module.catalyst_center.catalystcenter_floor.floor",
            "module.catalyst_center.catalystcenter_ip_pool.ip_pool_v4",
            "module.catalyst_center.catalystcenter_ip_pool.ip_pool_v6",
            "module.catalyst_center.catalystcenter_ip_pool_reservation.pool_reservation",
            "module.catalyst_center.catalystcenter_telemetry_settings.telemetry_settings",
            "module.catalyst_center.data.catalystcenter_area.global",
            "module.catalyst_center.data.catalystcenter_credentials_cli.cli_credentials"
          ]
        },
        {
          "index_key": "Campus",
          "schema_version": 0,
          "attributes": {
            "anchored_site_id": null,
            "fabric_ids": [
              "2d9fcba5-1121-4572-94d1-73cece898b8c",
              "7b9d7bed-fad8-435b-8e41-3a01d5b0d5e5"
            ],
            "id": "26909a3f-1ddc-4d23-a997-5e9db22db5c2",
            "virtual_network_name": "Campus"
          },
          "sensitive_attributes": [],
          "dependencies": [
            "module.catalyst_center.catalystcenter_area.area_0",
            "module.catalyst_center.catalystcenter_area.area_1",
            "module.catalyst_center.catalystcenter_area.area_2",
            "module.catalyst_center.catalystcenter_building.building",
            "module.catalyst_center.catalystcenter_credentials_cli.cli_credentials",
            "module.catalyst_center.catalystcenter_credentials_https_read.https_read_credentials",
            "module.catalyst_center.catalystcenter_credentials_https_write.https_write_credentials",
            "module.catalyst_center.catalystcenter_credentials_snmpv2_read.snmpv2_read_credentials",
            "module.catalyst_center.catalystcenter_credentials_snmpv2_write.snmpv2_write_credentials",
            "module.catalyst_center.catalystcenter_credentials_snmpv3.snmpv3_credentials",
            "module.catalyst_center.catalystcenter_discovery.discovery",
            "module.catalyst_center.catalystcenter_fabric_site.fabric_site",
            "module.catalyst_center.catalystcenter_floor.floor",
            "module.catalyst_center.catalystcenter_ip_pool.ip_pool_v4",
            "module.catalyst_center.catalystcenter_ip_pool.ip_pool_v6",
            "module.catalyst_center.catalystcenter_ip_pool_reservation.pool_reservation",
            "module.catalyst_center.catalystcenter_telemetry_settings.telemetry_settings",
            "module.catalyst_center.data.catalystcenter_area.global",
            "module.catalyst_center.data.catalystcenter_credentials_cli.cli_credentials"
          ]
        },
        {
          "index_key": "Guest",
          "schema_version": 0,
          "attributes": {
            "anchored_site_id": null,
            "fabric_ids": [
              "2d9fcba5-1121-4572-94d1-73cece898b8c",
              "7b9d7bed-fad8-435b-8e41-3a01d5b0d5e5"
            ],
            "id": "7cf104b0-1717-414b-a7b4-f7bff8c6115d",
            "virtual_network_name": "Guest"
          },
          "sensitive_attributes": [],
          "dependencies": [
            "module.catalyst_center.catalystcenter_area.area_0",
            "module.catalyst_center.catalystcenter_area.area_1",
            "module.catalyst_center.catalystcenter_area.area_2",
            "module.catalyst_center.catalystcenter_building.building",
            "module.catalyst_center.catalystcenter_credentials_cli.cli_credentials",
            "module.catalyst_center.catalystcenter_credentials_https_read.https_read_credentials",
            "module.catalyst_center.catalystcenter_credentials_https_write.https_write_credentials",
            "module.catalyst_center.catalystcenter_credentials_snmpv2_read.snmpv2_read_credentials",
            "module.catalyst_center.catalystcenter_credentials_snmpv2_write.snmpv2_write_credentials",
            "module.catalyst_center.catalystcenter_credentials_snmpv3.snmpv3_credentials",
            "module.catalyst_center.catalystcenter_discovery.discovery",
            "module.catalyst_center.catalystcenter_fabric_site.fabric_site",
            "module.catalyst_center.catalystcenter_floor.floor",
            "module.catalyst_center.catalystcenter_ip_pool.ip_pool_v4",
            "module.catalyst_center.catalystcenter_ip_pool.ip_pool_v6",
            "module.catalyst_center.catalystcenter_ip_pool_reservation.pool_reservation",
            "module.catalyst_center.catalystcenter_telemetry_settings.telemetry_settings",
            "module.catalyst_center.data.catalystcenter_area.global",
            "module.catalyst_center.data.catalystcenter_credentials_cli.cli_credentials"
          ]
        },
        {
          "index_key": "Printers",
          "schema_version": 0,
          "attributes": {
            "anchored_site_id": null,
            "fabric_ids": [
              "2d9fcba5-1121-4572-94d1-73cece898b8c",
              "7b9d7bed-fad8-435b-8e41-3a01d5b0d5e5"
            ],
            "id": "a39312ae-2b4e-46c5-bd99-bfa52753cee1",
            "virtual_network_name": "Printers"
          },
          "sensitive_attributes": [],
          "dependencies": [
            "module.catalyst_center.catalystcenter_area.area_0",
            "module.catalyst_center.catalystcenter_area.area_1",
            "module.catalyst_center.catalystcenter_area.area_2",
            "module.catalyst_center.catalystcenter_building.building",
            "module.catalyst_center.catalystcenter_credentials_cli.cli_credentials",
            "module.catalyst_center.catalystcenter_credentials_https_read.https_read_credentials",
            "module.catalyst_center.catalystcenter_credentials_https_write.https_write_credentials",
            "module.catalyst_center.catalystcenter_credentials_snmpv2_read.snmpv2_read_credentials",
            "module.catalyst_center.catalystcenter_credentials_snmpv2_write.snmpv2_write_credentials",
            "module.catalyst_center.catalystcenter_credentials_snmpv3.snmpv3_credentials",
            "module.catalyst_center.catalystcenter_discovery.discovery",
            "module.catalyst_center.catalystcenter_fabric_site.fabric_site",
            "module.catalyst_center.catalystcenter_floor.floor",
            "module.catalyst_center.catalystcenter_ip_pool.ip_pool_v4",
            "module.catalyst_center.catalystcenter_ip_pool.ip_pool_v6",
            "module.catalyst_center.catalystcenter_ip_pool_reservation.pool_reservation",
            "module.catalyst_center.catalystcenter_telemetry_settings.telemetry_settings",
            "module.catalyst_center.data.catalystcenter_area.global",
            "module.catalyst_center.data.catalystcenter_credentials_cli.cli_credentials"
          ]
        }
      ]
    },
    {
      "module": "module.catalyst_center",
      "mode": "managed",
      "type": "catalystcenter_fabric_provision_device",
      "name": "border_device",
      "provider": "provider[\"registry.terraform.io/ciscodevnet/catalystcenter\"]",
      "instances": [
        {
          "index_key": "KRK-DNA-P4-BORD11.cisco.com",
          "schema_version": 0,
          "attributes": {
            "id": "1c2984da-58b3-4867-a2df-e64a608b013a",
            "network_device_id": "a144a086-750c-4af1-ac57-feab33a69851",
            "reprovision": false,
            "site_id": "d7e4a18b-a38d-4eb1-a152-0b325eef1019"
          },
          "sensitive_attributes": [],
          "dependencies": [
            "module.catalyst_center.catalystcenter_area.area_0",
            "module.catalyst_center.catalystcenter_area.area_1",
            "module.catalyst_center.catalystcenter_area.area_2",
            "module.catalyst_center.catalystcenter_building.building",
            "module.catalyst_center.catalystcenter_credentials_cli.cli_credentials",
            "module.catalyst_center.catalystcenter_credentials_https_read.https_read_credentials",
            "module.catalyst_center.catalystcenter_credentials_https_write.https_write_credentials",
            "module.catalyst_center.catalystcenter_credentials_snmpv2_read.snmpv2_read_credentials",
            "module.catalyst_center.catalystcenter_credentials_snmpv2_write.snmpv2_write_credentials",
            "module.catalyst_center.catalystcenter_credentials_snmpv3.snmpv3_credentials",
            "module.catalyst_center.catalystcenter_device_role.role",
            "module.catalyst_center.catalystcenter_discovery.discovery",
            "module.catalyst_center.catalystcenter_floor.floor",
            "module.catalyst_center.data.catalystcenter_credentials_cli.cli_credentials",
            "module.catalyst_center.data.catalystcenter_network_devices.all_devices"
          ]
        },
        {
          "index_key": "KRK-DNA-P4-BORD12.cisco.com",
          "schema_version": 0,
          "attributes": {
            "id": "6a4ac573-72fd-4af2-a76c-1440b1abdea3",
            "network_device_id": "541c0acc-d5d2-45b8-94b8-e03e824a799c",
            "reprovision": false,
            "site_id": "d7e4a18b-a38d-4eb1-a152-0b325eef1019"
          },
          "sensitive_attributes": [],
          "dependencies": [
            "module.catalyst_center.catalystcenter_area.area_0",
            "module.catalyst_center.catalystcenter_area.area_1",
            "module.catalyst_center.catalystcenter_area.area_2",
            "module.catalyst_center.catalystcenter_building.building",
            "module.catalyst_center.catalystcenter_credentials_cli.cli_credentials",
            "module.catalyst_center.catalystcenter_credentials_https_read.https_read_credentials",
            "module.catalyst_center.catalystcenter_credentials_https_write.https_write_credentials",
            "module.catalyst_center.catalystcenter_credentials_snmpv2_read.snmpv2_read_credentials",
            "module.catalyst_center.catalystcenter_credentials_snmpv2_write.snmpv2_write_credentials",
            "module.catalyst_center.catalystcenter_credentials_snmpv3.snmpv3_credentials",
            "module.catalyst_center.catalystcenter_device_role.role",
            "module.catalyst_center.catalystcenter_discovery.discovery",
            "module.catalyst_center.catalystcenter_floor.floor",
            "module.catalyst_center.data.catalystcenter_credentials_cli.cli_credentials",
            "module.catalyst_center.data.catalystcenter_network_devices.all_devices"
          ]
        }
      ]
    },
    {
      "module": "module.catalyst_center",
      "mode": "managed",
      "type": "catalystcenter_fabric_site",
      "name": "fabric_site",
      "provider": "provider[\"registry.terraform.io/ciscodevnet/catalystcenter\"]",
      "instances": [
        {
          "index_key": "Global/Poland/Krakow",
          "schema_version": 0,
          "attributes": {
            "authentication_profile_name": "No Authentication",
            "id": "7b9d7bed-fad8-435b-8e41-3a01d5b0d5e5",
            "pub_sub_enabled": true,
            "site_id": "8b53e3c7-608b-40dc-b5f3-890eeea05b59"
          },
          "sensitive_attributes": [],
          "dependencies": [
            "module.catalyst_center.catalystcenter_area.area_0",
            "module.catalyst_center.catalystcenter_area.area_1",
            "module.catalyst_center.catalystcenter_area.area_2",
            "module.catalyst_center.catalystcenter_building.building",
            "module.catalyst_center.catalystcenter_credentials_cli.cli_credentials",
            "module.catalyst_center.catalystcenter_credentials_https_read.https_read_credentials",
            "module.catalyst_center.catalystcenter_credentials_https_write.https_write_credentials",
            "module.catalyst_center.catalystcenter_credentials_snmpv2_read.snmpv2_read_credentials",
            "module.catalyst_center.catalystcenter_credentials_snmpv2_write.snmpv2_write_credentials",
            "module.catalyst_center.catalystcenter_credentials_snmpv3.snmpv3_credentials",
            "module.catalyst_center.catalystcenter_discovery.discovery",
            "module.catalyst_center.catalystcenter_floor.floor",
            "module.catalyst_center.catalystcenter_telemetry_settings.telemetry_settings",
            "module.catalyst_center.data.catalystcenter_area.global",
            "module.catalyst_center.data.catalystcenter_credentials_cli.cli_credentials"
          ]
        },
        {
          "index_key": "Global/Poland/Warsaw",
          "schema_version": 0,
          "attributes": {
            "authentication_profile_name": "No Authentication",
            "id": "2d9fcba5-1121-4572-94d1-73cece898b8c",
            "pub_sub_enabled": true,
            "site_id": "07bab623-f2f5-4837-b16d-d8b5e9ff1152"
          },
          "sensitive_attributes": [],
          "dependencies": [
            "module.catalyst_center.catalystcenter_area.area_0",
            "module.catalyst_center.catalystcenter_area.area_1",
            "module.catalyst_center.catalystcenter_area.area_2",
            "module.catalyst_center.catalystcenter_building.building",
            "module.catalyst_center.catalystcenter_credentials_cli.cli_credentials",
            "module.catalyst_center.catalystcenter_credentials_https_read.https_read_credentials",
            "module.catalyst_center.catalystcenter_credentials_https_write.https_write_credentials",
            "module.catalyst_center.catalystcenter_credentials_snmpv2_read.snmpv2_read_credentials",
            "module.catalyst_center.catalystcenter_credentials_snmpv2_write.snmpv2_write_credentials",
            "module.catalyst_center.catalystcenter_credentials_snmpv3.snmpv3_credentials",
            "module.catalyst_center.catalystcenter_discovery.discovery",
            "module.catalyst_center.catalystcenter_floor.floor",
            "module.catalyst_center.catalystcenter_telemetry_settings.telemetry_settings",
            "module.catalyst_center.data.catalystcenter_area.global",
            "module.catalyst_center.data.catalystcenter_credentials_cli.cli_credentials"
          ]
        }
      ]
    },
    {
      "module": "module.catalyst_center",
      "mode": "managed",
      "type": "catalystcenter_floor",
      "name": "floor",
      "provider": "provider[\"registry.terraform.io/ciscodevnet/catalystcenter\"]",
      "instances": [
        {
          "index_key": "Global/Poland/Krakow/Bld A/FLOOR_1",
          "schema_version": 0,
          "attributes": {
            "floor_number": null,
            "height": 3,
            "id": "a4cba088-1ba8-46ac-aeed-6a118ac76dbc",
            "length": 30,
            "name": "FLOOR_1",
            "parent_name": "Global/Poland/Krakow/Bld A",
            "rf_model": "Cubes And Walled Offices",
            "width": 30
          },
          "sensitive_attributes": [],
          "dependencies": [
            "module.catalyst_center.catalystcenter_area.area_0",
            "module.catalyst_center.catalystcenter_area.area_1",
            "module.catalyst_center.catalystcenter_area.area_2",
            "module.catalyst_center.catalystcenter_building.building",
            "module.catalyst_center.catalystcenter_credentials_cli.cli_credentials",
            "module.catalyst_center.catalystcenter_credentials_https_read.https_read_credentials",
            "module.catalyst_center.catalystcenter_credentials_https_write.https_write_credentials",
            "module.catalyst_center.catalystcenter_credentials_snmpv2_read.snmpv2_read_credentials",
            "module.catalyst_center.catalystcenter_credentials_snmpv2_write.snmpv2_write_credentials",
            "module.catalyst_center.catalystcenter_credentials_snmpv3.snmpv3_credentials",
            "module.catalyst_center.catalystcenter_discovery.discovery",
            "module.catalyst_center.data.catalystcenter_credentials_cli.cli_credentials"
          ]
        },
        {
          "index_key": "Global/Poland/Krakow/Bld A/FLOOR_2",
          "schema_version": 0,
          "attributes": {
            "floor_number": null,
            "height": 3,
            "id": "f4c451ab-59b4-41c4-bd7f-6b3c02bb7b73",
            "length": 30,
            "name": "FLOOR_2",
            "parent_name": "Global/Poland/Krakow/Bld A",
            "rf_model": "Cubes And Walled Offices",
            "width": 30
          },
          "sensitive_attributes": [],
          "dependencies": [
            "module.catalyst_center.catalystcenter_area.area_0",
            "module.catalyst_center.catalystcenter_area.area_1",
            "module.catalyst_center.catalystcenter_area.area_2",
            "module.catalyst_center.catalystcenter_building.building",
            "module.catalyst_center.catalystcenter_credentials_cli.cli_credentials",
            "module.catalyst_center.catalystcenter_credentials_https_read.https_read_credentials",
            "module.catalyst_center.catalystcenter_credentials_https_write.https_write_credentials",
            "module.catalyst_center.catalystcenter_credentials_snmpv2_read.snmpv2_read_credentials",
            "module.catalyst_center.catalystcenter_credentials_snmpv2_write.snmpv2_write_credentials",
            "module.catalyst_center.catalystcenter_credentials_snmpv3.snmpv3_credentials",
            "module.catalyst_center.catalystcenter_discovery.discovery",
            "module.catalyst_center.data.catalystcenter_credentials_cli.cli_credentials"
          ]
        }
      ]
    },
    {
      "module": "module.catalyst_center",
      "mode": "managed",
      "type": "catalystcenter_ip_pool",
      "name": "ip_pool_v4",
      "provider": "provider[\"registry.terraform.io/ciscodevnet/catalystcenter\"]",
      "instances": [
        {
          "index_key": "Overlay",
          "schema_version": 0,
          "attributes": {
            "dhcp_server_ips": null,
            "dns_server_ips": null,
            "gateway": null,
            "id": "0aac9dda-2659-46ba-92bf-89f2a10a68eb",
            "ip_address_space": "IPv4",
            "ip_subnet": "192.168.0.0/16",
            "name": "Overlay",
            "type": "generic"
          },
          "sensitive_attributes": [],
          "dependencies": [
            "module.catalyst_center.catalystcenter_area.area_0",
            "module.catalyst_center.catalystcenter_area.area_1",
            "module.catalyst_center.catalystcenter_area.area_2",
            "module.catalyst_center.catalystcenter_building.building",
            "module.catalyst_center.catalystcenter_credentials_cli.cli_credentials",
            "module.catalyst_center.catalystcenter_credentials_https_read.https_read_credentials",
            "module.catalyst_center.catalystcenter_credentials_https_write.https_write_credentials",
            "module.catalyst_center.catalystcenter_credentials_snmpv2_read.snmpv2_read_credentials",
            "module.catalyst_center.catalystcenter_credentials_snmpv2_write.snmpv2_write_credentials",
            "module.catalyst_center.catalystcenter_credentials_snmpv3.snmpv3_credentials",
            "module.catalyst_center.catalystcenter_discovery.discovery",
            "module.catalyst_center.catalystcenter_floor.floor",
            "module.catalyst_center.data.catalystcenter_credentials_cli.cli_credentials"
          ]
        }
      ]
    },
    {
      "module": "module.catalyst_center",
      "mode": "managed",
      "type": "catalystcenter_ip_pool_reservation",
      "name": "pool_reservation",
      "provider": "provider[\"registry.terraform.io/ciscodevnet/catalystcenter\"]",
      "instances": [
        {
          "index_key": "BYOD-IPPool",
          "schema_version": 0,
          "attributes": {
            "id": "02cb1d8f-a70d-4cf7-88fb-b57fdb62958e",
            "ipv4_dhcp_servers": [
              "198.18.130.11"
            ],
            "ipv4_dns_servers": [
              "198.18.130.11"
            ],
            "ipv4_gateway": "192.168.103.1",
            "ipv4_global_pool": "192.168.0.0/16",
            "ipv4_prefix": true,
            "ipv4_prefix_length": 24,
            "ipv4_subnet": "192.168.103.0",
            "ipv4_total_host": null,
            "ipv6_address_space": false,
            "ipv6_dhcp_servers": null,
            "ipv6_dns_servers": null,
            "ipv6_gateway": null,
            "ipv6_global_pool": null,
            "ipv6_prefix": false,
            "ipv6_prefix_length": null,
            "ipv6_subnet": null,
            "ipv6_total_host": null,
            "name": "BYOD-IPPool",
            "site_id": "8b53e3c7-608b-40dc-b5f3-890eeea05b59",
            "slaac_support": null,
            "type": "Generic"
          },
          "sensitive_attributes": [],
          "dependencies": [
            "module.catalyst_center.catalystcenter_area.area_0",
            "module.catalyst_center.catalystcenter_area.area_1",
            "module.catalyst_center.catalystcenter_area.area_2",
            "module.catalyst_center.catalystcenter_building.building",
            "module.catalyst_center.catalystcenter_credentials_cli.cli_credentials",
            "module.catalyst_center.catalystcenter_credentials_https_read.https_read_credentials",
            "module.catalyst_center.catalystcenter_credentials_https_write.https_write_credentials",
            "module.catalyst_center.catalystcenter_credentials_snmpv2_read.snmpv2_read_credentials",
            "module.catalyst_center.catalystcenter_credentials_snmpv2_write.snmpv2_write_credentials",
            "module.catalyst_center.catalystcenter_credentials_snmpv3.snmpv3_credentials",
            "module.catalyst_center.catalystcenter_discovery.discovery",
            "module.catalyst_center.catalystcenter_floor.floor",
            "module.catalyst_center.catalystcenter_ip_pool.ip_pool_v4",
            "module.catalyst_center.catalystcenter_ip_pool.ip_pool_v6",
            "module.catalyst_center.data.catalystcenter_credentials_cli.cli_credentials"
          ]
        },
        {
          "index_key": "BYOD-WAW-IPPool",
          "schema_version": 0,
          "attributes": {
            "id": "d271bcec-37fd-4640-b5c5-9563a514221f",
            "ipv4_dhcp_servers": [
              "198.18.130.11"
            ],
            "ipv4_dns_servers": [
              "198.18.130.11"
            ],
            "ipv4_gateway": "192.168.203.1",
            "ipv4_global_pool": "192.168.0.0/16",
            "ipv4_prefix": true,
            "ipv4_prefix_length": 24,
            "ipv4_subnet": "192.168.203.0",
            "ipv4_total_host": null,
            "ipv6_address_space": false,
            "ipv6_dhcp_servers": null,
            "ipv6_dns_servers": null,
            "ipv6_gateway": null,
            "ipv6_global_pool": null,
            "ipv6_prefix": false,
            "ipv6_prefix_length": null,
            "ipv6_subnet": null,
            "ipv6_total_host": null,
            "name": "BYOD-WAW-IPPool",
            "site_id": "07bab623-f2f5-4837-b16d-d8b5e9ff1152",
            "slaac_support": null,
            "type": "Generic"
          },
          "sensitive_attributes": [],
          "dependencies": [
            "module.catalyst_center.catalystcenter_area.area_0",
            "module.catalyst_center.catalystcenter_area.area_1",
            "module.catalyst_center.catalystcenter_area.area_2",
            "module.catalyst_center.catalystcenter_building.building",
            "module.catalyst_center.catalystcenter_credentials_cli.cli_credentials",
            "module.catalyst_center.catalystcenter_credentials_https_read.https_read_credentials",
            "module.catalyst_center.catalystcenter_credentials_https_write.https_write_credentials",
            "module.catalyst_center.catalystcenter_credentials_snmpv2_read.snmpv2_read_credentials",
            "module.catalyst_center.catalystcenter_credentials_snmpv2_write.snmpv2_write_credentials",
            "module.catalyst_center.catalystcenter_credentials_snmpv3.snmpv3_credentials",
            "module.catalyst_center.catalystcenter_discovery.discovery",
            "module.catalyst_center.catalystcenter_floor.floor",
            "module.catalyst_center.catalystcenter_ip_pool.ip_pool_v4",
            "module.catalyst_center.catalystcenter_ip_pool.ip_pool_v6",
            "module.catalyst_center.data.catalystcenter_credentials_cli.cli_credentials"
          ]
        },
        {
          "index_key": "CampusVN-IPPool",
          "schema_version": 0,
          "attributes": {
            "id": "86018720-fe09-48ce-a809-abd906902efd",
            "ipv4_dhcp_servers": [
              "198.18.130.11"
            ],
            "ipv4_dns_servers": [
              "198.18.130.11"
            ],
            "ipv4_gateway": "192.168.100.1",
            "ipv4_global_pool": "192.168.0.0/16",
            "ipv4_prefix": true,
            "ipv4_prefix_length": 24,
            "ipv4_subnet": "192.168.100.0",
            "ipv4_total_host": null,
            "ipv6_address_space": false,
            "ipv6_dhcp_servers": null,
            "ipv6_dns_servers": null,
            "ipv6_gateway": null,
            "ipv6_global_pool": null,
            "ipv6_prefix": false,
            "ipv6_prefix_length": null,
            "ipv6_subnet": null,
            "ipv6_total_host": null,
            "name": "CampusVN-IPPool",
            "site_id": "8b53e3c7-608b-40dc-b5f3-890eeea05b59",
            "slaac_support": null,
            "type": "Generic"
          },
          "sensitive_attributes": [],
          "dependencies": [
            "module.catalyst_center.catalystcenter_area.area_0",
            "module.catalyst_center.catalystcenter_area.area_1",
            "module.catalyst_center.catalystcenter_area.area_2",
            "module.catalyst_center.catalystcenter_building.building",
            "module.catalyst_center.catalystcenter_credentials_cli.cli_credentials",
            "module.catalyst_center.catalystcenter_credentials_https_read.https_read_credentials",
            "module.catalyst_center.catalystcenter_credentials_https_write.https_write_credentials",
            "module.catalyst_center.catalystcenter_credentials_snmpv2_read.snmpv2_read_credentials",
            "module.catalyst_center.catalystcenter_credentials_snmpv2_write.snmpv2_write_credentials",
            "module.catalyst_center.catalystcenter_credentials_snmpv3.snmpv3_credentials",
            "module.catalyst_center.catalystcenter_discovery.discovery",
            "module.catalyst_center.catalystcenter_floor.floor",
            "module.catalyst_center.catalystcenter_ip_pool.ip_pool_v4",
            "module.catalyst_center.catalystcenter_ip_pool.ip_pool_v6",
            "module.catalyst_center.data.catalystcenter_credentials_cli.cli_credentials"
          ]
        },
        {
          "index_key": "CampusVN-WAW-IPPool",
          "schema_version": 0,
          "attributes": {
            "id": "7eac1ae6-0c3e-4b02-aec7-11741431a8b5",
            "ipv4_dhcp_servers": [
              "198.18.130.11"
            ],
            "ipv4_dns_servers": [
              "198.18.130.11"
            ],
            "ipv4_gateway": "192.168.200.1",
            "ipv4_global_pool": "192.168.0.0/16",
            "ipv4_prefix": true,
            "ipv4_prefix_length": 24,
            "ipv4_subnet": "192.168.200.0",
            "ipv4_total_host": null,
            "ipv6_address_space": false,
            "ipv6_dhcp_servers": null,
            "ipv6_dns_servers": null,
            "ipv6_gateway": null,
            "ipv6_global_pool": null,
            "ipv6_prefix": false,
            "ipv6_prefix_length": null,
            "ipv6_subnet": null,
            "ipv6_total_host": null,
            "name": "CampusVN-WAW-IPPool",
            "site_id": "07bab623-f2f5-4837-b16d-d8b5e9ff1152",
            "slaac_support": null,
            "type": "Generic"
          },
          "sensitive_attributes": [],
          "dependencies": [
            "module.catalyst_center.catalystcenter_area.area_0",
            "module.catalyst_center.catalystcenter_area.area_1",
            "module.catalyst_center.catalystcenter_area.area_2",
            "module.catalyst_center.catalystcenter_building.building",
            "module.catalyst_center.catalystcenter_credentials_cli.cli_credentials",
            "module.catalyst_center.catalystcenter_credentials_https_read.https_read_credentials",
            "module.catalyst_center.catalystcenter_credentials_https_write.https_write_credentials",
            "module.catalyst_center.catalystcenter_credentials_snmpv2_read.snmpv2_read_credentials",
            "module.catalyst_center.catalystcenter_credentials_snmpv2_write.snmpv2_write_credentials",
            "module.catalyst_center.catalystcenter_credentials_snmpv3.snmpv3_credentials",
            "module.catalyst_center.catalystcenter_discovery.discovery",
            "module.catalyst_center.catalystcenter_floor.floor",
            "module.catalyst_center.catalystcenter_ip_pool.ip_pool_v4",
            "module.catalyst_center.catalystcenter_ip_pool.ip_pool_v6",
            "module.catalyst_center.data.catalystcenter_credentials_cli.cli_credentials"
          ]
        },
        {
          "index_key": "GuestVN-IPPool",
          "schema_version": 0,
          "attributes": {
            "id": "8ec427a9-9eb4-4dc1-8bc6-9283147fc6da",
            "ipv4_dhcp_servers": [
              "198.18.130.11"
            ],
            "ipv4_dns_servers": [
              "198.18.130.11"
            ],
            "ipv4_gateway": "192.168.101.1",
            "ipv4_global_pool": "192.168.0.0/16",
            "ipv4_prefix": true,
            "ipv4_prefix_length": 24,
            "ipv4_subnet": "192.168.101.0",
            "ipv4_total_host": null,
            "ipv6_address_space": false,
            "ipv6_dhcp_servers": null,
            "ipv6_dns_servers": null,
            "ipv6_gateway": null,
            "ipv6_global_pool": null,
            "ipv6_prefix": false,
            "ipv6_prefix_length": null,
            "ipv6_subnet": null,
            "ipv6_total_host": null,
            "name": "GuestVN-IPPool",
            "site_id": "8b53e3c7-608b-40dc-b5f3-890eeea05b59",
            "slaac_support": null,
            "type": "Generic"
          },
          "sensitive_attributes": [],
          "dependencies": [
            "module.catalyst_center.catalystcenter_area.area_0",
            "module.catalyst_center.catalystcenter_area.area_1",
            "module.catalyst_center.catalystcenter_area.area_2",
            "module.catalyst_center.catalystcenter_building.building",
            "module.catalyst_center.catalystcenter_credentials_cli.cli_credentials",
            "module.catalyst_center.catalystcenter_credentials_https_read.https_read_credentials",
            "module.catalyst_center.catalystcenter_credentials_https_write.https_write_credentials",
            "module.catalyst_center.catalystcenter_credentials_snmpv2_read.snmpv2_read_credentials",
            "module.catalyst_center.catalystcenter_credentials_snmpv2_write.snmpv2_write_credentials",
            "module.catalyst_center.catalystcenter_credentials_snmpv3.snmpv3_credentials",
            "module.catalyst_center.catalystcenter_discovery.discovery",
            "module.catalyst_center.catalystcenter_floor.floor",
            "module.catalyst_center.catalystcenter_ip_pool.ip_pool_v4",
            "module.catalyst_center.catalystcenter_ip_pool.ip_pool_v6",
            "module.catalyst_center.data.catalystcenter_credentials_cli.cli_credentials"
          ]
        },
        {
          "index_key": "GuestVN-WAW-IPPool",
          "schema_version": 0,
          "attributes": {
            "id": "b62661d2-dccc-47a3-8f7b-d606bf8d3e42",
            "ipv4_dhcp_servers": [
              "198.18.130.11"
            ],
            "ipv4_dns_servers": [
              "198.18.130.11"
            ],
            "ipv4_gateway": "192.168.201.1",
            "ipv4_global_pool": "192.168.0.0/16",
            "ipv4_prefix": true,
            "ipv4_prefix_length": 24,
            "ipv4_subnet": "192.168.201.0",
            "ipv4_total_host": null,
            "ipv6_address_space": false,
            "ipv6_dhcp_servers": null,
            "ipv6_dns_servers": null,
            "ipv6_gateway": null,
            "ipv6_global_pool": null,
            "ipv6_prefix": false,
            "ipv6_prefix_length": null,
            "ipv6_subnet": null,
            "ipv6_total_host": null,
            "name": "GuestVN-WAW-IPPool",
            "site_id": "07bab623-f2f5-4837-b16d-d8b5e9ff1152",
            "slaac_support": null,
            "type": "Generic"
          },
          "sensitive_attributes": [],
          "dependencies": [
            "module.catalyst_center.catalystcenter_area.area_0",
            "module.catalyst_center.catalystcenter_area.area_1",
            "module.catalyst_center.catalystcenter_area.area_2",
            "module.catalyst_center.catalystcenter_building.building",
            "module.catalyst_center.catalystcenter_credentials_cli.cli_credentials",
            "module.catalyst_center.catalystcenter_credentials_https_read.https_read_credentials",
            "module.catalyst_center.catalystcenter_credentials_https_write.https_write_credentials",
            "module.catalyst_center.catalystcenter_credentials_snmpv2_read.snmpv2_read_credentials",
            "module.catalyst_center.catalystcenter_credentials_snmpv2_write.snmpv2_write_credentials",
            "module.catalyst_center.catalystcenter_credentials_snmpv3.snmpv3_credentials",
            "module.catalyst_center.catalystcenter_discovery.discovery",
            "module.catalyst_center.catalystcenter_floor.floor",
            "module.catalyst_center.catalystcenter_ip_pool.ip_pool_v4",
            "module.catalyst_center.catalystcenter_ip_pool.ip_pool_v6",
            "module.catalyst_center.data.catalystcenter_credentials_cli.cli_credentials"
          ]
        },
        {
          "index_key": "PrintersVN-IPPool",
          "schema_version": 0,
          "attributes": {
            "id": "2cb3ff8e-3edc-42b8-9a2b-91434854e5c1",
            "ipv4_dhcp_servers": [
              "198.18.130.11"
            ],
            "ipv4_dns_servers": [
              "198.18.130.11"
            ],
            "ipv4_gateway": "192.168.102.1",
            "ipv4_global_pool": "192.168.0.0/16",
            "ipv4_prefix": true,
            "ipv4_prefix_length": 24,
            "ipv4_subnet": "192.168.102.0",
            "ipv4_total_host": null,
            "ipv6_address_space": false,
            "ipv6_dhcp_servers": null,
            "ipv6_dns_servers": null,
            "ipv6_gateway": null,
            "ipv6_global_pool": null,
            "ipv6_prefix": false,
            "ipv6_prefix_length": null,
            "ipv6_subnet": null,
            "ipv6_total_host": null,
            "name": "PrintersVN-IPPool",
            "site_id": "8b53e3c7-608b-40dc-b5f3-890eeea05b59",
            "slaac_support": null,
            "type": "Generic"
          },
          "sensitive_attributes": [],
          "dependencies": [
            "module.catalyst_center.catalystcenter_area.area_0",
            "module.catalyst_center.catalystcenter_area.area_1",
            "module.catalyst_center.catalystcenter_area.area_2",
            "module.catalyst_center.catalystcenter_building.building",
            "module.catalyst_center.catalystcenter_credentials_cli.cli_credentials",
            "module.catalyst_center.catalystcenter_credentials_https_read.https_read_credentials",
            "module.catalyst_center.catalystcenter_credentials_https_write.https_write_credentials",
            "module.catalyst_center.catalystcenter_credentials_snmpv2_read.snmpv2_read_credentials",
            "module.catalyst_center.catalystcenter_credentials_snmpv2_write.snmpv2_write_credentials",
            "module.catalyst_center.catalystcenter_credentials_snmpv3.snmpv3_credentials",
            "module.catalyst_center.catalystcenter_discovery.discovery",
            "module.catalyst_center.catalystcenter_floor.floor",
            "module.catalyst_center.catalystcenter_ip_pool.ip_pool_v4",
            "module.catalyst_center.catalystcenter_ip_pool.ip_pool_v6",
            "module.catalyst_center.data.catalystcenter_credentials_cli.cli_credentials"
          ]
        },
        {
          "index_key": "PrintersVN-WAW-IPPool",
          "schema_version": 0,
          "attributes": {
            "id": "8ee01840-8f50-445c-9723-4f793f6e53a4",
            "ipv4_dhcp_servers": [
              "198.18.130.11"
            ],
            "ipv4_dns_servers": [
              "198.18.130.11"
            ],
            "ipv4_gateway": "192.168.210.1",
            "ipv4_global_pool": "192.168.0.0/16",
            "ipv4_prefix": true,
            "ipv4_prefix_length": 24,
            "ipv4_subnet": "192.168.210.0",
            "ipv4_total_host": null,
            "ipv6_address_space": false,
            "ipv6_dhcp_servers": null,
            "ipv6_dns_servers": null,
            "ipv6_gateway": null,
            "ipv6_global_pool": null,
            "ipv6_prefix": false,
            "ipv6_prefix_length": null,
            "ipv6_subnet": null,
            "ipv6_total_host": null,
            "name": "PrintersVN-WAW-IPPool",
            "site_id": "07bab623-f2f5-4837-b16d-d8b5e9ff1152",
            "slaac_support": null,
            "type": "Generic"
          },
          "sensitive_attributes": [],
          "dependencies": [
            "module.catalyst_center.catalystcenter_area.area_0",
            "module.catalyst_center.catalystcenter_area.area_1",
            "module.catalyst_center.catalystcenter_area.area_2",
            "module.catalyst_center.catalystcenter_building.building",
            "module.catalyst_center.catalystcenter_credentials_cli.cli_credentials",
            "module.catalyst_center.catalystcenter_credentials_https_read.https_read_credentials",
            "module.catalyst_center.catalystcenter_credentials_https_write.https_write_credentials",
            "module.catalyst_center.catalystcenter_credentials_snmpv2_read.snmpv2_read_credentials",
            "module.catalyst_center.catalystcenter_credentials_snmpv2_write.snmpv2_write_credentials",
            "module.catalyst_center.catalystcenter_credentials_snmpv3.snmpv3_credentials",
            "module.catalyst_center.catalystcenter_discovery.discovery",
            "module.catalyst_center.catalystcenter_floor.floor",
            "module.catalyst_center.catalystcenter_ip_pool.ip_pool_v4",
            "module.catalyst_center.catalystcenter_ip_pool.ip_pool_v6",
            "module.catalyst_center.data.catalystcenter_credentials_cli.cli_credentials"
          ]
        }
      ]
    },
    {
      "module": "module.catalyst_center",
      "mode": "managed",
      "type": "catalystcenter_transit_network",
      "name": "transit",
      "provider": "provider[\"registry.terraform.io/ciscodevnet/catalystcenter\"]",
      "instances": [
        {
          "index_key": "BGP65002",
          "schema_version": 0,
          "attributes": {
            "autonomous_system_number": "65002",
            "control_plane_network_device_ids": null,
            "id": "4a3e83b2-af65-4576-804e-9fb2b6565b40",
            "is_multicast_over_transit_enabled": null,
            "name": "BGP65002",
            "routing_protocol_name": "BGP",
            "type": "IP_BASED_TRANSIT"
          },
          "sensitive_attributes": []
        }
      ]
    }
  ],
  "check_results": [
    {
      "object_kind": "resource",
      "config_addr": "module.catalyst_center.terraform_data.validation",
      "status": "unknown",
      "objects": null
    }
  ]
}
